// !$*UTF8*$!
{
	archiveVersion = 1;
	classes = {
	};
	objectVersion = 51;
	objects = {

/* Begin PBXBuildFile section */
		CC7CC488D36CE71AEE14FCCC /* Pods_Dayol_iOS.framework in Frameworks */ = {isa = PBXBuildFile; fileRef = F9B784880CAEBCC10F25DE99 /* Pods_Dayol_iOS.framework */; };
		CEF135EA258116EB0098BEC3 /* HomeViewController.swift in Sources */ = {isa = PBXBuildFile; fileRef = CEF135E9258116EB0098BEC3 /* HomeViewController.swift */; };
		CEF135EF25811D130098BEC3 /* Common.xcassets in Resources */ = {isa = PBXBuildFile; fileRef = CEF135EE25811D130098BEC3 /* Common.xcassets */; };
		CEF135F225811DE30098BEC3 /* Assets.swift in Sources */ = {isa = PBXBuildFile; fileRef = CEF135F125811DE30098BEC3 /* Assets.swift */; };
		DA4899E7257A08A6005E39ED /* AppDelegate.swift in Sources */ = {isa = PBXBuildFile; fileRef = DA4899E6257A08A6005E39ED /* AppDelegate.swift */; };
		DA4899F0257A08A8005E39ED /* Assets.xcassets in Resources */ = {isa = PBXBuildFile; fileRef = DA4899EF257A08A8005E39ED /* Assets.xcassets */; };
		DA4899F3257A08A8005E39ED /* LaunchScreen.storyboard in Resources */ = {isa = PBXBuildFile; fileRef = DA4899F1257A08A8005E39ED /* LaunchScreen.storyboard */; };
		DACE3B142587868B0067467B /* PasswordButtonsView.swift in Sources */ = {isa = PBXBuildFile; fileRef = DACE3B132587868B0067467B /* PasswordButtonsView.swift */; };
		DACE3B19258792180067467B /* PasswordTitleView.swift in Sources */ = {isa = PBXBuildFile; fileRef = DACE3B18258792180067467B /* PasswordTitleView.swift */; };
		DACE3B1C25879EE20067467B /* PasswordDisplayedView.swift in Sources */ = {isa = PBXBuildFile; fileRef = DACE3B1B25879EE20067467B /* PasswordDisplayedView.swift */; };
		DACE3B202587AEB90067467B /* PasswordButton.swift in Sources */ = {isa = PBXBuildFile; fileRef = DACE3B1F2587AEB90067467B /* PasswordButton.swift */; };
		DACE3B232587BD1A0067467B /* DXRMbxStd-B.otf in Resources */ = {isa = PBXBuildFile; fileRef = DACE3B222587BD1A0067467B /* DXRMbxStd-B.otf */; };
		DAE29CEB2584F2100028010B /* PasswordViewController.swift in Sources */ = {isa = PBXBuildFile; fileRef = DAE29CEA2584F2100028010B /* PasswordViewController.swift */; };
/* End PBXBuildFile section */

/* Begin PBXFileReference section */
		2D2405592E98948CDE582F1F /* Pods-Dayol-iOS.debug.xcconfig */ = {isa = PBXFileReference; includeInIndex = 1; lastKnownFileType = text.xcconfig; name = "Pods-Dayol-iOS.debug.xcconfig"; path = "Target Support Files/Pods-Dayol-iOS/Pods-Dayol-iOS.debug.xcconfig"; sourceTree = "<group>"; };
		972D81BFA99D271110503E85 /* Pods-Dayol-iOS.release.xcconfig */ = {isa = PBXFileReference; includeInIndex = 1; lastKnownFileType = text.xcconfig; name = "Pods-Dayol-iOS.release.xcconfig"; path = "Target Support Files/Pods-Dayol-iOS/Pods-Dayol-iOS.release.xcconfig"; sourceTree = "<group>"; };
		CEF135E9258116EB0098BEC3 /* HomeViewController.swift */ = {isa = PBXFileReference; lastKnownFileType = sourcecode.swift; path = HomeViewController.swift; sourceTree = "<group>"; };
		CEF135EE25811D130098BEC3 /* Common.xcassets */ = {isa = PBXFileReference; lastKnownFileType = folder.assetcatalog; path = Common.xcassets; sourceTree = "<group>"; };
		CEF135F125811DE30098BEC3 /* Assets.swift */ = {isa = PBXFileReference; lastKnownFileType = sourcecode.swift; path = Assets.swift; sourceTree = "<group>"; };
		DA4899E3257A08A6005E39ED /* DAYOL Beta.app */ = {isa = PBXFileReference; explicitFileType = wrapper.application; includeInIndex = 0; path = "DAYOL Beta.app"; sourceTree = BUILT_PRODUCTS_DIR; };
		DA4899E6257A08A6005E39ED /* AppDelegate.swift */ = {isa = PBXFileReference; lastKnownFileType = sourcecode.swift; path = AppDelegate.swift; sourceTree = "<group>"; };
		DA4899EF257A08A8005E39ED /* Assets.xcassets */ = {isa = PBXFileReference; lastKnownFileType = folder.assetcatalog; path = Assets.xcassets; sourceTree = "<group>"; };
		DA4899F2257A08A8005E39ED /* Base */ = {isa = PBXFileReference; lastKnownFileType = file.storyboard; name = Base; path = Base.lproj/LaunchScreen.storyboard; sourceTree = "<group>"; };
		DA4899F4257A08A8005E39ED /* Info.plist */ = {isa = PBXFileReference; lastKnownFileType = text.plist.xml; path = Info.plist; sourceTree = "<group>"; };
		DACE3B132587868B0067467B /* PasswordButtonsView.swift */ = {isa = PBXFileReference; lastKnownFileType = sourcecode.swift; path = PasswordButtonsView.swift; sourceTree = "<group>"; };
		DACE3B18258792180067467B /* PasswordTitleView.swift */ = {isa = PBXFileReference; lastKnownFileType = sourcecode.swift; path = PasswordTitleView.swift; sourceTree = "<group>"; };
		DACE3B1B25879EE20067467B /* PasswordDisplayedView.swift */ = {isa = PBXFileReference; lastKnownFileType = sourcecode.swift; path = PasswordDisplayedView.swift; sourceTree = "<group>"; };
		DACE3B1F2587AEB90067467B /* PasswordButton.swift */ = {isa = PBXFileReference; lastKnownFileType = sourcecode.swift; path = PasswordButton.swift; sourceTree = "<group>"; };
		DACE3B222587BD1A0067467B /* DXRMbxStd-B.otf */ = {isa = PBXFileReference; lastKnownFileType = file; path = "DXRMbxStd-B.otf"; sourceTree = "<group>"; };
		DAE29CEA2584F2100028010B /* PasswordViewController.swift */ = {isa = PBXFileReference; lastKnownFileType = sourcecode.swift; path = PasswordViewController.swift; sourceTree = "<group>"; };
		F9B784880CAEBCC10F25DE99 /* Pods_Dayol_iOS.framework */ = {isa = PBXFileReference; explicitFileType = wrapper.framework; includeInIndex = 0; path = Pods_Dayol_iOS.framework; sourceTree = BUILT_PRODUCTS_DIR; };
/* End PBXFileReference section */

/* Begin PBXFrameworksBuildPhase section */
		DA4899E0257A08A6005E39ED /* Frameworks */ = {
			isa = PBXFrameworksBuildPhase;
			buildActionMask = 2147483647;
			files = (
				CC7CC488D36CE71AEE14FCCC /* Pods_Dayol_iOS.framework in Frameworks */,
			);
			runOnlyForDeploymentPostprocessing = 0;
		};
/* End PBXFrameworksBuildPhase section */

/* Begin PBXGroup section */
		84E9977FFA5A77108057AB68 /* Frameworks */ = {
			isa = PBXGroup;
			children = (
				F9B784880CAEBCC10F25DE99 /* Pods_Dayol_iOS.framework */,
			);
			name = Frameworks;
			sourceTree = "<group>";
		};
		97879934D128660B8AD5B126 /* Pods */ = {
			isa = PBXGroup;
			children = (
				2D2405592E98948CDE582F1F /* Pods-Dayol-iOS.debug.xcconfig */,
				972D81BFA99D271110503E85 /* Pods-Dayol-iOS.release.xcconfig */,
			);
			path = Pods;
			sourceTree = "<group>";
		};
		CEF135E5258115740098BEC3 /* Resource */ = {
			isa = PBXGroup;
			children = (
				DA4899EF257A08A8005E39ED /* Assets.xcassets */,
				CEF135EE25811D130098BEC3 /* Common.xcassets */,
				DACE3B222587BD1A0067467B /* DXRMbxStd-B.otf */,
				CEF135F125811DE30098BEC3 /* Assets.swift */,
			);
			path = Resource;
			sourceTree = "<group>";
		};
		CEF135E7258115C60098BEC3 /* UI */ = {
			isa = PBXGroup;
			children = (
				CEF135E8258115E30098BEC3 /* Home */,
				DAE29CE92584F1F80028010B /* Password */,
			);
			path = UI;
			sourceTree = "<group>";
		};
		CEF135E8258115E30098BEC3 /* Home */ = {
			isa = PBXGroup;
			children = (
				CEF135E9258116EB0098BEC3 /* HomeViewController.swift */,
			);
			path = Home;
			sourceTree = "<group>";
		};
		DA4899DA257A08A6005E39ED = {
			isa = PBXGroup;
			children = (
				DA4899E5257A08A6005E39ED /* Dayol-iOS */,
				DA4899E4257A08A6005E39ED /* Products */,
				97879934D128660B8AD5B126 /* Pods */,
				84E9977FFA5A77108057AB68 /* Frameworks */,
			);
			sourceTree = "<group>";
		};
		DA4899E4257A08A6005E39ED /* Products */ = {
			isa = PBXGroup;
			children = (
				DA4899E3257A08A6005E39ED /* DAYOL Beta.app */,
			);
			name = Products;
			sourceTree = "<group>";
		};
		DA4899E5257A08A6005E39ED /* Dayol-iOS */ = {
			isa = PBXGroup;
			children = (
				CEF135E7258115C60098BEC3 /* UI */,
				CEF135E5258115740098BEC3 /* Resource */,
				DA4899E6257A08A6005E39ED /* AppDelegate.swift */,
				DA4899F1257A08A8005E39ED /* LaunchScreen.storyboard */,
				DA4899F4257A08A8005E39ED /* Info.plist */,
			);
			path = "Dayol-iOS";
			sourceTree = "<group>";
		};
		DACE3B16258786E40067467B /* View */ = {
			isa = PBXGroup;
			children = (
				DAE29CEA2584F2100028010B /* PasswordViewController.swift */,
				DACE3B18258792180067467B /* PasswordTitleView.swift */,
				DACE3B1B25879EE20067467B /* PasswordDisplayedView.swift */,
				DACE3B132587868B0067467B /* PasswordButtonsView.swift */,
				DACE3B1F2587AEB90067467B /* PasswordButton.swift */,
			);
			path = View;
			sourceTree = "<group>";
		};
		DAE29CE92584F1F80028010B /* Password */ = {
			isa = PBXGroup;
			children = (
				DACE3B16258786E40067467B /* View */,
			);
			path = Password;
			sourceTree = "<group>";
		};
/* End PBXGroup section */

/* Begin PBXNativeTarget section */
		DA4899E2257A08A6005E39ED /* Dayol-iOS */ = {
			isa = PBXNativeTarget;
			buildConfigurationList = DA4899F7257A08A8005E39ED /* Build configuration list for PBXNativeTarget "Dayol-iOS" */;
			buildPhases = (
				EF634B6C55F174AA3DD90320 /* [CP] Check Pods Manifest.lock */,
				DA4899DF257A08A6005E39ED /* Sources */,
				DA4899E0257A08A6005E39ED /* Frameworks */,
				DA4899E1257A08A6005E39ED /* Resources */,
				2BFF8567F230B761710FA6CC /* [CP] Embed Pods Frameworks */,
			);
			buildRules = (
			);
			dependencies = (
			);
			name = "Dayol-iOS";
			productName = Dayol;
			productReference = DA4899E3257A08A6005E39ED /* DAYOL Beta.app */;
			productType = "com.apple.product-type.application";
		};
/* End PBXNativeTarget section */

/* Begin PBXProject section */
		DA4899DB257A08A6005E39ED /* Project object */ = {
			isa = PBXProject;
			attributes = {
				LastSwiftUpdateCheck = 1220;
				LastUpgradeCheck = 1220;
				TargetAttributes = {
					DA4899E2257A08A6005E39ED = {
						CreatedOnToolsVersion = 12.2;
					};
				};
			};
			buildConfigurationList = DA4899DE257A08A6005E39ED /* Build configuration list for PBXProject "Dayol-iOS" */;
			compatibilityVersion = "Xcode 9.3";
			developmentRegion = en;
			hasScannedForEncodings = 0;
			knownRegions = (
				en,
				Base,
			);
			mainGroup = DA4899DA257A08A6005E39ED;
			productRefGroup = DA4899E4257A08A6005E39ED /* Products */;
			projectDirPath = "";
			projectRoot = "";
			targets = (
				DA4899E2257A08A6005E39ED /* Dayol-iOS */,
			);
		};
/* End PBXProject section */

/* Begin PBXResourcesBuildPhase section */
		DA4899E1257A08A6005E39ED /* Resources */ = {
			isa = PBXResourcesBuildPhase;
			buildActionMask = 2147483647;
			files = (
				DA4899F3257A08A8005E39ED /* LaunchScreen.storyboard in Resources */,
				DACE3B232587BD1A0067467B /* DXRMbxStd-B.otf in Resources */,
				DA4899F0257A08A8005E39ED /* Assets.xcassets in Resources */,
				CEF135EF25811D130098BEC3 /* Common.xcassets in Resources */,
			);
			runOnlyForDeploymentPostprocessing = 0;
		};
/* End PBXResourcesBuildPhase section */

/* Begin PBXShellScriptBuildPhase section */
		2BFF8567F230B761710FA6CC /* [CP] Embed Pods Frameworks */ = {
			isa = PBXShellScriptBuildPhase;
			buildActionMask = 2147483647;
			files = (
			);
			inputFileListPaths = (
				"${PODS_ROOT}/Target Support Files/Pods-Dayol-iOS/Pods-Dayol-iOS-frameworks-${CONFIGURATION}-input-files.xcfilelist",
			);
			name = "[CP] Embed Pods Frameworks";
			outputFileListPaths = (
				"${PODS_ROOT}/Target Support Files/Pods-Dayol-iOS/Pods-Dayol-iOS-frameworks-${CONFIGURATION}-output-files.xcfilelist",
			);
			runOnlyForDeploymentPostprocessing = 0;
			shellPath = /bin/sh;
			shellScript = "\"${PODS_ROOT}/Target Support Files/Pods-Dayol-iOS/Pods-Dayol-iOS-frameworks.sh\"\n";
			showEnvVarsInLog = 0;
		};
		EF634B6C55F174AA3DD90320 /* [CP] Check Pods Manifest.lock */ = {
			isa = PBXShellScriptBuildPhase;
			buildActionMask = 2147483647;
			files = (
			);
			inputFileListPaths = (
			);
			inputPaths = (
				"${PODS_PODFILE_DIR_PATH}/Podfile.lock",
				"${PODS_ROOT}/Manifest.lock",
			);
			name = "[CP] Check Pods Manifest.lock";
			outputFileListPaths = (
			);
			outputPaths = (
				"$(DERIVED_FILE_DIR)/Pods-Dayol-iOS-checkManifestLockResult.txt",
			);
			runOnlyForDeploymentPostprocessing = 0;
			shellPath = /bin/sh;
			shellScript = "diff \"${PODS_PODFILE_DIR_PATH}/Podfile.lock\" \"${PODS_ROOT}/Manifest.lock\" > /dev/null\nif [ $? != 0 ] ; then\n    # print error to STDERR\n    echo \"error: The sandbox is not in sync with the Podfile.lock. Run 'pod install' or update your CocoaPods installation.\" >&2\n    exit 1\nfi\n# This output is used by Xcode 'outputs' to avoid re-running this script phase.\necho \"SUCCESS\" > \"${SCRIPT_OUTPUT_FILE_0}\"\n";
			showEnvVarsInLog = 0;
		};
/* End PBXShellScriptBuildPhase section */

/* Begin PBXSourcesBuildPhase section */
		DA4899DF257A08A6005E39ED /* Sources */ = {
			isa = PBXSourcesBuildPhase;
			buildActionMask = 2147483647;
			files = (
				CEF135F225811DE30098BEC3 /* Assets.swift in Sources */,
				DAE29CEB2584F2100028010B /* PasswordViewController.swift in Sources */,
				DA4899E7257A08A6005E39ED /* AppDelegate.swift in Sources */,
				CEF135EA258116EB0098BEC3 /* HomeViewController.swift in Sources */,
				DACE3B19258792180067467B /* PasswordTitleView.swift in Sources */,
				DACE3B142587868B0067467B /* PasswordButtonsView.swift in Sources */,
				DACE3B202587AEB90067467B /* PasswordButton.swift in Sources */,
				DACE3B1C25879EE20067467B /* PasswordDisplayedView.swift in Sources */,
			);
			runOnlyForDeploymentPostprocessing = 0;
		};
/* End PBXSourcesBuildPhase section */

/* Begin PBXVariantGroup section */
		DA4899F1257A08A8005E39ED /* LaunchScreen.storyboard */ = {
			isa = PBXVariantGroup;
			children = (
				DA4899F2257A08A8005E39ED /* Base */,
			);
			name = LaunchScreen.storyboard;
			sourceTree = "<group>";
		};
/* End PBXVariantGroup section */

/* Begin XCBuildConfiguration section */
		DA4899F5257A08A8005E39ED /* Debug */ = {
			isa = XCBuildConfiguration;
			buildSettings = {
				ALWAYS_SEARCH_USER_PATHS = NO;
				CLANG_ANALYZER_NONNULL = YES;
				CLANG_ANALYZER_NUMBER_OBJECT_CONVERSION = YES_AGGRESSIVE;
				CLANG_CXX_LANGUAGE_STANDARD = "gnu++14";
				CLANG_CXX_LIBRARY = "libc++";
				CLANG_ENABLE_MODULES = YES;
				CLANG_ENABLE_OBJC_ARC = YES;
				CLANG_ENABLE_OBJC_WEAK = YES;
				CLANG_WARN_BLOCK_CAPTURE_AUTORELEASING = YES;
				CLANG_WARN_BOOL_CONVERSION = YES;
				CLANG_WARN_COMMA = YES;
				CLANG_WARN_CONSTANT_CONVERSION = YES;
				CLANG_WARN_DEPRECATED_OBJC_IMPLEMENTATIONS = YES;
				CLANG_WARN_DIRECT_OBJC_ISA_USAGE = YES_ERROR;
				CLANG_WARN_DOCUMENTATION_COMMENTS = YES;
				CLANG_WARN_EMPTY_BODY = YES;
				CLANG_WARN_ENUM_CONVERSION = YES;
				CLANG_WARN_INFINITE_RECURSION = YES;
				CLANG_WARN_INT_CONVERSION = YES;
				CLANG_WARN_NON_LITERAL_NULL_CONVERSION = YES;
				CLANG_WARN_OBJC_IMPLICIT_RETAIN_SELF = YES;
				CLANG_WARN_OBJC_LITERAL_CONVERSION = YES;
				CLANG_WARN_OBJC_ROOT_CLASS = YES_ERROR;
				CLANG_WARN_QUOTED_INCLUDE_IN_FRAMEWORK_HEADER = YES;
				CLANG_WARN_RANGE_LOOP_ANALYSIS = YES;
				CLANG_WARN_STRICT_PROTOTYPES = YES;
				CLANG_WARN_SUSPICIOUS_MOVE = YES;
				CLANG_WARN_UNGUARDED_AVAILABILITY = YES_AGGRESSIVE;
				CLANG_WARN_UNREACHABLE_CODE = YES;
				CLANG_WARN__DUPLICATE_METHOD_MATCH = YES;
				COPY_PHASE_STRIP = NO;
				DEBUG_INFORMATION_FORMAT = dwarf;
				ENABLE_STRICT_OBJC_MSGSEND = YES;
				ENABLE_TESTABILITY = YES;
				GCC_C_LANGUAGE_STANDARD = gnu11;
				GCC_DYNAMIC_NO_PIC = NO;
				GCC_NO_COMMON_BLOCKS = YES;
				GCC_OPTIMIZATION_LEVEL = 0;
				GCC_PREPROCESSOR_DEFINITIONS = (
					"DEBUG=1",
					"$(inherited)",
				);
				GCC_WARN_64_TO_32_BIT_CONVERSION = YES;
				GCC_WARN_ABOUT_RETURN_TYPE = YES_ERROR;
				GCC_WARN_UNDECLARED_SELECTOR = YES;
				GCC_WARN_UNINITIALIZED_AUTOS = YES_AGGRESSIVE;
				GCC_WARN_UNUSED_FUNCTION = YES;
				GCC_WARN_UNUSED_VARIABLE = YES;
				IPHONEOS_DEPLOYMENT_TARGET = 12.0;
				MTL_ENABLE_DEBUG_INFO = INCLUDE_SOURCE;
				MTL_FAST_MATH = YES;
				ONLY_ACTIVE_ARCH = YES;
				SDKROOT = iphoneos;
				SWIFT_ACTIVE_COMPILATION_CONDITIONS = DEBUG;
				SWIFT_OPTIMIZATION_LEVEL = "-Onone";
			};
			name = Debug;
		};
		DA4899F6257A08A8005E39ED /* Release */ = {
			isa = XCBuildConfiguration;
			buildSettings = {
				ALWAYS_SEARCH_USER_PATHS = NO;
				CLANG_ANALYZER_NONNULL = YES;
				CLANG_ANALYZER_NUMBER_OBJECT_CONVERSION = YES_AGGRESSIVE;
				CLANG_CXX_LANGUAGE_STANDARD = "gnu++14";
				CLANG_CXX_LIBRARY = "libc++";
				CLANG_ENABLE_MODULES = YES;
				CLANG_ENABLE_OBJC_ARC = YES;
				CLANG_ENABLE_OBJC_WEAK = YES;
				CLANG_WARN_BLOCK_CAPTURE_AUTORELEASING = YES;
				CLANG_WARN_BOOL_CONVERSION = YES;
				CLANG_WARN_COMMA = YES;
				CLANG_WARN_CONSTANT_CONVERSION = YES;
				CLANG_WARN_DEPRECATED_OBJC_IMPLEMENTATIONS = YES;
				CLANG_WARN_DIRECT_OBJC_ISA_USAGE = YES_ERROR;
				CLANG_WARN_DOCUMENTATION_COMMENTS = YES;
				CLANG_WARN_EMPTY_BODY = YES;
				CLANG_WARN_ENUM_CONVERSION = YES;
				CLANG_WARN_INFINITE_RECURSION = YES;
				CLANG_WARN_INT_CONVERSION = YES;
				CLANG_WARN_NON_LITERAL_NULL_CONVERSION = YES;
				CLANG_WARN_OBJC_IMPLICIT_RETAIN_SELF = YES;
				CLANG_WARN_OBJC_LITERAL_CONVERSION = YES;
				CLANG_WARN_OBJC_ROOT_CLASS = YES_ERROR;
				CLANG_WARN_QUOTED_INCLUDE_IN_FRAMEWORK_HEADER = YES;
				CLANG_WARN_RANGE_LOOP_ANALYSIS = YES;
				CLANG_WARN_STRICT_PROTOTYPES = YES;
				CLANG_WARN_SUSPICIOUS_MOVE = YES;
				CLANG_WARN_UNGUARDED_AVAILABILITY = YES_AGGRESSIVE;
				CLANG_WARN_UNREACHABLE_CODE = YES;
				CLANG_WARN__DUPLICATE_METHOD_MATCH = YES;
				COPY_PHASE_STRIP = NO;
				DEBUG_INFORMATION_FORMAT = "dwarf-with-dsym";
				ENABLE_NS_ASSERTIONS = NO;
				ENABLE_STRICT_OBJC_MSGSEND = YES;
				GCC_C_LANGUAGE_STANDARD = gnu11;
				GCC_NO_COMMON_BLOCKS = YES;
				GCC_WARN_64_TO_32_BIT_CONVERSION = YES;
				GCC_WARN_ABOUT_RETURN_TYPE = YES_ERROR;
				GCC_WARN_UNDECLARED_SELECTOR = YES;
				GCC_WARN_UNINITIALIZED_AUTOS = YES_AGGRESSIVE;
				GCC_WARN_UNUSED_FUNCTION = YES;
				GCC_WARN_UNUSED_VARIABLE = YES;
				IPHONEOS_DEPLOYMENT_TARGET = 12.0;
				MTL_ENABLE_DEBUG_INFO = NO;
				MTL_FAST_MATH = YES;
				SDKROOT = iphoneos;
				SWIFT_COMPILATION_MODE = wholemodule;
				SWIFT_OPTIMIZATION_LEVEL = "-O";
				VALIDATE_PRODUCT = YES;
			};
			name = Release;
		};
		DA4899F8257A08A8005E39ED /* Debug */ = {
			isa = XCBuildConfiguration;
			baseConfigurationReference = 2D2405592E98948CDE582F1F /* Pods-Dayol-iOS.debug.xcconfig */;
			buildSettings = {
				ASSETCATALOG_COMPILER_APPICON_NAME = AppIcon;
				ASSETCATALOG_COMPILER_GLOBAL_ACCENT_COLOR_NAME = AccentColor;
				CODE_SIGN_STYLE = Automatic;
				DAYOL_Bundle_Identifier = com.dayolstudio.Dayol.beta;
				DAYOL_Name = "DAYOL Beta\n";
				DEBUG_INFORMATION_FORMAT = "dwarf-with-dsym";
				ENABLE_BITCODE = NO;
				INFOPLIST_FILE = "Dayol-iOS/Info.plist";
				LD_RUNPATH_SEARCH_PATHS = (
					"$(inherited)",
					"@executable_path/Frameworks",
				);
				PRODUCT_BUNDLE_IDENTIFIER = com.dayolstudio.Dayol.beta;
				PRODUCT_NAME = "DAYOL Beta";
				SWIFT_VERSION = 5.0;
				TARGETED_DEVICE_FAMILY = "1,2";
				VERSIONING_SYSTEM = "apple-generic";
			};
			name = Debug;
		};
		DA4899F9257A08A8005E39ED /* Release */ = {
			isa = XCBuildConfiguration;
			baseConfigurationReference = 972D81BFA99D271110503E85 /* Pods-Dayol-iOS.release.xcconfig */;
			buildSettings = {
				ASSETCATALOG_COMPILER_APPICON_NAME = AppIcon;
				ASSETCATALOG_COMPILER_GLOBAL_ACCENT_COLOR_NAME = AccentColor;
				CODE_SIGN_STYLE = Automatic;
				DAYOL_Bundle_Identifier = com.dayolstudio.Dayol;
				DAYOL_Name = DAYOL;
				DEBUG_INFORMATION_FORMAT = "dwarf-with-dsym";
				ENABLE_BITCODE = NO;
				INFOPLIST_FILE = "Dayol-iOS/Info.plist";
				LD_RUNPATH_SEARCH_PATHS = (
					"$(inherited)",
					"@executable_path/Frameworks",
				);
				PRODUCT_BUNDLE_IDENTIFIER = com.dayolstudio.Dayol;
				PRODUCT_NAME = DAYOL;
				SWIFT_VERSION = 5.0;
				TARGETED_DEVICE_FAMILY = "1,2";
				VERSIONING_SYSTEM = "apple-generic";
			};
			name = Release;
		};
/* End XCBuildConfiguration section */

/* Begin XCConfigurationList section */
		DA4899DE257A08A6005E39ED /* Build configuration list for PBXProject "Dayol-iOS" */ = {
			isa = XCConfigurationList;
			buildConfigurations = (
				DA4899F5257A08A8005E39ED /* Debug */,
				DA4899F6257A08A8005E39ED /* Release */,
			);
			defaultConfigurationIsVisible = 0;
			defaultConfigurationName = Release;
		};
		DA4899F7257A08A8005E39ED /* Build configuration list for PBXNativeTarget "Dayol-iOS" */ = {
			isa = XCConfigurationList;
			buildConfigurations = (
				DA4899F8257A08A8005E39ED /* Debug */,
				DA4899F9257A08A8005E39ED /* Release */,
			);
			defaultConfigurationIsVisible = 0;
			defaultConfigurationName = Release;
		};
/* End XCConfigurationList section */
	};
	rootObject = DA4899DB257A08A6005E39ED /* Project object */;
}
