// !$*UTF8*$!
{
	archiveVersion = 1;
	classes = {
	};
	objectVersion = 51;
	objects = {

/* Begin PBXBuildFile section */
		CC7CC488D36CE71AEE14FCCC /* Pods_Dayol_iOS.framework in Frameworks */ = {isa = PBXBuildFile; fileRef = F9B784880CAEBCC10F25DE99 /* Pods_Dayol_iOS.framework */; };
		CE0603542588EDB600FBBEF0 /* PopupPresentDelegate.swift in Sources */ = {isa = PBXBuildFile; fileRef = CE0603532588EDB600FBBEF0 /* PopupPresentDelegate.swift */; };
		CE06035B25890B1700FBBEF0 /* DayolAlertAction.swift in Sources */ = {isa = PBXBuildFile; fileRef = CE06035A25890B1700FBBEF0 /* DayolAlertAction.swift */; };
		CE8DCADF258D28F4007738EA /* FavoriteViewController.swift in Sources */ = {isa = PBXBuildFile; fileRef = CE8DCAD8258D28F4007738EA /* FavoriteViewController.swift */; };
		CE8DCAE0258D28F4007738EA /* DiaryListViewController.swift in Sources */ = {isa = PBXBuildFile; fileRef = CE8DCAD9258D28F4007738EA /* DiaryListViewController.swift */; };
		CE8DCAE1258D28F4007738EA /* HomeViewController.swift in Sources */ = {isa = PBXBuildFile; fileRef = CE8DCADA258D28F4007738EA /* HomeViewController.swift */; };
		CE8DCAE2258D28F4007738EA /* HomeTabBarView.swift in Sources */ = {isa = PBXBuildFile; fileRef = CE8DCADC258D28F4007738EA /* HomeTabBarView.swift */; };
		CE8DCAE3258D28F4007738EA /* HomeEmptyView.swift in Sources */ = {isa = PBXBuildFile; fileRef = CE8DCADD258D28F4007738EA /* HomeEmptyView.swift */; };
		CE8DCAE4258D28F4007738EA /* HomeTabBarButton.swift in Sources */ = {isa = PBXBuildFile; fileRef = CE8DCADE258D28F4007738EA /* HomeTabBarButton.swift */; };
		CE8DCAEA258D292A007738EA /* NSAttributedString+Extension.swift in Sources */ = {isa = PBXBuildFile; fileRef = CE8DCAE7258D292A007738EA /* NSAttributedString+Extension.swift */; };
		CE8DCAEB258D292A007738EA /* UIFont+Extension.swift in Sources */ = {isa = PBXBuildFile; fileRef = CE8DCAE8258D292A007738EA /* UIFont+Extension.swift */; };
		CE8DCAEC258D292A007738EA /* UIColor+Extension.swift in Sources */ = {isa = PBXBuildFile; fileRef = CE8DCAE9258D292A007738EA /* UIColor+Extension.swift */; };
		CE8DCB11258FA502007738EA /* DiaryListViewModel.swift in Sources */ = {isa = PBXBuildFile; fileRef = CE8DCB10258FA502007738EA /* DiaryListViewModel.swift */; };
		CE8DCB16258FA5FD007738EA /* DiaryCoverModel.swift in Sources */ = {isa = PBXBuildFile; fileRef = CE8DCB15258FA5FD007738EA /* DiaryCoverModel.swift */; };
		CE8DCB25258FAE72007738EA /* Array+extension.swift in Sources */ = {isa = PBXBuildFile; fileRef = CE8DCB24258FAE72007738EA /* Array+extension.swift */; };
		CE8DCB2D258FB1A0007738EA /* DiaryListViewController+bind.swift in Sources */ = {isa = PBXBuildFile; fileRef = CE8DCB2C258FB1A0007738EA /* DiaryListViewController+bind.swift */; };
		CE8DCC912590E890007738EA /* DiaryListViewController+CollectionView.swift in Sources */ = {isa = PBXBuildFile; fileRef = CE8DCC902590E88F007738EA /* DiaryListViewController+CollectionView.swift */; };
		CE8DCC942590ECE8007738EA /* DiaryListCell.swift in Sources */ = {isa = PBXBuildFile; fileRef = CE8DCC932590ECE8007738EA /* DiaryListCell.swift */; };
		CE8DCC97259101B6007738EA /* DeviceInfo.swift in Sources */ = {isa = PBXBuildFile; fileRef = CE8DCC96259101B6007738EA /* DeviceInfo.swift */; };
		CEB9EE422583C94E005B66C9 /* DayolAlertViewController.swift in Sources */ = {isa = PBXBuildFile; fileRef = CEB9EE412583C94E005B66C9 /* DayolAlertViewController.swift */; };
		CEF135EF25811D130098BEC3 /* Common.xcassets in Resources */ = {isa = PBXBuildFile; fileRef = CEF135EE25811D130098BEC3 /* Common.xcassets */; };
		CEF135F225811DE30098BEC3 /* Assets.swift in Sources */ = {isa = PBXBuildFile; fileRef = CEF135F125811DE30098BEC3 /* Assets.swift */; };
		DA3836BC258F2F2A0029464C /* PasswordViewModel.swift in Sources */ = {isa = PBXBuildFile; fileRef = DA3836BB258F2F2A0029464C /* PasswordViewModel.swift */; };
		DA3836BF258F34510029464C /* PasswordViewController+Bind.swift in Sources */ = {isa = PBXBuildFile; fileRef = DA3836BE258F34510029464C /* PasswordViewController+Bind.swift */; };
		DA4899E7257A08A6005E39ED /* AppDelegate.swift in Sources */ = {isa = PBXBuildFile; fileRef = DA4899E6257A08A6005E39ED /* AppDelegate.swift */; };
		DA4899F0257A08A8005E39ED /* Assets.xcassets in Resources */ = {isa = PBXBuildFile; fileRef = DA4899EF257A08A8005E39ED /* Assets.xcassets */; };
		DA4899F3257A08A8005E39ED /* LaunchScreen.storyboard in Resources */ = {isa = PBXBuildFile; fileRef = DA4899F1257A08A8005E39ED /* LaunchScreen.storyboard */; };
		DAC04CC62592036F003A7BC8 /* DairyView.swift in Sources */ = {isa = PBXBuildFile; fileRef = DAC04CC52592036F003A7BC8 /* DairyView.swift */; };
		DAC04CCA25920C16003A7BC8 /* DiaryCoverView.swift in Sources */ = {isa = PBXBuildFile; fileRef = DAC04CC925920C16003A7BC8 /* DiaryCoverView.swift */; };
		DAC04CCE25920C25003A7BC8 /* DiaryLockerView.swift in Sources */ = {isa = PBXBuildFile; fileRef = DAC04CCD25920C25003A7BC8 /* DiaryLockerView.swift */; };
		DACE3B142587868B0067467B /* PasswordButtonsView.swift in Sources */ = {isa = PBXBuildFile; fileRef = DACE3B132587868B0067467B /* PasswordButtonsView.swift */; };
		DACE3B19258792180067467B /* PasswordTitleView.swift in Sources */ = {isa = PBXBuildFile; fileRef = DACE3B18258792180067467B /* PasswordTitleView.swift */; };
		DACE3B1C25879EE20067467B /* PasswordDisplayedView.swift in Sources */ = {isa = PBXBuildFile; fileRef = DACE3B1B25879EE20067467B /* PasswordDisplayedView.swift */; };
		DACE3B202587AEB90067467B /* PasswordButton.swift in Sources */ = {isa = PBXBuildFile; fileRef = DACE3B1F2587AEB90067467B /* PasswordButton.swift */; };
		DACE3B232587BD1A0067467B /* DXRMbxStd-B.otf in Resources */ = {isa = PBXBuildFile; fileRef = DACE3B222587BD1A0067467B /* DXRMbxStd-B.otf */; };
		DAD66734259B551600E8F59A /* DiaryEditViewController.swift in Sources */ = {isa = PBXBuildFile; fileRef = DAD66733259B551600E8F59A /* DiaryEditViewController.swift */; };
		DAD66738259B570800E8F59A /* DYNavigationController.swift in Sources */ = {isa = PBXBuildFile; fileRef = DAD66737259B570800E8F59A /* DYNavigationController.swift */; };
		DAD66746259C691300E8F59A /* DYNavigationItemCreator.swift in Sources */ = {isa = PBXBuildFile; fileRef = DAD66745259C691300E8F59A /* DYNavigationItemCreator.swift */; };
		DAD6674B259C891D00E8F59A /* DYNavigationTitle.swift in Sources */ = {isa = PBXBuildFile; fileRef = DAD6674A259C891D00E8F59A /* DYNavigationTitle.swift */; };
		DAD6674E259C8C5B00E8F59A /* DYNavigationEditableTitle.swift in Sources */ = {isa = PBXBuildFile; fileRef = DAD6674D259C8C5B00E8F59A /* DYNavigationEditableTitle.swift */; };
		DAD66751259F44D300E8F59A /* DYNavigationDrawingToolbar.swift in Sources */ = {isa = PBXBuildFile; fileRef = DAD66750259F44D300E8F59A /* DYNavigationDrawingToolbar.swift */; };
		DAD6675425A18BAE00E8F59A /* DYNavigationFunctionToolBar.swift in Sources */ = {isa = PBXBuildFile; fileRef = DAD6675325A18BAD00E8F59A /* DYNavigationFunctionToolBar.swift */; };
		DADD09F725A335C2004D6CF0 /* DiaryEditToggleView.swift in Sources */ = {isa = PBXBuildFile; fileRef = DADD09F625A335C2004D6CF0 /* DiaryEditToggleView.swift */; };
		DADD09FB25A33674004D6CF0 /* DiaryEditCoverView.swift in Sources */ = {isa = PBXBuildFile; fileRef = DADD09FA25A33674004D6CF0 /* DiaryEditCoverView.swift */; };
		DADD09FE25A33695004D6CF0 /* DiaryEditColorPaletteView.swift in Sources */ = {isa = PBXBuildFile; fileRef = DADD09FD25A33695004D6CF0 /* DiaryEditColorPaletteView.swift */; };
		DADD0A0125A34ED6004D6CF0 /* DiaryCoverColor.swift in Sources */ = {isa = PBXBuildFile; fileRef = DADD0A0025A34ED6004D6CF0 /* DiaryCoverColor.swift */; };
		DADD0A0525A35445004D6CF0 /* DiaryEditColorPaletteCell.swift in Sources */ = {isa = PBXBuildFile; fileRef = DADD0A0425A35445004D6CF0 /* DiaryEditColorPaletteCell.swift */; };
		DADD0A1925A72907004D6CF0 /* DiaryPaperListViewController.swift in Sources */ = {isa = PBXBuildFile; fileRef = DADD0A1825A72907004D6CF0 /* DiaryPaperListViewController.swift */; };
		DADD0A2025A72A6A004D6CF0 /* DiaryPaperEmptyView.swift in Sources */ = {isa = PBXBuildFile; fileRef = DADD0A1F25A72A6A004D6CF0 /* DiaryPaperEmptyView.swift */; };
		DAE29CEB2584F2100028010B /* PasswordViewController.swift in Sources */ = {isa = PBXBuildFile; fileRef = DAE29CEA2584F2100028010B /* PasswordViewController.swift */; };
		DAEB92DE2596F72E00FA5551 /* DifferentEdgeSettableView.swift in Sources */ = {isa = PBXBuildFile; fileRef = DAEB92DD2596F72E00FA5551 /* DifferentEdgeSettableView.swift */; };
/* End PBXBuildFile section */

/* Begin PBXFileReference section */
		2D2405592E98948CDE582F1F /* Pods-Dayol-iOS.debug.xcconfig */ = {isa = PBXFileReference; includeInIndex = 1; lastKnownFileType = text.xcconfig; name = "Pods-Dayol-iOS.debug.xcconfig"; path = "Target Support Files/Pods-Dayol-iOS/Pods-Dayol-iOS.debug.xcconfig"; sourceTree = "<group>"; };
		972D81BFA99D271110503E85 /* Pods-Dayol-iOS.release.xcconfig */ = {isa = PBXFileReference; includeInIndex = 1; lastKnownFileType = text.xcconfig; name = "Pods-Dayol-iOS.release.xcconfig"; path = "Target Support Files/Pods-Dayol-iOS/Pods-Dayol-iOS.release.xcconfig"; sourceTree = "<group>"; };
		CE0603532588EDB600FBBEF0 /* PopupPresentDelegate.swift */ = {isa = PBXFileReference; lastKnownFileType = sourcecode.swift; path = PopupPresentDelegate.swift; sourceTree = "<group>"; };
		CE06035A25890B1700FBBEF0 /* DayolAlertAction.swift */ = {isa = PBXFileReference; lastKnownFileType = sourcecode.swift; path = DayolAlertAction.swift; sourceTree = "<group>"; };
		CE8DCAD8258D28F4007738EA /* FavoriteViewController.swift */ = {isa = PBXFileReference; fileEncoding = 4; lastKnownFileType = sourcecode.swift; path = FavoriteViewController.swift; sourceTree = "<group>"; };
		CE8DCAD9258D28F4007738EA /* DiaryListViewController.swift */ = {isa = PBXFileReference; fileEncoding = 4; lastKnownFileType = sourcecode.swift; path = DiaryListViewController.swift; sourceTree = "<group>"; };
		CE8DCADA258D28F4007738EA /* HomeViewController.swift */ = {isa = PBXFileReference; fileEncoding = 4; lastKnownFileType = sourcecode.swift; path = HomeViewController.swift; sourceTree = "<group>"; };
		CE8DCADC258D28F4007738EA /* HomeTabBarView.swift */ = {isa = PBXFileReference; fileEncoding = 4; lastKnownFileType = sourcecode.swift; path = HomeTabBarView.swift; sourceTree = "<group>"; };
		CE8DCADD258D28F4007738EA /* HomeEmptyView.swift */ = {isa = PBXFileReference; fileEncoding = 4; lastKnownFileType = sourcecode.swift; path = HomeEmptyView.swift; sourceTree = "<group>"; };
		CE8DCADE258D28F4007738EA /* HomeTabBarButton.swift */ = {isa = PBXFileReference; fileEncoding = 4; lastKnownFileType = sourcecode.swift; path = HomeTabBarButton.swift; sourceTree = "<group>"; };
		CE8DCAE7258D292A007738EA /* NSAttributedString+Extension.swift */ = {isa = PBXFileReference; fileEncoding = 4; lastKnownFileType = sourcecode.swift; path = "NSAttributedString+Extension.swift"; sourceTree = "<group>"; };
		CE8DCAE8258D292A007738EA /* UIFont+Extension.swift */ = {isa = PBXFileReference; fileEncoding = 4; lastKnownFileType = sourcecode.swift; path = "UIFont+Extension.swift"; sourceTree = "<group>"; };
		CE8DCAE9258D292A007738EA /* UIColor+Extension.swift */ = {isa = PBXFileReference; fileEncoding = 4; lastKnownFileType = sourcecode.swift; path = "UIColor+Extension.swift"; sourceTree = "<group>"; };
		CE8DCB10258FA502007738EA /* DiaryListViewModel.swift */ = {isa = PBXFileReference; lastKnownFileType = sourcecode.swift; path = DiaryListViewModel.swift; sourceTree = "<group>"; };
		CE8DCB15258FA5FD007738EA /* DiaryCoverModel.swift */ = {isa = PBXFileReference; lastKnownFileType = sourcecode.swift; path = DiaryCoverModel.swift; sourceTree = "<group>"; };
		CE8DCB24258FAE72007738EA /* Array+extension.swift */ = {isa = PBXFileReference; lastKnownFileType = sourcecode.swift; path = "Array+extension.swift"; sourceTree = "<group>"; };
		CE8DCB2C258FB1A0007738EA /* DiaryListViewController+bind.swift */ = {isa = PBXFileReference; lastKnownFileType = sourcecode.swift; path = "DiaryListViewController+bind.swift"; sourceTree = "<group>"; };
		CE8DCC902590E88F007738EA /* DiaryListViewController+CollectionView.swift */ = {isa = PBXFileReference; lastKnownFileType = sourcecode.swift; path = "DiaryListViewController+CollectionView.swift"; sourceTree = "<group>"; };
		CE8DCC932590ECE8007738EA /* DiaryListCell.swift */ = {isa = PBXFileReference; lastKnownFileType = sourcecode.swift; path = DiaryListCell.swift; sourceTree = "<group>"; };
		CE8DCC96259101B6007738EA /* DeviceInfo.swift */ = {isa = PBXFileReference; lastKnownFileType = sourcecode.swift; path = DeviceInfo.swift; sourceTree = "<group>"; };
		CEB9EE412583C94E005B66C9 /* DayolAlertViewController.swift */ = {isa = PBXFileReference; lastKnownFileType = sourcecode.swift; path = DayolAlertViewController.swift; sourceTree = "<group>"; };
		CEF135EE25811D130098BEC3 /* Common.xcassets */ = {isa = PBXFileReference; lastKnownFileType = folder.assetcatalog; path = Common.xcassets; sourceTree = "<group>"; };
		CEF135F125811DE30098BEC3 /* Assets.swift */ = {isa = PBXFileReference; lastKnownFileType = sourcecode.swift; path = Assets.swift; sourceTree = "<group>"; };
		DA3836BB258F2F2A0029464C /* PasswordViewModel.swift */ = {isa = PBXFileReference; lastKnownFileType = sourcecode.swift; path = PasswordViewModel.swift; sourceTree = "<group>"; };
		DA3836BE258F34510029464C /* PasswordViewController+Bind.swift */ = {isa = PBXFileReference; lastKnownFileType = sourcecode.swift; path = "PasswordViewController+Bind.swift"; sourceTree = "<group>"; };
		DA4899E3257A08A6005E39ED /* DAYOL Beta.app */ = {isa = PBXFileReference; explicitFileType = wrapper.application; includeInIndex = 0; path = "DAYOL Beta.app"; sourceTree = BUILT_PRODUCTS_DIR; };
		DA4899E6257A08A6005E39ED /* AppDelegate.swift */ = {isa = PBXFileReference; lastKnownFileType = sourcecode.swift; path = AppDelegate.swift; sourceTree = "<group>"; };
		DA4899EF257A08A8005E39ED /* Assets.xcassets */ = {isa = PBXFileReference; lastKnownFileType = folder.assetcatalog; path = Assets.xcassets; sourceTree = "<group>"; };
		DA4899F2257A08A8005E39ED /* Base */ = {isa = PBXFileReference; lastKnownFileType = file.storyboard; name = Base; path = Base.lproj/LaunchScreen.storyboard; sourceTree = "<group>"; };
		DA4899F4257A08A8005E39ED /* Info.plist */ = {isa = PBXFileReference; lastKnownFileType = text.plist.xml; path = Info.plist; sourceTree = "<group>"; };
		DAC04CC52592036F003A7BC8 /* DairyView.swift */ = {isa = PBXFileReference; lastKnownFileType = sourcecode.swift; path = DairyView.swift; sourceTree = "<group>"; };
		DAC04CC925920C16003A7BC8 /* DiaryCoverView.swift */ = {isa = PBXFileReference; lastKnownFileType = sourcecode.swift; path = DiaryCoverView.swift; sourceTree = "<group>"; };
		DAC04CCD25920C25003A7BC8 /* DiaryLockerView.swift */ = {isa = PBXFileReference; lastKnownFileType = sourcecode.swift; path = DiaryLockerView.swift; sourceTree = "<group>"; };
		DACE3B132587868B0067467B /* PasswordButtonsView.swift */ = {isa = PBXFileReference; lastKnownFileType = sourcecode.swift; path = PasswordButtonsView.swift; sourceTree = "<group>"; };
		DACE3B18258792180067467B /* PasswordTitleView.swift */ = {isa = PBXFileReference; lastKnownFileType = sourcecode.swift; path = PasswordTitleView.swift; sourceTree = "<group>"; };
		DACE3B1B25879EE20067467B /* PasswordDisplayedView.swift */ = {isa = PBXFileReference; lastKnownFileType = sourcecode.swift; path = PasswordDisplayedView.swift; sourceTree = "<group>"; };
		DACE3B1F2587AEB90067467B /* PasswordButton.swift */ = {isa = PBXFileReference; lastKnownFileType = sourcecode.swift; path = PasswordButton.swift; sourceTree = "<group>"; };
		DACE3B222587BD1A0067467B /* DXRMbxStd-B.otf */ = {isa = PBXFileReference; lastKnownFileType = file; path = "DXRMbxStd-B.otf"; sourceTree = "<group>"; };
		DAD66733259B551600E8F59A /* DiaryEditViewController.swift */ = {isa = PBXFileReference; lastKnownFileType = sourcecode.swift; path = DiaryEditViewController.swift; sourceTree = "<group>"; };
		DAD66737259B570800E8F59A /* DYNavigationController.swift */ = {isa = PBXFileReference; lastKnownFileType = sourcecode.swift; path = DYNavigationController.swift; sourceTree = "<group>"; };
		DAD66745259C691300E8F59A /* DYNavigationItemCreator.swift */ = {isa = PBXFileReference; lastKnownFileType = sourcecode.swift; path = DYNavigationItemCreator.swift; sourceTree = "<group>"; };
		DAD6674A259C891D00E8F59A /* DYNavigationTitle.swift */ = {isa = PBXFileReference; lastKnownFileType = sourcecode.swift; path = DYNavigationTitle.swift; sourceTree = "<group>"; };
		DAD6674D259C8C5B00E8F59A /* DYNavigationEditableTitle.swift */ = {isa = PBXFileReference; lastKnownFileType = sourcecode.swift; path = DYNavigationEditableTitle.swift; sourceTree = "<group>"; };
		DAD66750259F44D300E8F59A /* DYNavigationDrawingToolbar.swift */ = {isa = PBXFileReference; lastKnownFileType = sourcecode.swift; path = DYNavigationDrawingToolbar.swift; sourceTree = "<group>"; };
		DAD6675325A18BAD00E8F59A /* DYNavigationFunctionToolBar.swift */ = {isa = PBXFileReference; lastKnownFileType = sourcecode.swift; path = DYNavigationFunctionToolBar.swift; sourceTree = "<group>"; };
		DADD09F625A335C2004D6CF0 /* DiaryEditToggleView.swift */ = {isa = PBXFileReference; lastKnownFileType = sourcecode.swift; path = DiaryEditToggleView.swift; sourceTree = "<group>"; };
		DADD09FA25A33674004D6CF0 /* DiaryEditCoverView.swift */ = {isa = PBXFileReference; lastKnownFileType = sourcecode.swift; path = DiaryEditCoverView.swift; sourceTree = "<group>"; };
		DADD09FD25A33695004D6CF0 /* DiaryEditColorPaletteView.swift */ = {isa = PBXFileReference; lastKnownFileType = sourcecode.swift; path = DiaryEditColorPaletteView.swift; sourceTree = "<group>"; };
		DADD0A0025A34ED6004D6CF0 /* DiaryCoverColor.swift */ = {isa = PBXFileReference; lastKnownFileType = sourcecode.swift; path = DiaryCoverColor.swift; sourceTree = "<group>"; };
		DADD0A0425A35445004D6CF0 /* DiaryEditColorPaletteCell.swift */ = {isa = PBXFileReference; lastKnownFileType = sourcecode.swift; path = DiaryEditColorPaletteCell.swift; sourceTree = "<group>"; };
		DADD0A1825A72907004D6CF0 /* DiaryPaperListViewController.swift */ = {isa = PBXFileReference; lastKnownFileType = sourcecode.swift; path = DiaryPaperListViewController.swift; sourceTree = "<group>"; };
		DADD0A1F25A72A6A004D6CF0 /* DiaryPaperEmptyView.swift */ = {isa = PBXFileReference; lastKnownFileType = sourcecode.swift; path = DiaryPaperEmptyView.swift; sourceTree = "<group>"; };
		DAE29CEA2584F2100028010B /* PasswordViewController.swift */ = {isa = PBXFileReference; lastKnownFileType = sourcecode.swift; path = PasswordViewController.swift; sourceTree = "<group>"; };
		DAEB92DD2596F72E00FA5551 /* DifferentEdgeSettableView.swift */ = {isa = PBXFileReference; lastKnownFileType = sourcecode.swift; path = DifferentEdgeSettableView.swift; sourceTree = "<group>"; };
		F9B784880CAEBCC10F25DE99 /* Pods_Dayol_iOS.framework */ = {isa = PBXFileReference; explicitFileType = wrapper.framework; includeInIndex = 0; path = Pods_Dayol_iOS.framework; sourceTree = BUILT_PRODUCTS_DIR; };
/* End PBXFileReference section */

/* Begin PBXFrameworksBuildPhase section */
		DA4899E0257A08A6005E39ED /* Frameworks */ = {
			isa = PBXFrameworksBuildPhase;
			buildActionMask = 2147483647;
			files = (
				CC7CC488D36CE71AEE14FCCC /* Pods_Dayol_iOS.framework in Frameworks */,
			);
			runOnlyForDeploymentPostprocessing = 0;
		};
/* End PBXFrameworksBuildPhase section */

/* Begin PBXGroup section */
		34C6A3812594F4F900658499 /* Util */ = {
			isa = PBXGroup;
			children = (
				CE8DCC96259101B6007738EA /* DeviceInfo.swift */,
			);
			path = Util;
			sourceTree = "<group>";
		};
		84E9977FFA5A77108057AB68 /* Frameworks */ = {
			isa = PBXGroup;
			children = (
				F9B784880CAEBCC10F25DE99 /* Pods_Dayol_iOS.framework */,
			);
			name = Frameworks;
			sourceTree = "<group>";
		};
		97879934D128660B8AD5B126 /* Pods */ = {
			isa = PBXGroup;
			children = (
				2D2405592E98948CDE582F1F /* Pods-Dayol-iOS.debug.xcconfig */,
				972D81BFA99D271110503E85 /* Pods-Dayol-iOS.release.xcconfig */,
			);
			path = Pods;
			sourceTree = "<group>";
		};
		CE0603522588EDA100FBBEF0 /* Protocol */ = {
			isa = PBXGroup;
			children = (
				CE0603532588EDB600FBBEF0 /* PopupPresentDelegate.swift */,
			);
			path = Protocol;
			sourceTree = "<group>";
		};
		CE8DCAE6258D292A007738EA /* Extension */ = {
			isa = PBXGroup;
			children = (
				CE8DCAE7258D292A007738EA /* NSAttributedString+Extension.swift */,
				CE8DCAE8258D292A007738EA /* UIFont+Extension.swift */,
				CE8DCAE9258D292A007738EA /* UIColor+Extension.swift */,
				CE8DCB24258FAE72007738EA /* Array+extension.swift */,
			);
			path = Extension;
			sourceTree = "<group>";
		};
		CE8DCAF9258FA181007738EA /* Main */ = {
			isa = PBXGroup;
			children = (
				CE8DCB30258FB1B2007738EA /* ViewController */,
				CE8DCAFA258FA18B007738EA /* View */,
			);
			path = Main;
			sourceTree = "<group>";
		};
		CE8DCAFA258FA18B007738EA /* View */ = {
			isa = PBXGroup;
			children = (
				CE8DCADC258D28F4007738EA /* HomeTabBarView.swift */,
				CE8DCADE258D28F4007738EA /* HomeTabBarButton.swift */,
			);
			path = View;
			sourceTree = "<group>";
		};
		CE8DCAFB258FA1A9007738EA /* DiaryList */ = {
			isa = PBXGroup;
			children = (
				CE8DCB31258FB1C0007738EA /* ViewController */,
				CE8DCAFC258FA1B1007738EA /* View */,
				CE8DCB0F258FA4F3007738EA /* ViewModel */,
			);
			path = DiaryList;
			sourceTree = "<group>";
		};
		CE8DCAFC258FA1B1007738EA /* View */ = {
			isa = PBXGroup;
			children = (
				CE8DCC932590ECE8007738EA /* DiaryListCell.swift */,
			);
			path = View;
			sourceTree = "<group>";
		};
		CE8DCAFD258FA1D0007738EA /* Common */ = {
			isa = PBXGroup;
			children = (
				CE8DCADD258D28F4007738EA /* HomeEmptyView.swift */,
			);
			path = Common;
			sourceTree = "<group>";
		};
		CE8DCAFE258FA1D9007738EA /* Favorite */ = {
			isa = PBXGroup;
			children = (
				CE8DCAD8258D28F4007738EA /* FavoriteViewController.swift */,
			);
			path = Favorite;
			sourceTree = "<group>";
		};
		CE8DCB0F258FA4F3007738EA /* ViewModel */ = {
			isa = PBXGroup;
			children = (
				CE8DCB10258FA502007738EA /* DiaryListViewModel.swift */,
			);
			path = ViewModel;
			sourceTree = "<group>";
		};
		CE8DCB14258FA5EB007738EA /* Model */ = {
			isa = PBXGroup;
			children = (
				CE8DCB15258FA5FD007738EA /* DiaryCoverModel.swift */,
			);
			path = Model;
			sourceTree = "<group>";
		};
		CE8DCB30258FB1B2007738EA /* ViewController */ = {
			isa = PBXGroup;
			children = (
				CE8DCADA258D28F4007738EA /* HomeViewController.swift */,
			);
			path = ViewController;
			sourceTree = "<group>";
		};
		CE8DCB31258FB1C0007738EA /* ViewController */ = {
			isa = PBXGroup;
			children = (
				CE8DCAD9258D28F4007738EA /* DiaryListViewController.swift */,
				CE8DCB2C258FB1A0007738EA /* DiaryListViewController+bind.swift */,
				CE8DCC902590E88F007738EA /* DiaryListViewController+CollectionView.swift */,
			);
			path = ViewController;
			sourceTree = "<group>";
		};
		CEB9EE402583C7AF005B66C9 /* Common */ = {
			isa = PBXGroup;
			children = (
				DAD66736259B56E700E8F59A /* DYNavigationController */,
				DAC04CC42592035C003A7BC8 /* DiaryCover */,
				CE0603522588EDA100FBBEF0 /* Protocol */,
				CEB9EE442583C953005B66C9 /* Alert */,
			);
			path = Common;
			sourceTree = "<group>";
		};
		CEB9EE442583C953005B66C9 /* Alert */ = {
			isa = PBXGroup;
			children = (
				CEB9EE412583C94E005B66C9 /* DayolAlertViewController.swift */,
				CE06035A25890B1700FBBEF0 /* DayolAlertAction.swift */,
			);
			path = Alert;
			sourceTree = "<group>";
		};
		CEF135E5258115740098BEC3 /* Resource */ = {
			isa = PBXGroup;
			children = (
				DA4899EF257A08A8005E39ED /* Assets.xcassets */,
				CEF135EE25811D130098BEC3 /* Common.xcassets */,
				DACE3B222587BD1A0067467B /* DXRMbxStd-B.otf */,
				CEF135F125811DE30098BEC3 /* Assets.swift */,
			);
			path = Resource;
			sourceTree = "<group>";
		};
		CEF135E7258115C60098BEC3 /* UI */ = {
			isa = PBXGroup;
			children = (
				CEB9EE402583C7AF005B66C9 /* Common */,
				CEF135E8258115E30098BEC3 /* Home */,
				DAE29CE92584F1F80028010B /* Password */,
				DAD66732259B54FD00E8F59A /* DiaryEdit */,
				DADD0A1625A728C9004D6CF0 /* DiaryPaper */,
			);
			path = UI;
			sourceTree = "<group>";
		};
		CEF135E8258115E30098BEC3 /* Home */ = {
			isa = PBXGroup;
			children = (
				CE8DCB14258FA5EB007738EA /* Model */,
				CE8DCAF9258FA181007738EA /* Main */,
				CE8DCAFB258FA1A9007738EA /* DiaryList */,
				CE8DCAFE258FA1D9007738EA /* Favorite */,
				CE8DCAFD258FA1D0007738EA /* Common */,
			);
			path = Home;
			sourceTree = "<group>";
		};
		DA3836BA258F2F070029464C /* ViewModel */ = {
			isa = PBXGroup;
			children = (
				DA3836BB258F2F2A0029464C /* PasswordViewModel.swift */,
			);
			path = ViewModel;
			sourceTree = "<group>";
		};
		DA4899DA257A08A6005E39ED = {
			isa = PBXGroup;
			children = (
				DA4899E5257A08A6005E39ED /* Dayol-iOS */,
				DA4899E4257A08A6005E39ED /* Products */,
				97879934D128660B8AD5B126 /* Pods */,
				84E9977FFA5A77108057AB68 /* Frameworks */,
			);
			sourceTree = "<group>";
		};
		DA4899E4257A08A6005E39ED /* Products */ = {
			isa = PBXGroup;
			children = (
				DA4899E3257A08A6005E39ED /* DAYOL Beta.app */,
			);
			name = Products;
			sourceTree = "<group>";
		};
		DA4899E5257A08A6005E39ED /* Dayol-iOS */ = {
			isa = PBXGroup;
			children = (
				34C6A3812594F4F900658499 /* Util */,
				CE8DCAE6258D292A007738EA /* Extension */,
				CEF135E7258115C60098BEC3 /* UI */,
				CEF135E5258115740098BEC3 /* Resource */,
				DA4899E6257A08A6005E39ED /* AppDelegate.swift */,
				DA4899F1257A08A8005E39ED /* LaunchScreen.storyboard */,
				DA4899F4257A08A8005E39ED /* Info.plist */,
			);
			path = "Dayol-iOS";
			sourceTree = "<group>";
		};
		DAC04CC42592035C003A7BC8 /* DiaryCover */ = {
			isa = PBXGroup;
			children = (
				DAC04CC52592036F003A7BC8 /* DairyView.swift */,
				DAC04CC925920C16003A7BC8 /* DiaryCoverView.swift */,
				DAC04CCD25920C25003A7BC8 /* DiaryLockerView.swift */,
				DAEB92DD2596F72E00FA5551 /* DifferentEdgeSettableView.swift */,
				DADD0A0025A34ED6004D6CF0 /* DiaryCoverColor.swift */,
			);
			path = DiaryCover;
			sourceTree = "<group>";
		};
		DACE3B16258786E40067467B /* View */ = {
			isa = PBXGroup;
			children = (
				DAE29CEA2584F2100028010B /* PasswordViewController.swift */,
				DA3836BE258F34510029464C /* PasswordViewController+Bind.swift */,
				DACE3B18258792180067467B /* PasswordTitleView.swift */,
				DACE3B1B25879EE20067467B /* PasswordDisplayedView.swift */,
				DACE3B132587868B0067467B /* PasswordButtonsView.swift */,
				DACE3B1F2587AEB90067467B /* PasswordButton.swift */,
			);
			path = View;
			sourceTree = "<group>";
		};
		DAD66732259B54FD00E8F59A /* DiaryEdit */ = {
			isa = PBXGroup;
			children = (
				DADD09F525A33367004D6CF0 /* View */,
			);
			path = DiaryEdit;
			sourceTree = "<group>";
		};
		DAD66736259B56E700E8F59A /* DYNavigationController */ = {
			isa = PBXGroup;
			children = (
				DAD66737259B570800E8F59A /* DYNavigationController.swift */,
				DAD66745259C691300E8F59A /* DYNavigationItemCreator.swift */,
				DAD6674A259C891D00E8F59A /* DYNavigationTitle.swift */,
				DAD6674D259C8C5B00E8F59A /* DYNavigationEditableTitle.swift */,
				DAD66750259F44D300E8F59A /* DYNavigationDrawingToolbar.swift */,
				DAD6675325A18BAD00E8F59A /* DYNavigationFunctionToolBar.swift */,
			);
			path = DYNavigationController;
			sourceTree = "<group>";
		};
		DADD09F525A33367004D6CF0 /* View */ = {
			isa = PBXGroup;
			children = (
				DADD0A0325A3542F004D6CF0 /* Cell */,
				DAD66733259B551600E8F59A /* DiaryEditViewController.swift */,
				DADD09F625A335C2004D6CF0 /* DiaryEditToggleView.swift */,
				DADD09FA25A33674004D6CF0 /* DiaryEditCoverView.swift */,
				DADD09FD25A33695004D6CF0 /* DiaryEditColorPaletteView.swift */,
			);
			path = View;
			sourceTree = "<group>";
		};
		DADD0A0325A3542F004D6CF0 /* Cell */ = {
			isa = PBXGroup;
			children = (
				DADD0A0425A35445004D6CF0 /* DiaryEditColorPaletteCell.swift */,
			);
			path = Cell;
			sourceTree = "<group>";
		};
		DADD0A1625A728C9004D6CF0 /* DiaryPaper */ = {
			isa = PBXGroup;
			children = (
				DADD0A1725A728F2004D6CF0 /* ViewController */,
				DADD0A1E25A72A59004D6CF0 /* View */,
			);
			path = DiaryPaper;
			sourceTree = "<group>";
		};
		DADD0A1725A728F2004D6CF0 /* ViewController */ = {
			isa = PBXGroup;
			children = (
				DADD0A1825A72907004D6CF0 /* DiaryPaperListViewController.swift */,
			);
			path = ViewController;
			sourceTree = "<group>";
		};
		DADD0A1E25A72A59004D6CF0 /* View */ = {
			isa = PBXGroup;
			children = (
				DADD0A1F25A72A6A004D6CF0 /* DiaryPaperEmptyView.swift */,
			);
			path = View;
			sourceTree = "<group>";
		};
		DAE29CE92584F1F80028010B /* Password */ = {
			isa = PBXGroup;
			children = (
				DA3836BA258F2F070029464C /* ViewModel */,
				DACE3B16258786E40067467B /* View */,
			);
			path = Password;
			sourceTree = "<group>";
		};
/* End PBXGroup section */

/* Begin PBXNativeTarget section */
		DA4899E2257A08A6005E39ED /* Dayol-iOS */ = {
			isa = PBXNativeTarget;
			buildConfigurationList = DA4899F7257A08A8005E39ED /* Build configuration list for PBXNativeTarget "Dayol-iOS" */;
			buildPhases = (
				EF634B6C55F174AA3DD90320 /* [CP] Check Pods Manifest.lock */,
				DA4899DF257A08A6005E39ED /* Sources */,
				DA4899E0257A08A6005E39ED /* Frameworks */,
				DA4899E1257A08A6005E39ED /* Resources */,
				2BFF8567F230B761710FA6CC /* [CP] Embed Pods Frameworks */,
			);
			buildRules = (
			);
			dependencies = (
			);
			name = "Dayol-iOS";
			productName = Dayol;
			productReference = DA4899E3257A08A6005E39ED /* DAYOL Beta.app */;
			productType = "com.apple.product-type.application";
		};
/* End PBXNativeTarget section */

/* Begin PBXProject section */
		DA4899DB257A08A6005E39ED /* Project object */ = {
			isa = PBXProject;
			attributes = {
				LastSwiftUpdateCheck = 1220;
				LastUpgradeCheck = 1220;
				TargetAttributes = {
					DA4899E2257A08A6005E39ED = {
						CreatedOnToolsVersion = 12.2;
					};
				};
			};
			buildConfigurationList = DA4899DE257A08A6005E39ED /* Build configuration list for PBXProject "Dayol-iOS" */;
			compatibilityVersion = "Xcode 9.3";
			developmentRegion = en;
			hasScannedForEncodings = 0;
			knownRegions = (
				en,
				Base,
			);
			mainGroup = DA4899DA257A08A6005E39ED;
			productRefGroup = DA4899E4257A08A6005E39ED /* Products */;
			projectDirPath = "";
			projectRoot = "";
			targets = (
				DA4899E2257A08A6005E39ED /* Dayol-iOS */,
			);
		};
/* End PBXProject section */

/* Begin PBXResourcesBuildPhase section */
		DA4899E1257A08A6005E39ED /* Resources */ = {
			isa = PBXResourcesBuildPhase;
			buildActionMask = 2147483647;
			files = (
				DA4899F3257A08A8005E39ED /* LaunchScreen.storyboard in Resources */,
				DACE3B232587BD1A0067467B /* DXRMbxStd-B.otf in Resources */,
				DA4899F0257A08A8005E39ED /* Assets.xcassets in Resources */,
				CEF135EF25811D130098BEC3 /* Common.xcassets in Resources */,
			);
			runOnlyForDeploymentPostprocessing = 0;
		};
/* End PBXResourcesBuildPhase section */

/* Begin PBXShellScriptBuildPhase section */
		2BFF8567F230B761710FA6CC /* [CP] Embed Pods Frameworks */ = {
			isa = PBXShellScriptBuildPhase;
			buildActionMask = 2147483647;
			files = (
			);
			inputFileListPaths = (
				"${PODS_ROOT}/Target Support Files/Pods-Dayol-iOS/Pods-Dayol-iOS-frameworks-${CONFIGURATION}-input-files.xcfilelist",
			);
			name = "[CP] Embed Pods Frameworks";
			outputFileListPaths = (
				"${PODS_ROOT}/Target Support Files/Pods-Dayol-iOS/Pods-Dayol-iOS-frameworks-${CONFIGURATION}-output-files.xcfilelist",
			);
			runOnlyForDeploymentPostprocessing = 0;
			shellPath = /bin/sh;
			shellScript = "\"${PODS_ROOT}/Target Support Files/Pods-Dayol-iOS/Pods-Dayol-iOS-frameworks.sh\"\n";
			showEnvVarsInLog = 0;
		};
		EF634B6C55F174AA3DD90320 /* [CP] Check Pods Manifest.lock */ = {
			isa = PBXShellScriptBuildPhase;
			buildActionMask = 2147483647;
			files = (
			);
			inputFileListPaths = (
			);
			inputPaths = (
				"${PODS_PODFILE_DIR_PATH}/Podfile.lock",
				"${PODS_ROOT}/Manifest.lock",
			);
			name = "[CP] Check Pods Manifest.lock";
			outputFileListPaths = (
			);
			outputPaths = (
				"$(DERIVED_FILE_DIR)/Pods-Dayol-iOS-checkManifestLockResult.txt",
			);
			runOnlyForDeploymentPostprocessing = 0;
			shellPath = /bin/sh;
			shellScript = "diff \"${PODS_PODFILE_DIR_PATH}/Podfile.lock\" \"${PODS_ROOT}/Manifest.lock\" > /dev/null\nif [ $? != 0 ] ; then\n    # print error to STDERR\n    echo \"error: The sandbox is not in sync with the Podfile.lock. Run 'pod install' or update your CocoaPods installation.\" >&2\n    exit 1\nfi\n# This output is used by Xcode 'outputs' to avoid re-running this script phase.\necho \"SUCCESS\" > \"${SCRIPT_OUTPUT_FILE_0}\"\n";
			showEnvVarsInLog = 0;
		};
/* End PBXShellScriptBuildPhase section */

/* Begin PBXSourcesBuildPhase section */
		DA4899DF257A08A6005E39ED /* Sources */ = {
			isa = PBXSourcesBuildPhase;
			buildActionMask = 2147483647;
			files = (
				CE8DCADF258D28F4007738EA /* FavoriteViewController.swift in Sources */,
				DAC04CCA25920C16003A7BC8 /* DiaryCoverView.swift in Sources */,
				DADD09FB25A33674004D6CF0 /* DiaryEditCoverView.swift in Sources */,
				DAD66751259F44D300E8F59A /* DYNavigationDrawingToolbar.swift in Sources */,
				DAD66751259F44D300E8F59A /* DYNavigationDrawingToolbar.swift in Sources */,
				DAD6674E259C8C5B00E8F59A /* DYNavigationEditableTitle.swift in Sources */,
				CE8DCAEC258D292A007738EA /* UIColor+Extension.swift in Sources */,
				DADD0A2025A72A6A004D6CF0 /* DiaryPaperEmptyView.swift in Sources */,
				CEF135F225811DE30098BEC3 /* Assets.swift in Sources */,
				DAEB92DE2596F72E00FA5551 /* DifferentEdgeSettableView.swift in Sources */,
				DADD0A0125A34ED6004D6CF0 /* DiaryCoverColor.swift in Sources */,
				DAC04CCE25920C25003A7BC8 /* DiaryLockerView.swift in Sources */,
				CE8DCC97259101B6007738EA /* DeviceInfo.swift in Sources */,
				DA3836BC258F2F2A0029464C /* PasswordViewModel.swift in Sources */,
				DA3836BF258F34510029464C /* PasswordViewController+Bind.swift in Sources */,
				DAD6674B259C891D00E8F59A /* DYNavigationTitle.swift in Sources */,
				CE8DCAE4258D28F4007738EA /* HomeTabBarButton.swift in Sources */,
				CEB9EE422583C94E005B66C9 /* DayolAlertViewController.swift in Sources */,
				CE8DCAE2258D28F4007738EA /* HomeTabBarView.swift in Sources */,
				CE8DCAE3258D28F4007738EA /* HomeEmptyView.swift in Sources */,
				CE8DCAEB258D292A007738EA /* UIFont+Extension.swift in Sources */,
				DAC04CC62592036F003A7BC8 /* DairyView.swift in Sources */,
				CE8DCC912590E890007738EA /* DiaryListViewController+CollectionView.swift in Sources */,
				DAD66738259B570800E8F59A /* DYNavigationController.swift in Sources */,
				CE8DCB16258FA5FD007738EA /* DiaryCoverModel.swift in Sources */,
				CE06035B25890B1700FBBEF0 /* DayolAlertAction.swift in Sources */,
				DAD6675425A18BAE00E8F59A /* DYNavigationFunctionToolBar.swift in Sources */,
				CE8DCAEA258D292A007738EA /* NSAttributedString+Extension.swift in Sources */,
				DAD66734259B551600E8F59A /* DiaryEditViewController.swift in Sources */,
				CE8DCAE0258D28F4007738EA /* DiaryListViewController.swift in Sources */,
				CE8DCB2D258FB1A0007738EA /* DiaryListViewController+bind.swift in Sources */,
				DADD09FE25A33695004D6CF0 /* DiaryEditColorPaletteView.swift in Sources */,
				DAE29CEB2584F2100028010B /* PasswordViewController.swift in Sources */,
				DA4899E7257A08A6005E39ED /* AppDelegate.swift in Sources */,
				CE0603542588EDB600FBBEF0 /* PopupPresentDelegate.swift in Sources */,
				DACE3B19258792180067467B /* PasswordTitleView.swift in Sources */,
				DACE3B142587868B0067467B /* PasswordButtonsView.swift in Sources */,
				DADD09F725A335C2004D6CF0 /* DiaryEditToggleView.swift in Sources */,
				DADD0A1925A72907004D6CF0 /* DiaryPaperListViewController.swift in Sources */,
				DAD66746259C691300E8F59A /* DYNavigationItemCreator.swift in Sources */,
				DACE3B202587AEB90067467B /* PasswordButton.swift in Sources */,
				CE8DCC942590ECE8007738EA /* DiaryListCell.swift in Sources */,
				CE8DCB11258FA502007738EA /* DiaryListViewModel.swift in Sources */,
				CE8DCB25258FAE72007738EA /* Array+extension.swift in Sources */,
				CE8DCAE1258D28F4007738EA /* HomeViewController.swift in Sources */,
				DACE3B1C25879EE20067467B /* PasswordDisplayedView.swift in Sources */,
				DADD0A0525A35445004D6CF0 /* DiaryEditColorPaletteCell.swift in Sources */,
			);
			runOnlyForDeploymentPostprocessing = 0;
		};
/* End PBXSourcesBuildPhase section */

/* Begin PBXVariantGroup section */
		DA4899F1257A08A8005E39ED /* LaunchScreen.storyboard */ = {
			isa = PBXVariantGroup;
			children = (
				DA4899F2257A08A8005E39ED /* Base */,
			);
			name = LaunchScreen.storyboard;
			sourceTree = "<group>";
		};
/* End PBXVariantGroup section */

/* Begin XCBuildConfiguration section */
		DA4899F5257A08A8005E39ED /* Debug */ = {
			isa = XCBuildConfiguration;
			buildSettings = {
				ALWAYS_SEARCH_USER_PATHS = NO;
				CLANG_ANALYZER_NONNULL = YES;
				CLANG_ANALYZER_NUMBER_OBJECT_CONVERSION = YES_AGGRESSIVE;
				CLANG_CXX_LANGUAGE_STANDARD = "gnu++14";
				CLANG_CXX_LIBRARY = "libc++";
				CLANG_ENABLE_MODULES = YES;
				CLANG_ENABLE_OBJC_ARC = YES;
				CLANG_ENABLE_OBJC_WEAK = YES;
				CLANG_WARN_BLOCK_CAPTURE_AUTORELEASING = YES;
				CLANG_WARN_BOOL_CONVERSION = YES;
				CLANG_WARN_COMMA = YES;
				CLANG_WARN_CONSTANT_CONVERSION = YES;
				CLANG_WARN_DEPRECATED_OBJC_IMPLEMENTATIONS = YES;
				CLANG_WARN_DIRECT_OBJC_ISA_USAGE = YES_ERROR;
				CLANG_WARN_DOCUMENTATION_COMMENTS = YES;
				CLANG_WARN_EMPTY_BODY = YES;
				CLANG_WARN_ENUM_CONVERSION = YES;
				CLANG_WARN_INFINITE_RECURSION = YES;
				CLANG_WARN_INT_CONVERSION = YES;
				CLANG_WARN_NON_LITERAL_NULL_CONVERSION = YES;
				CLANG_WARN_OBJC_IMPLICIT_RETAIN_SELF = YES;
				CLANG_WARN_OBJC_LITERAL_CONVERSION = YES;
				CLANG_WARN_OBJC_ROOT_CLASS = YES_ERROR;
				CLANG_WARN_QUOTED_INCLUDE_IN_FRAMEWORK_HEADER = YES;
				CLANG_WARN_RANGE_LOOP_ANALYSIS = YES;
				CLANG_WARN_STRICT_PROTOTYPES = YES;
				CLANG_WARN_SUSPICIOUS_MOVE = YES;
				CLANG_WARN_UNGUARDED_AVAILABILITY = YES_AGGRESSIVE;
				CLANG_WARN_UNREACHABLE_CODE = YES;
				CLANG_WARN__DUPLICATE_METHOD_MATCH = YES;
				COPY_PHASE_STRIP = NO;
				DEBUG_INFORMATION_FORMAT = dwarf;
				ENABLE_STRICT_OBJC_MSGSEND = YES;
				ENABLE_TESTABILITY = YES;
				GCC_C_LANGUAGE_STANDARD = gnu11;
				GCC_DYNAMIC_NO_PIC = NO;
				GCC_NO_COMMON_BLOCKS = YES;
				GCC_OPTIMIZATION_LEVEL = 0;
				GCC_PREPROCESSOR_DEFINITIONS = (
					"DEBUG=1",
					"$(inherited)",
				);
				GCC_WARN_64_TO_32_BIT_CONVERSION = YES;
				GCC_WARN_ABOUT_RETURN_TYPE = YES_ERROR;
				GCC_WARN_UNDECLARED_SELECTOR = YES;
				GCC_WARN_UNINITIALIZED_AUTOS = YES_AGGRESSIVE;
				GCC_WARN_UNUSED_FUNCTION = YES;
				GCC_WARN_UNUSED_VARIABLE = YES;
				IPHONEOS_DEPLOYMENT_TARGET = 12.0;
				MTL_ENABLE_DEBUG_INFO = INCLUDE_SOURCE;
				MTL_FAST_MATH = YES;
				ONLY_ACTIVE_ARCH = YES;
				SDKROOT = iphoneos;
				SWIFT_ACTIVE_COMPILATION_CONDITIONS = DEBUG;
				SWIFT_OPTIMIZATION_LEVEL = "-Onone";
			};
			name = Debug;
		};
		DA4899F6257A08A8005E39ED /* Release */ = {
			isa = XCBuildConfiguration;
			buildSettings = {
				ALWAYS_SEARCH_USER_PATHS = NO;
				CLANG_ANALYZER_NONNULL = YES;
				CLANG_ANALYZER_NUMBER_OBJECT_CONVERSION = YES_AGGRESSIVE;
				CLANG_CXX_LANGUAGE_STANDARD = "gnu++14";
				CLANG_CXX_LIBRARY = "libc++";
				CLANG_ENABLE_MODULES = YES;
				CLANG_ENABLE_OBJC_ARC = YES;
				CLANG_ENABLE_OBJC_WEAK = YES;
				CLANG_WARN_BLOCK_CAPTURE_AUTORELEASING = YES;
				CLANG_WARN_BOOL_CONVERSION = YES;
				CLANG_WARN_COMMA = YES;
				CLANG_WARN_CONSTANT_CONVERSION = YES;
				CLANG_WARN_DEPRECATED_OBJC_IMPLEMENTATIONS = YES;
				CLANG_WARN_DIRECT_OBJC_ISA_USAGE = YES_ERROR;
				CLANG_WARN_DOCUMENTATION_COMMENTS = YES;
				CLANG_WARN_EMPTY_BODY = YES;
				CLANG_WARN_ENUM_CONVERSION = YES;
				CLANG_WARN_INFINITE_RECURSION = YES;
				CLANG_WARN_INT_CONVERSION = YES;
				CLANG_WARN_NON_LITERAL_NULL_CONVERSION = YES;
				CLANG_WARN_OBJC_IMPLICIT_RETAIN_SELF = YES;
				CLANG_WARN_OBJC_LITERAL_CONVERSION = YES;
				CLANG_WARN_OBJC_ROOT_CLASS = YES_ERROR;
				CLANG_WARN_QUOTED_INCLUDE_IN_FRAMEWORK_HEADER = YES;
				CLANG_WARN_RANGE_LOOP_ANALYSIS = YES;
				CLANG_WARN_STRICT_PROTOTYPES = YES;
				CLANG_WARN_SUSPICIOUS_MOVE = YES;
				CLANG_WARN_UNGUARDED_AVAILABILITY = YES_AGGRESSIVE;
				CLANG_WARN_UNREACHABLE_CODE = YES;
				CLANG_WARN__DUPLICATE_METHOD_MATCH = YES;
				COPY_PHASE_STRIP = NO;
				DEBUG_INFORMATION_FORMAT = "dwarf-with-dsym";
				ENABLE_NS_ASSERTIONS = NO;
				ENABLE_STRICT_OBJC_MSGSEND = YES;
				GCC_C_LANGUAGE_STANDARD = gnu11;
				GCC_NO_COMMON_BLOCKS = YES;
				GCC_WARN_64_TO_32_BIT_CONVERSION = YES;
				GCC_WARN_ABOUT_RETURN_TYPE = YES_ERROR;
				GCC_WARN_UNDECLARED_SELECTOR = YES;
				GCC_WARN_UNINITIALIZED_AUTOS = YES_AGGRESSIVE;
				GCC_WARN_UNUSED_FUNCTION = YES;
				GCC_WARN_UNUSED_VARIABLE = YES;
				IPHONEOS_DEPLOYMENT_TARGET = 12.0;
				MTL_ENABLE_DEBUG_INFO = NO;
				MTL_FAST_MATH = YES;
				SDKROOT = iphoneos;
				SWIFT_COMPILATION_MODE = wholemodule;
				SWIFT_OPTIMIZATION_LEVEL = "-O";
				VALIDATE_PRODUCT = YES;
			};
			name = Release;
		};
		DA4899F8257A08A8005E39ED /* Debug */ = {
			isa = XCBuildConfiguration;
			baseConfigurationReference = 2D2405592E98948CDE582F1F /* Pods-Dayol-iOS.debug.xcconfig */;
			buildSettings = {
				ASSETCATALOG_COMPILER_APPICON_NAME = AppIcon;
				ASSETCATALOG_COMPILER_GLOBAL_ACCENT_COLOR_NAME = AccentColor;
				CODE_SIGN_STYLE = Automatic;
				DAYOL_Bundle_Identifier = com.dayolstudio.Dayol.beta;
				DAYOL_Name = "DAYOL Beta\n";
				DEBUG_INFORMATION_FORMAT = "dwarf-with-dsym";
				ENABLE_BITCODE = NO;
				INFOPLIST_FILE = "Dayol-iOS/Info.plist";
				LD_RUNPATH_SEARCH_PATHS = (
					"$(inherited)",
					"@executable_path/Frameworks",
				);
				PRODUCT_BUNDLE_IDENTIFIER = com.dayolstudio.Dayol.beta;
				PRODUCT_NAME = "DAYOL Beta";
				SWIFT_VERSION = 5.0;
				TARGETED_DEVICE_FAMILY = "1,2";
				VERSIONING_SYSTEM = "apple-generic";
			};
			name = Debug;
		};
		DA4899F9257A08A8005E39ED /* Release */ = {
			isa = XCBuildConfiguration;
			baseConfigurationReference = 972D81BFA99D271110503E85 /* Pods-Dayol-iOS.release.xcconfig */;
			buildSettings = {
				ASSETCATALOG_COMPILER_APPICON_NAME = AppIcon;
				ASSETCATALOG_COMPILER_GLOBAL_ACCENT_COLOR_NAME = AccentColor;
				CODE_SIGN_STYLE = Automatic;
				DAYOL_Bundle_Identifier = com.dayolstudio.Dayol;
				DAYOL_Name = DAYOL;
				DEBUG_INFORMATION_FORMAT = "dwarf-with-dsym";
				ENABLE_BITCODE = NO;
				INFOPLIST_FILE = "Dayol-iOS/Info.plist";
				LD_RUNPATH_SEARCH_PATHS = (
					"$(inherited)",
					"@executable_path/Frameworks",
				);
				PRODUCT_BUNDLE_IDENTIFIER = com.dayolstudio.Dayol;
				PRODUCT_NAME = DAYOL;
				SWIFT_VERSION = 5.0;
				TARGETED_DEVICE_FAMILY = "1,2";
				VERSIONING_SYSTEM = "apple-generic";
			};
			name = Release;
		};
/* End XCBuildConfiguration section */

/* Begin XCConfigurationList section */
		DA4899DE257A08A6005E39ED /* Build configuration list for PBXProject "Dayol-iOS" */ = {
			isa = XCConfigurationList;
			buildConfigurations = (
				DA4899F5257A08A8005E39ED /* Debug */,
				DA4899F6257A08A8005E39ED /* Release */,
			);
			defaultConfigurationIsVisible = 0;
			defaultConfigurationName = Release;
		};
		DA4899F7257A08A8005E39ED /* Build configuration list for PBXNativeTarget "Dayol-iOS" */ = {
			isa = XCConfigurationList;
			buildConfigurations = (
				DA4899F8257A08A8005E39ED /* Debug */,
				DA4899F9257A08A8005E39ED /* Release */,
			);
			defaultConfigurationIsVisible = 0;
			defaultConfigurationName = Release;
		};
/* End XCConfigurationList section */
	};
	rootObject = DA4899DB257A08A6005E39ED /* Project object */;
}
