// !$*UTF8*$!
{
	archiveVersion = 1;
	classes = {
	};
	objectVersion = 51;
	objects = {

/* Begin PBXBuildFile section */
		340E56A125C2DC73007F2EF7 /* DYToastView.swift in Sources */ = {isa = PBXBuildFile; fileRef = 340E56A025C2DC73007F2EF7 /* DYToastView.swift */; };
		340E56A425C2E2A7007F2EF7 /* UIView+Extension.swift in Sources */ = {isa = PBXBuildFile; fileRef = 340E56A325C2E2A7007F2EF7 /* UIView+Extension.swift */; };
		340E56AA25C831E2007F2EF7 /* InfoView.swift in Sources */ = {isa = PBXBuildFile; fileRef = 340E56A925C831E2007F2EF7 /* InfoView.swift */; };
		340E56B325C85B5F007F2EF7 /* AddPaperHeaderView.swift in Sources */ = {isa = PBXBuildFile; fileRef = 340E56B225C85B5F007F2EF7 /* AddPaperHeaderView.swift */; };
		340E56B825C8684A007F2EF7 /* PaperListHeaderView.swift in Sources */ = {isa = PBXBuildFile; fileRef = 340E56B725C8684A007F2EF7 /* PaperListHeaderView.swift */; };
		340E56BC25C9748D007F2EF7 /* PaperListContentView.swift in Sources */ = {isa = PBXBuildFile; fileRef = 340E56BB25C9748D007F2EF7 /* PaperListContentView.swift */; };
		340E56C025C975DE007F2EF7 /* PaperListContentViewModel.swift in Sources */ = {isa = PBXBuildFile; fileRef = 340E56BF25C975DE007F2EF7 /* PaperListContentViewModel.swift */; };
		3416445325D8C0A900A81FD2 /* DeletedPageListView.swift in Sources */ = {isa = PBXBuildFile; fileRef = 3416445225D8C0A900A81FD2 /* DeletedPageListView.swift */; };
		3416445725D8C20600A81FD2 /* DeletedPageViewModel.swift in Sources */ = {isa = PBXBuildFile; fileRef = 3416445625D8C20600A81FD2 /* DeletedPageViewModel.swift */; };
		3416446225D96C3100A81FD2 /* DeletedPageCell.swift in Sources */ = {isa = PBXBuildFile; fileRef = 3416446125D96C3100A81FD2 /* DeletedPageCell.swift */; };
		3416447F25DAB62100A81FD2 /* CALayer+Extension.swift in Sources */ = {isa = PBXBuildFile; fileRef = 3416447E25DAB62100A81FD2 /* CALayer+Extension.swift */; };
		3416448925DC05A900A81FD2 /* FourPaper.swift in Sources */ = {isa = PBXBuildFile; fileRef = 3416448825DC05A900A81FD2 /* FourPaper.swift */; };
		3434B76B25A4797B00506152 /* DYModalViewController.swift in Sources */ = {isa = PBXBuildFile; fileRef = 3434B76A25A4797B00506152 /* DYModalViewController.swift */; };
		3434B76F25A479D800506152 /* DYModalConfiguration.swift in Sources */ = {isa = PBXBuildFile; fileRef = 3434B76E25A479D800506152 /* DYModalConfiguration.swift */; };
		3446621125C0480700656775 /* PaperPresentView.swift in Sources */ = {isa = PBXBuildFile; fileRef = 3446621025C0480700656775 /* PaperPresentView.swift */; };
		3446621F25C1A07A00656775 /* CornellPaper.swift in Sources */ = {isa = PBXBuildFile; fileRef = 3446621E25C1A07A00656775 /* CornellPaper.swift */; };
		3449D2C425ADDB510050C02A /* AddPaperContentViewModel.swift in Sources */ = {isa = PBXBuildFile; fileRef = 3449D2C325ADDB510050C02A /* AddPaperContentViewModel.swift */; };
		3449D2CA25ADF6520050C02A /* AddPaperModel.swift in Sources */ = {isa = PBXBuildFile; fileRef = 3449D2C925ADF6520050C02A /* AddPaperModel.swift */; };
		3449D2D325AF23AE0050C02A /* AddPaperCell.swift in Sources */ = {isa = PBXBuildFile; fileRef = 3449D2D225AF23AE0050C02A /* AddPaperCell.swift */; };
		3449D2D725AF24DA0050C02A /* AddPaperContentView+UICollectionView.swift in Sources */ = {isa = PBXBuildFile; fileRef = 3449D2D625AF24DA0050C02A /* AddPaperContentView+UICollectionView.swift */; };
		3449D2DB25B0B9630050C02A /* AddPaperHeaderReusableView.swift in Sources */ = {isa = PBXBuildFile; fileRef = 3449D2DA25B0B9630050C02A /* AddPaperHeaderReusableView.swift */; };
		3452670725DD63AF00EC6F9D /* DataBackupView.swift in Sources */ = {isa = PBXBuildFile; fileRef = 3452670625DD63AF00EC6F9D /* DataBackupView.swift */; };
		3452670C25DD644B00EC6F9D /* DataBackupViewModel.swift in Sources */ = {isa = PBXBuildFile; fileRef = 3452670B25DD644B00EC6F9D /* DataBackupViewModel.swift */; };
		3452671025DD64AE00EC6F9D /* DataBackupCloudContentView.swift in Sources */ = {isa = PBXBuildFile; fileRef = 3452670F25DD64AD00EC6F9D /* DataBackupCloudContentView.swift */; };
		3452671325DD66F400EC6F9D /* DataBackupExportContentView.swift in Sources */ = {isa = PBXBuildFile; fileRef = 3452671225DD66F400EC6F9D /* DataBackupExportContentView.swift */; };
		346779C425B47C6F001427F8 /* DiaryEditViewController+PhotoPicker.swift in Sources */ = {isa = PBXBuildFile; fileRef = 346779C325B47C6F001427F8 /* DiaryEditViewController+PhotoPicker.swift */; };
		34733DC125D189F500C3A997 /* DetailSettingsViewController.swift in Sources */ = {isa = PBXBuildFile; fileRef = 34733DC025D189F500C3A997 /* DetailSettingsViewController.swift */; };
		34788856261E0B4B00692ED7 /* LassoInfoView.swift in Sources */ = {isa = PBXBuildFile; fileRef = 34788855261E0B4B00692ED7 /* LassoInfoView.swift */; };
		34A11A4725ADC3CA00678F98 /* PaperModalViewController.swift in Sources */ = {isa = PBXBuildFile; fileRef = 34A11A4625ADC3CA00678F98 /* PaperModalViewController.swift */; };
		34A11A4B25ADC8F700678F98 /* UnderLineButton.swift in Sources */ = {isa = PBXBuildFile; fileRef = 34A11A4A25ADC8F700678F98 /* UnderLineButton.swift */; };
		34A11A4F25ADC93300678F98 /* AddPaperContentView.swift in Sources */ = {isa = PBXBuildFile; fileRef = 34A11A4E25ADC93300678F98 /* AddPaperContentView.swift */; };
		34A2EDC225B856D1008DB98D /* PaperModel.swift in Sources */ = {isa = PBXBuildFile; fileRef = 34A2EDC125B856D1008DB98D /* PaperModel.swift */; };
		34A2EDC525B85EDA008DB98D /* MujiPaper.swift in Sources */ = {isa = PBXBuildFile; fileRef = 34A2EDC425B85EDA008DB98D /* MujiPaper.swift */; };
		34A2EDC825B86082008DB98D /* DailyPaper.swift in Sources */ = {isa = PBXBuildFile; fileRef = 34A2EDC725B86082008DB98D /* DailyPaper.swift */; };
		34A2EDCC25B86210008DB98D /* PaperViewModel.swift in Sources */ = {isa = PBXBuildFile; fileRef = 34A2EDCB25B86210008DB98D /* PaperViewModel.swift */; };
		34A2EDCF25B87953008DB98D /* GridPaper.swift in Sources */ = {isa = PBXBuildFile; fileRef = 34A2EDCE25B87953008DB98D /* GridPaper.swift */; };
		34A2EDD425B88DB0008DB98D /* BasePaper.swift in Sources */ = {isa = PBXBuildFile; fileRef = 34A2EDD325B88DB0008DB98D /* BasePaper.swift */; };
		34AD5A7725C97C3F00D9E29C /* PaperListContentView+CollectionView.swift in Sources */ = {isa = PBXBuildFile; fileRef = 34AD5A7625C97C3F00D9E29C /* PaperListContentView+CollectionView.swift */; };
		34AD5A7A25C97D0900D9E29C /* PaperListCell.swift in Sources */ = {isa = PBXBuildFile; fileRef = 34AD5A7925C97D0900D9E29C /* PaperListCell.swift */; };
		34AD5A8425C9A87600D9E29C /* PaperListAddCell.swift in Sources */ = {isa = PBXBuildFile; fileRef = 34AD5A8325C9A87600D9E29C /* PaperListAddCell.swift */; };
		34B6C14125BDB28400C2596F /* DYKeyboardInputAccessoryView.swift in Sources */ = {isa = PBXBuildFile; fileRef = 34B6C14025BDB28400C2596F /* DYKeyboardInputAccessoryView.swift */; };
		34BB085626120C2F0000377E /* DiaryEditViewController+ToolBar.swift in Sources */ = {isa = PBXBuildFile; fileRef = 34BB085526120C2F0000377E /* DiaryEditViewController+ToolBar.swift */; };
		34BB085E2612178F0000377E /* EraseSettingView.swift in Sources */ = {isa = PBXBuildFile; fileRef = 34BB085D2612178F0000377E /* EraseSettingView.swift */; };
		34BB086226135E030000377E /* EraseOptionButton.swift in Sources */ = {isa = PBXBuildFile; fileRef = 34BB086126135E030000377E /* EraseOptionButton.swift */; };
		34C7B3692619763300BC6A28 /* TextStyleView.swift in Sources */ = {isa = PBXBuildFile; fileRef = 34C7B3682619763300BC6A28 /* TextStyleView.swift */; };
		34C7B36C2619765500BC6A28 /* TextStyleModel.swift in Sources */ = {isa = PBXBuildFile; fileRef = 34C7B36B2619765500BC6A28 /* TextStyleModel.swift */; };
		34C7B36F26197C4600BC6A28 /* TextStyleViewModel.swift in Sources */ = {isa = PBXBuildFile; fileRef = 34C7B36E26197C4600BC6A28 /* TextStyleViewModel.swift */; };
		34C7B3722619818F00BC6A28 /* TextStyleOptionView.swift in Sources */ = {isa = PBXBuildFile; fileRef = 34C7B3712619818F00BC6A28 /* TextStyleOptionView.swift */; };
		34C7B3752619819D00BC6A28 /* TextStyleFontView.swift in Sources */ = {isa = PBXBuildFile; fileRef = 34C7B3742619819D00BC6A28 /* TextStyleFontView.swift */; };
		34C7B37926199DA600BC6A28 /* TextStyleTextSizeOptionView.swift in Sources */ = {isa = PBXBuildFile; fileRef = 34C7B37826199DA600BC6A28 /* TextStyleTextSizeOptionView.swift */; };
		34C7B37E2619E2C800BC6A28 /* TextStyleAdditionalOptionView.swift in Sources */ = {isa = PBXBuildFile; fileRef = 34C7B37D2619E2C800BC6A28 /* TextStyleAdditionalOptionView.swift */; };
		34C7B3822619EA9200BC6A28 /* TextStyleLineSpaceOptionView.swift in Sources */ = {isa = PBXBuildFile; fileRef = 34C7B3812619EA9200BC6A28 /* TextStyleLineSpaceOptionView.swift */; };
		34CA253A25A613220057404D /* Localizable.strings in Resources */ = {isa = PBXBuildFile; fileRef = 34CA253C25A613220057404D /* Localizable.strings */; };
		34CA254225A613CE0057404D /* String+Extension.swift in Sources */ = {isa = PBXBuildFile; fileRef = 34CA254125A613CE0057404D /* String+Extension.swift */; };
		34CA254625A6190D0057404D /* SettingsViewController.swift in Sources */ = {isa = PBXBuildFile; fileRef = 34CA254525A6190D0057404D /* SettingsViewController.swift */; };
		34CA254C25A619B20057404D /* SettingsModel.swift in Sources */ = {isa = PBXBuildFile; fileRef = 34CA254B25A619B20057404D /* SettingsModel.swift */; };
		34CA254F25A61BBE0057404D /* InAppSettingCell.swift in Sources */ = {isa = PBXBuildFile; fileRef = 34CA254E25A61BBE0057404D /* InAppSettingCell.swift */; };
		34CA255425A61DD10057404D /* NSObject+Extension.swift in Sources */ = {isa = PBXBuildFile; fileRef = 34CA255325A61DD10057404D /* NSObject+Extension.swift */; };
		34CA255825A74A7A0057404D /* SettingsViewModel.swift in Sources */ = {isa = PBXBuildFile; fileRef = 34CA255725A74A7A0057404D /* SettingsViewModel.swift */; };
		34CA255B25A75A340057404D /* SettingCellProtocol.swift in Sources */ = {isa = PBXBuildFile; fileRef = 34CA255A25A75A340057404D /* SettingCellProtocol.swift */; };
		34CA255E25A761060057404D /* OutAppSettingCell.swift in Sources */ = {isa = PBXBuildFile; fileRef = 34CA255D25A761060057404D /* OutAppSettingCell.swift */; };
		CC7CC488D36CE71AEE14FCCC /* Pods_Dayol_iOS.framework in Frameworks */ = {isa = PBXBuildFile; fileRef = F9B784880CAEBCC10F25DE99 /* Pods_Dayol_iOS.framework */; };
		CE0603542588EDB600FBBEF0 /* PopupPresentDelegate.swift in Sources */ = {isa = PBXBuildFile; fileRef = CE0603532588EDB600FBBEF0 /* PopupPresentDelegate.swift */; };
		CE06035B25890B1700FBBEF0 /* DayolAlertAction.swift in Sources */ = {isa = PBXBuildFile; fileRef = CE06035A25890B1700FBBEF0 /* DayolAlertAction.swift */; };
		CE8DCADF258D28F4007738EA /* FavoriteViewController.swift in Sources */ = {isa = PBXBuildFile; fileRef = CE8DCAD8258D28F4007738EA /* FavoriteViewController.swift */; };
		CE8DCAE0258D28F4007738EA /* DiaryListViewController.swift in Sources */ = {isa = PBXBuildFile; fileRef = CE8DCAD9258D28F4007738EA /* DiaryListViewController.swift */; };
		CE8DCAE1258D28F4007738EA /* HomeViewController.swift in Sources */ = {isa = PBXBuildFile; fileRef = CE8DCADA258D28F4007738EA /* HomeViewController.swift */; };
		CE8DCAE2258D28F4007738EA /* HomeTabBarView.swift in Sources */ = {isa = PBXBuildFile; fileRef = CE8DCADC258D28F4007738EA /* HomeTabBarView.swift */; };
		CE8DCAE3258D28F4007738EA /* HomeEmptyView.swift in Sources */ = {isa = PBXBuildFile; fileRef = CE8DCADD258D28F4007738EA /* HomeEmptyView.swift */; };
		CE8DCAE4258D28F4007738EA /* HomeTabBarButton.swift in Sources */ = {isa = PBXBuildFile; fileRef = CE8DCADE258D28F4007738EA /* HomeTabBarButton.swift */; };
		CE8DCAEA258D292A007738EA /* NSAttributedString+Extension.swift in Sources */ = {isa = PBXBuildFile; fileRef = CE8DCAE7258D292A007738EA /* NSAttributedString+Extension.swift */; };
		CE8DCAEB258D292A007738EA /* UIFont+Extension.swift in Sources */ = {isa = PBXBuildFile; fileRef = CE8DCAE8258D292A007738EA /* UIFont+Extension.swift */; };
		CE8DCAEC258D292A007738EA /* UIColor+Extension.swift in Sources */ = {isa = PBXBuildFile; fileRef = CE8DCAE9258D292A007738EA /* UIColor+Extension.swift */; };
		CE8DCB11258FA502007738EA /* DiaryListViewModel.swift in Sources */ = {isa = PBXBuildFile; fileRef = CE8DCB10258FA502007738EA /* DiaryListViewModel.swift */; };
		CE8DCB16258FA5FD007738EA /* DiaryCoverModel.swift in Sources */ = {isa = PBXBuildFile; fileRef = CE8DCB15258FA5FD007738EA /* DiaryCoverModel.swift */; };
		CE8DCB25258FAE72007738EA /* Array+extension.swift in Sources */ = {isa = PBXBuildFile; fileRef = CE8DCB24258FAE72007738EA /* Array+extension.swift */; };
		CE8DCB2D258FB1A0007738EA /* DiaryListViewController+bind.swift in Sources */ = {isa = PBXBuildFile; fileRef = CE8DCB2C258FB1A0007738EA /* DiaryListViewController+bind.swift */; };
		CE8DCC912590E890007738EA /* DiaryListViewController+CollectionView.swift in Sources */ = {isa = PBXBuildFile; fileRef = CE8DCC902590E88F007738EA /* DiaryListViewController+CollectionView.swift */; };
		CE8DCC942590ECE8007738EA /* DiaryListCell.swift in Sources */ = {isa = PBXBuildFile; fileRef = CE8DCC932590ECE8007738EA /* DiaryListCell.swift */; };
		CE8DCC97259101B6007738EA /* DeviceInfo.swift in Sources */ = {isa = PBXBuildFile; fileRef = CE8DCC96259101B6007738EA /* DeviceInfo.swift */; };
		CEB9EE422583C94E005B66C9 /* DayolAlertViewController.swift in Sources */ = {isa = PBXBuildFile; fileRef = CEB9EE412583C94E005B66C9 /* DayolAlertViewController.swift */; };
		CEF135EF25811D130098BEC3 /* Common.xcassets in Resources */ = {isa = PBXBuildFile; fileRef = CEF135EE25811D130098BEC3 /* Common.xcassets */; };
		CEF135F225811DE30098BEC3 /* Assets.swift in Sources */ = {isa = PBXBuildFile; fileRef = CEF135F125811DE30098BEC3 /* Assets.swift */; };
		DA1D67DD25C064CC004AEB0E /* MonthlyCalendarViewDayCell.swift in Sources */ = {isa = PBXBuildFile; fileRef = DA1D67DC25C064CC004AEB0E /* MonthlyCalendarViewDayCell.swift */; };
		DA27AC5B25C6D6D400C71CDE /* WeeklyCalendarViewModel.swift in Sources */ = {isa = PBXBuildFile; fileRef = DA27AC5A25C6D6D400C71CDE /* WeeklyCalendarViewModel.swift */; };
		DA27AC5E25C81CB900C71CDE /* WeeklyCalendarHeaderView.swift in Sources */ = {isa = PBXBuildFile; fileRef = DA27AC5D25C81CB900C71CDE /* WeeklyCalendarHeaderView.swift */; };
		DA27AC6625C81D2700C71CDE /* WeeklyCalendarView.swift in Sources */ = {isa = PBXBuildFile; fileRef = DA27AC6525C81D2700C71CDE /* WeeklyCalendarView.swift */; };
		DA27AC6A25C8288B00C71CDE /* WeeklyCalendarViewCell.swift in Sources */ = {isa = PBXBuildFile; fileRef = DA27AC6925C8288B00C71CDE /* WeeklyCalendarViewCell.swift */; };
		DA27AC7525D16E6800C71CDE /* DiaryEditViewModel.swift in Sources */ = {isa = PBXBuildFile; fileRef = DA27AC7425D16E6800C71CDE /* DiaryEditViewModel.swift */; };
		DA27AC7B25D1751A00C71CDE /* DYTestData.swift in Sources */ = {isa = PBXBuildFile; fileRef = DA27AC7A25D1751A00C71CDE /* DYTestData.swift */; };
		DA311427260CE2FC002F99F7 /* StickerModalHeaderViewCell.swift in Sources */ = {isa = PBXBuildFile; fileRef = DA311426260CE2FC002F99F7 /* StickerModalHeaderViewCell.swift */; };
		DA31142B260CE313002F99F7 /* StickerModalCollectionViewCell.swift in Sources */ = {isa = PBXBuildFile; fileRef = DA31142A260CE313002F99F7 /* StickerModalCollectionViewCell.swift */; };
		DA3836BC258F2F2A0029464C /* PasswordViewModel.swift in Sources */ = {isa = PBXBuildFile; fileRef = DA3836BB258F2F2A0029464C /* PasswordViewModel.swift */; };
		DA4899E7257A08A6005E39ED /* AppDelegate.swift in Sources */ = {isa = PBXBuildFile; fileRef = DA4899E6257A08A6005E39ED /* AppDelegate.swift */; };
		DA4899F0257A08A8005E39ED /* Assets.xcassets in Resources */ = {isa = PBXBuildFile; fileRef = DA4899EF257A08A8005E39ED /* Assets.xcassets */; };
		DA4899F3257A08A8005E39ED /* LaunchScreen.storyboard in Resources */ = {isa = PBXBuildFile; fileRef = DA4899F1257A08A8005E39ED /* LaunchScreen.storyboard */; };
		DA81DF3B25BEE49A00A4B2CE /* MonthlyCalendarView.swift in Sources */ = {isa = PBXBuildFile; fileRef = DA81DF3A25BEE49A00A4B2CE /* MonthlyCalendarView.swift */; };
		DA81DF4625BEE5A400A4B2CE /* MonthlyCalendarHeaderView.swift in Sources */ = {isa = PBXBuildFile; fileRef = DA81DF4525BEE5A400A4B2CE /* MonthlyCalendarHeaderView.swift */; };
		DA81DF4B25BEE5B600A4B2CE /* MonthlyCalendarCollectionView.swift in Sources */ = {isa = PBXBuildFile; fileRef = DA81DF4A25BEE5B600A4B2CE /* MonthlyCalendarCollectionView.swift */; };
		DA9A872F2610A93200ABCD07 /* DYStickerBaseView.swift in Sources */ = {isa = PBXBuildFile; fileRef = DA9A872E2610A93200ABCD07 /* DYStickerBaseView.swift */; };
		DA9A87322610A98100ABCD07 /* DYStickerWidthStretchableView.swift in Sources */ = {isa = PBXBuildFile; fileRef = DA9A87312610A98100ABCD07 /* DYStickerWidthStretchableView.swift */; };
		DA9A87362610A9FB00ABCD07 /* DYStickerHeightStretchableView.swift in Sources */ = {isa = PBXBuildFile; fileRef = DA9A87352610A9FB00ABCD07 /* DYStickerHeightStretchableView.swift */; };
		DA9A87392610AA3800ABCD07 /* DYStickerSizeStretchableView.swift in Sources */ = {isa = PBXBuildFile; fileRef = DA9A87382610AA3800ABCD07 /* DYStickerSizeStretchableView.swift */; };
		DAC04CC62592036F003A7BC8 /* DairyView.swift in Sources */ = {isa = PBXBuildFile; fileRef = DAC04CC52592036F003A7BC8 /* DairyView.swift */; };
		DAC04CCA25920C16003A7BC8 /* DiaryCoverView.swift in Sources */ = {isa = PBXBuildFile; fileRef = DAC04CC925920C16003A7BC8 /* DiaryCoverView.swift */; };
		DAC04CCE25920C25003A7BC8 /* DiaryLockerView.swift in Sources */ = {isa = PBXBuildFile; fileRef = DAC04CCD25920C25003A7BC8 /* DiaryLockerView.swift */; };
		DACE3B142587868B0067467B /* PasswordButtonsView.swift in Sources */ = {isa = PBXBuildFile; fileRef = DACE3B132587868B0067467B /* PasswordButtonsView.swift */; };
		DACE3B19258792180067467B /* PasswordTitleView.swift in Sources */ = {isa = PBXBuildFile; fileRef = DACE3B18258792180067467B /* PasswordTitleView.swift */; };
		DACE3B1C25879EE20067467B /* PasswordDisplayedView.swift in Sources */ = {isa = PBXBuildFile; fileRef = DACE3B1B25879EE20067467B /* PasswordDisplayedView.swift */; };
		DACE3B202587AEB90067467B /* PasswordButton.swift in Sources */ = {isa = PBXBuildFile; fileRef = DACE3B1F2587AEB90067467B /* PasswordButton.swift */; };
		DACE3B232587BD1A0067467B /* DXRMbxStd-B.otf in Resources */ = {isa = PBXBuildFile; fileRef = DACE3B222587BD1A0067467B /* DXRMbxStd-B.otf */; };
		DAD489EF26026A33008B542E /* DrawingContentView.swift in Sources */ = {isa = PBXBuildFile; fileRef = DAD489EE26026A33008B542E /* DrawingContentView.swift */; };
		DAD489F326026A41008B542E /* StickerContentView.swift in Sources */ = {isa = PBXBuildFile; fileRef = DAD489F226026A41008B542E /* StickerContentView.swift */; };
		DAD48A23260C9DF8008B542E /* DiaryPaperEditViewController.swift in Sources */ = {isa = PBXBuildFile; fileRef = DAD48A22260C9DF8008B542E /* DiaryPaperEditViewController.swift */; };
		DAD48A26260CC943008B542E /* DiaryPaperViewModel.swift in Sources */ = {isa = PBXBuildFile; fileRef = DAD48A25260CC943008B542E /* DiaryPaperViewModel.swift */; };
		DAD48A29260CCAEC008B542E /* DiaryPaperEditViewModel.swift in Sources */ = {isa = PBXBuildFile; fileRef = DAD48A28260CCAEC008B542E /* DiaryPaperEditViewModel.swift */; };
		DAD48A2E260CD329008B542E /* StickerModalViewController.swift in Sources */ = {isa = PBXBuildFile; fileRef = DAD48A2D260CD329008B542E /* StickerModalViewController.swift */; };
		DAD48A33260CD551008B542E /* StickerModalHeaderView.swift in Sources */ = {isa = PBXBuildFile; fileRef = DAD48A32260CD551008B542E /* StickerModalHeaderView.swift */; };
		DAD48A36260CD563008B542E /* StickerModalCollectionView.swift in Sources */ = {isa = PBXBuildFile; fileRef = DAD48A35260CD563008B542E /* StickerModalCollectionView.swift */; };
		DAD66734259B551600E8F59A /* DiaryEditViewController.swift in Sources */ = {isa = PBXBuildFile; fileRef = DAD66733259B551600E8F59A /* DiaryEditViewController.swift */; };
		DAD66738259B570800E8F59A /* DYNavigationController.swift in Sources */ = {isa = PBXBuildFile; fileRef = DAD66737259B570800E8F59A /* DYNavigationController.swift */; };
		DAD66746259C691300E8F59A /* DYNavigationItemCreator.swift in Sources */ = {isa = PBXBuildFile; fileRef = DAD66745259C691300E8F59A /* DYNavigationItemCreator.swift */; };
		DAD6674B259C891D00E8F59A /* DYNavigationTitle.swift in Sources */ = {isa = PBXBuildFile; fileRef = DAD6674A259C891D00E8F59A /* DYNavigationTitle.swift */; };
		DAD6674E259C8C5B00E8F59A /* DYNavigationEditableTitle.swift in Sources */ = {isa = PBXBuildFile; fileRef = DAD6674D259C8C5B00E8F59A /* DYNavigationEditableTitle.swift */; };
		DAD66751259F44D300E8F59A /* DYNavigationDrawingToolbar.swift in Sources */ = {isa = PBXBuildFile; fileRef = DAD66750259F44D300E8F59A /* DYNavigationDrawingToolbar.swift */; };
		DAD6675425A18BAE00E8F59A /* DYNavigationFunctionToolBar.swift in Sources */ = {isa = PBXBuildFile; fileRef = DAD6675325A18BAD00E8F59A /* DYNavigationFunctionToolBar.swift */; };
		DADD09F725A335C2004D6CF0 /* DiaryEditToggleView.swift in Sources */ = {isa = PBXBuildFile; fileRef = DADD09F625A335C2004D6CF0 /* DiaryEditToggleView.swift */; };
		DADD09FB25A33674004D6CF0 /* DiaryEditCoverView.swift in Sources */ = {isa = PBXBuildFile; fileRef = DADD09FA25A33674004D6CF0 /* DiaryEditCoverView.swift */; };
		DADD09FE25A33695004D6CF0 /* DiaryEditColorPaletteView.swift in Sources */ = {isa = PBXBuildFile; fileRef = DADD09FD25A33695004D6CF0 /* DiaryEditColorPaletteView.swift */; };
		DADD0A0125A34ED6004D6CF0 /* DiaryCoverColor.swift in Sources */ = {isa = PBXBuildFile; fileRef = DADD0A0025A34ED6004D6CF0 /* DiaryCoverColor.swift */; };
		DADD0A0525A35445004D6CF0 /* DiaryEditColorPaletteCell.swift in Sources */ = {isa = PBXBuildFile; fileRef = DADD0A0425A35445004D6CF0 /* DiaryEditColorPaletteCell.swift */; };
		DADD0A1925A72907004D6CF0 /* DiaryPaperViewerViewController.swift in Sources */ = {isa = PBXBuildFile; fileRef = DADD0A1825A72907004D6CF0 /* DiaryPaperViewerViewController.swift */; };
		DADD0A2025A72A6A004D6CF0 /* DiaryPaperEmptyView.swift in Sources */ = {isa = PBXBuildFile; fileRef = DADD0A1F25A72A6A004D6CF0 /* DiaryPaperEmptyView.swift */; };
		DADD0AD425AF24FC004D6CF0 /* DYStickerView.swift in Sources */ = {isa = PBXBuildFile; fileRef = DADD0AD325AF24FC004D6CF0 /* DYStickerView.swift */; };
		DAE29CEB2584F2100028010B /* PasswordViewController.swift in Sources */ = {isa = PBXBuildFile; fileRef = DAE29CEA2584F2100028010B /* PasswordViewController.swift */; };
		DAEB92DE2596F72E00FA5551 /* DifferentEdgeSettableView.swift in Sources */ = {isa = PBXBuildFile; fileRef = DAEB92DD2596F72E00FA5551 /* DifferentEdgeSettableView.swift */; };
		DAEF76A425F66EE7007CAA93 /* DiaryPaperViewerViewModel.swift in Sources */ = {isa = PBXBuildFile; fileRef = DAEF76A325F66EE7007CAA93 /* DiaryPaperViewerViewModel.swift */; };
		DAEF76A725F66F15007CAA93 /* DiaryPaperViewerModel.swift in Sources */ = {isa = PBXBuildFile; fileRef = DAEF76A625F66F15007CAA93 /* DiaryPaperViewerModel.swift */; };
		DAEF76B225F90D6E007CAA93 /* DiaryPaperViewerViewController+UIPageViewController.swift in Sources */ = {isa = PBXBuildFile; fileRef = DAEF76B125F90D6E007CAA93 /* DiaryPaperViewerViewController+UIPageViewController.swift */; };
		DAEF76BC25F90ED6007CAA93 /* DiaryPaperViewController.swift in Sources */ = {isa = PBXBuildFile; fileRef = DAEF76BB25F90ED6007CAA93 /* DiaryPaperViewController.swift */; };
		DAF18E8225B6FB21007ACFAC /* VolteW03Semibold.otf in Resources */ = {isa = PBXBuildFile; fileRef = DAF18E8125B6FB21007ACFAC /* VolteW03Semibold.otf */; };
		DAF18E9425B70C26007ACFAC /* Date+Calendar.swift in Sources */ = {isa = PBXBuildFile; fileRef = DAF18E9325B70C26007ACFAC /* Date+Calendar.swift */; };
		DAF18EA825B70FFD007ACFAC /* MonthlyCalendarViewModel.swift in Sources */ = {isa = PBXBuildFile; fileRef = DAF18EA725B70FFD007ACFAC /* MonthlyCalendarViewModel.swift */; };
/* End PBXBuildFile section */

/* Begin PBXFileReference section */
		2D2405592E98948CDE582F1F /* Pods-Dayol-iOS.debug.xcconfig */ = {isa = PBXFileReference; includeInIndex = 1; lastKnownFileType = text.xcconfig; name = "Pods-Dayol-iOS.debug.xcconfig"; path = "Target Support Files/Pods-Dayol-iOS/Pods-Dayol-iOS.debug.xcconfig"; sourceTree = "<group>"; };
		340E56A025C2DC73007F2EF7 /* DYToastView.swift */ = {isa = PBXFileReference; lastKnownFileType = sourcecode.swift; path = DYToastView.swift; sourceTree = "<group>"; };
		340E56A325C2E2A7007F2EF7 /* UIView+Extension.swift */ = {isa = PBXFileReference; lastKnownFileType = sourcecode.swift; path = "UIView+Extension.swift"; sourceTree = "<group>"; };
		340E56A925C831E2007F2EF7 /* InfoView.swift */ = {isa = PBXFileReference; lastKnownFileType = sourcecode.swift; path = InfoView.swift; sourceTree = "<group>"; };
		340E56B225C85B5F007F2EF7 /* AddPaperHeaderView.swift */ = {isa = PBXFileReference; lastKnownFileType = sourcecode.swift; path = AddPaperHeaderView.swift; sourceTree = "<group>"; };
		340E56B725C8684A007F2EF7 /* PaperListHeaderView.swift */ = {isa = PBXFileReference; lastKnownFileType = sourcecode.swift; path = PaperListHeaderView.swift; sourceTree = "<group>"; };
		340E56BB25C9748D007F2EF7 /* PaperListContentView.swift */ = {isa = PBXFileReference; lastKnownFileType = sourcecode.swift; path = PaperListContentView.swift; sourceTree = "<group>"; };
		340E56BF25C975DE007F2EF7 /* PaperListContentViewModel.swift */ = {isa = PBXFileReference; lastKnownFileType = sourcecode.swift; path = PaperListContentViewModel.swift; sourceTree = "<group>"; };
		3416445225D8C0A900A81FD2 /* DeletedPageListView.swift */ = {isa = PBXFileReference; lastKnownFileType = sourcecode.swift; path = DeletedPageListView.swift; sourceTree = "<group>"; };
		3416445625D8C20600A81FD2 /* DeletedPageViewModel.swift */ = {isa = PBXFileReference; lastKnownFileType = sourcecode.swift; path = DeletedPageViewModel.swift; sourceTree = "<group>"; };
		3416446125D96C3100A81FD2 /* DeletedPageCell.swift */ = {isa = PBXFileReference; lastKnownFileType = sourcecode.swift; path = DeletedPageCell.swift; sourceTree = "<group>"; };
		3416447E25DAB62100A81FD2 /* CALayer+Extension.swift */ = {isa = PBXFileReference; lastKnownFileType = sourcecode.swift; path = "CALayer+Extension.swift"; sourceTree = "<group>"; };
		3416448825DC05A900A81FD2 /* FourPaper.swift */ = {isa = PBXFileReference; lastKnownFileType = sourcecode.swift; path = FourPaper.swift; sourceTree = "<group>"; };
		3434B76A25A4797B00506152 /* DYModalViewController.swift */ = {isa = PBXFileReference; lastKnownFileType = sourcecode.swift; path = DYModalViewController.swift; sourceTree = "<group>"; };
		3434B76E25A479D800506152 /* DYModalConfiguration.swift */ = {isa = PBXFileReference; lastKnownFileType = sourcecode.swift; path = DYModalConfiguration.swift; sourceTree = "<group>"; };
		3446621025C0480700656775 /* PaperPresentView.swift */ = {isa = PBXFileReference; lastKnownFileType = sourcecode.swift; path = PaperPresentView.swift; sourceTree = "<group>"; };
		3446621E25C1A07A00656775 /* CornellPaper.swift */ = {isa = PBXFileReference; lastKnownFileType = sourcecode.swift; path = CornellPaper.swift; sourceTree = "<group>"; };
		3449D2C325ADDB510050C02A /* AddPaperContentViewModel.swift */ = {isa = PBXFileReference; lastKnownFileType = sourcecode.swift; path = AddPaperContentViewModel.swift; sourceTree = "<group>"; };
		3449D2C925ADF6520050C02A /* AddPaperModel.swift */ = {isa = PBXFileReference; lastKnownFileType = sourcecode.swift; path = AddPaperModel.swift; sourceTree = "<group>"; };
		3449D2D225AF23AE0050C02A /* AddPaperCell.swift */ = {isa = PBXFileReference; lastKnownFileType = sourcecode.swift; path = AddPaperCell.swift; sourceTree = "<group>"; };
		3449D2D625AF24DA0050C02A /* AddPaperContentView+UICollectionView.swift */ = {isa = PBXFileReference; lastKnownFileType = sourcecode.swift; path = "AddPaperContentView+UICollectionView.swift"; sourceTree = "<group>"; };
		3449D2DA25B0B9630050C02A /* AddPaperHeaderReusableView.swift */ = {isa = PBXFileReference; lastKnownFileType = sourcecode.swift; path = AddPaperHeaderReusableView.swift; sourceTree = "<group>"; };
		3452670625DD63AF00EC6F9D /* DataBackupView.swift */ = {isa = PBXFileReference; lastKnownFileType = sourcecode.swift; path = DataBackupView.swift; sourceTree = "<group>"; };
		3452670B25DD644B00EC6F9D /* DataBackupViewModel.swift */ = {isa = PBXFileReference; lastKnownFileType = sourcecode.swift; path = DataBackupViewModel.swift; sourceTree = "<group>"; };
		3452670F25DD64AD00EC6F9D /* DataBackupCloudContentView.swift */ = {isa = PBXFileReference; lastKnownFileType = sourcecode.swift; path = DataBackupCloudContentView.swift; sourceTree = "<group>"; };
		3452671225DD66F400EC6F9D /* DataBackupExportContentView.swift */ = {isa = PBXFileReference; lastKnownFileType = sourcecode.swift; path = DataBackupExportContentView.swift; sourceTree = "<group>"; };
		346779C325B47C6F001427F8 /* DiaryEditViewController+PhotoPicker.swift */ = {isa = PBXFileReference; fileEncoding = 4; lastKnownFileType = sourcecode.swift; path = "DiaryEditViewController+PhotoPicker.swift"; sourceTree = "<group>"; };
		34733DC025D189F500C3A997 /* DetailSettingsViewController.swift */ = {isa = PBXFileReference; lastKnownFileType = sourcecode.swift; path = DetailSettingsViewController.swift; sourceTree = "<group>"; };
		34788855261E0B4B00692ED7 /* LassoInfoView.swift */ = {isa = PBXFileReference; lastKnownFileType = sourcecode.swift; path = LassoInfoView.swift; sourceTree = "<group>"; };
		34A11A4625ADC3CA00678F98 /* PaperModalViewController.swift */ = {isa = PBXFileReference; lastKnownFileType = sourcecode.swift; path = PaperModalViewController.swift; sourceTree = "<group>"; };
		34A11A4A25ADC8F700678F98 /* UnderLineButton.swift */ = {isa = PBXFileReference; lastKnownFileType = sourcecode.swift; path = UnderLineButton.swift; sourceTree = "<group>"; };
		34A11A4E25ADC93300678F98 /* AddPaperContentView.swift */ = {isa = PBXFileReference; lastKnownFileType = sourcecode.swift; path = AddPaperContentView.swift; sourceTree = "<group>"; };
		34A2EDC125B856D1008DB98D /* PaperModel.swift */ = {isa = PBXFileReference; lastKnownFileType = sourcecode.swift; path = PaperModel.swift; sourceTree = "<group>"; };
		34A2EDC425B85EDA008DB98D /* MujiPaper.swift */ = {isa = PBXFileReference; lastKnownFileType = sourcecode.swift; path = MujiPaper.swift; sourceTree = "<group>"; };
		34A2EDC725B86082008DB98D /* DailyPaper.swift */ = {isa = PBXFileReference; lastKnownFileType = sourcecode.swift; path = DailyPaper.swift; sourceTree = "<group>"; };
		34A2EDCB25B86210008DB98D /* PaperViewModel.swift */ = {isa = PBXFileReference; lastKnownFileType = sourcecode.swift; path = PaperViewModel.swift; sourceTree = "<group>"; };
		34A2EDCE25B87953008DB98D /* GridPaper.swift */ = {isa = PBXFileReference; lastKnownFileType = sourcecode.swift; path = GridPaper.swift; sourceTree = "<group>"; };
		34A2EDD325B88DB0008DB98D /* BasePaper.swift */ = {isa = PBXFileReference; lastKnownFileType = sourcecode.swift; path = BasePaper.swift; sourceTree = "<group>"; };
		34AD5A7625C97C3F00D9E29C /* PaperListContentView+CollectionView.swift */ = {isa = PBXFileReference; lastKnownFileType = sourcecode.swift; path = "PaperListContentView+CollectionView.swift"; sourceTree = "<group>"; };
		34AD5A7925C97D0900D9E29C /* PaperListCell.swift */ = {isa = PBXFileReference; lastKnownFileType = sourcecode.swift; path = PaperListCell.swift; sourceTree = "<group>"; };
		34AD5A8325C9A87600D9E29C /* PaperListAddCell.swift */ = {isa = PBXFileReference; lastKnownFileType = sourcecode.swift; path = PaperListAddCell.swift; sourceTree = "<group>"; };
		34B6C14025BDB28400C2596F /* DYKeyboardInputAccessoryView.swift */ = {isa = PBXFileReference; fileEncoding = 4; lastKnownFileType = sourcecode.swift; path = DYKeyboardInputAccessoryView.swift; sourceTree = "<group>"; };
		34BB085526120C2F0000377E /* DiaryEditViewController+ToolBar.swift */ = {isa = PBXFileReference; lastKnownFileType = sourcecode.swift; path = "DiaryEditViewController+ToolBar.swift"; sourceTree = "<group>"; };
		34BB085D2612178F0000377E /* EraseSettingView.swift */ = {isa = PBXFileReference; lastKnownFileType = sourcecode.swift; path = EraseSettingView.swift; sourceTree = "<group>"; };
		34BB086126135E030000377E /* EraseOptionButton.swift */ = {isa = PBXFileReference; lastKnownFileType = sourcecode.swift; path = EraseOptionButton.swift; sourceTree = "<group>"; };
		34C7B3682619763300BC6A28 /* TextStyleView.swift */ = {isa = PBXFileReference; lastKnownFileType = sourcecode.swift; path = TextStyleView.swift; sourceTree = "<group>"; };
		34C7B36B2619765500BC6A28 /* TextStyleModel.swift */ = {isa = PBXFileReference; lastKnownFileType = sourcecode.swift; path = TextStyleModel.swift; sourceTree = "<group>"; };
		34C7B36E26197C4600BC6A28 /* TextStyleViewModel.swift */ = {isa = PBXFileReference; lastKnownFileType = sourcecode.swift; path = TextStyleViewModel.swift; sourceTree = "<group>"; };
		34C7B3712619818F00BC6A28 /* TextStyleOptionView.swift */ = {isa = PBXFileReference; lastKnownFileType = sourcecode.swift; path = TextStyleOptionView.swift; sourceTree = "<group>"; };
		34C7B3742619819D00BC6A28 /* TextStyleFontView.swift */ = {isa = PBXFileReference; lastKnownFileType = sourcecode.swift; path = TextStyleFontView.swift; sourceTree = "<group>"; };
		34C7B37826199DA600BC6A28 /* TextStyleTextSizeOptionView.swift */ = {isa = PBXFileReference; lastKnownFileType = sourcecode.swift; path = TextStyleTextSizeOptionView.swift; sourceTree = "<group>"; };
		34C7B37D2619E2C800BC6A28 /* TextStyleAdditionalOptionView.swift */ = {isa = PBXFileReference; lastKnownFileType = sourcecode.swift; path = TextStyleAdditionalOptionView.swift; sourceTree = "<group>"; };
		34C7B3812619EA9200BC6A28 /* TextStyleLineSpaceOptionView.swift */ = {isa = PBXFileReference; lastKnownFileType = sourcecode.swift; path = TextStyleLineSpaceOptionView.swift; sourceTree = "<group>"; };
		34CA253B25A613220057404D /* en */ = {isa = PBXFileReference; lastKnownFileType = text.plist.strings; name = en; path = en.lproj/Localizable.strings; sourceTree = "<group>"; };
		34CA253E25A613540057404D /* ko */ = {isa = PBXFileReference; lastKnownFileType = text.plist.strings; name = ko; path = ko.lproj/LaunchScreen.strings; sourceTree = "<group>"; };
		34CA253F25A613540057404D /* ko */ = {isa = PBXFileReference; lastKnownFileType = text.plist.strings; name = ko; path = ko.lproj/Localizable.strings; sourceTree = "<group>"; };
		34CA254125A613CE0057404D /* String+Extension.swift */ = {isa = PBXFileReference; lastKnownFileType = sourcecode.swift; path = "String+Extension.swift"; sourceTree = "<group>"; };
		34CA254525A6190D0057404D /* SettingsViewController.swift */ = {isa = PBXFileReference; lastKnownFileType = sourcecode.swift; path = SettingsViewController.swift; sourceTree = "<group>"; };
		34CA254B25A619B20057404D /* SettingsModel.swift */ = {isa = PBXFileReference; lastKnownFileType = sourcecode.swift; path = SettingsModel.swift; sourceTree = "<group>"; };
		34CA254E25A61BBE0057404D /* InAppSettingCell.swift */ = {isa = PBXFileReference; lastKnownFileType = sourcecode.swift; path = InAppSettingCell.swift; sourceTree = "<group>"; };
		34CA255325A61DD10057404D /* NSObject+Extension.swift */ = {isa = PBXFileReference; lastKnownFileType = sourcecode.swift; path = "NSObject+Extension.swift"; sourceTree = "<group>"; };
		34CA255725A74A7A0057404D /* SettingsViewModel.swift */ = {isa = PBXFileReference; lastKnownFileType = sourcecode.swift; path = SettingsViewModel.swift; sourceTree = "<group>"; };
		34CA255A25A75A340057404D /* SettingCellProtocol.swift */ = {isa = PBXFileReference; lastKnownFileType = sourcecode.swift; path = SettingCellProtocol.swift; sourceTree = "<group>"; };
		34CA255D25A761060057404D /* OutAppSettingCell.swift */ = {isa = PBXFileReference; lastKnownFileType = sourcecode.swift; path = OutAppSettingCell.swift; sourceTree = "<group>"; };
		972D81BFA99D271110503E85 /* Pods-Dayol-iOS.release.xcconfig */ = {isa = PBXFileReference; includeInIndex = 1; lastKnownFileType = text.xcconfig; name = "Pods-Dayol-iOS.release.xcconfig"; path = "Target Support Files/Pods-Dayol-iOS/Pods-Dayol-iOS.release.xcconfig"; sourceTree = "<group>"; };
		CE0603532588EDB600FBBEF0 /* PopupPresentDelegate.swift */ = {isa = PBXFileReference; lastKnownFileType = sourcecode.swift; path = PopupPresentDelegate.swift; sourceTree = "<group>"; };
		CE06035A25890B1700FBBEF0 /* DayolAlertAction.swift */ = {isa = PBXFileReference; lastKnownFileType = sourcecode.swift; path = DayolAlertAction.swift; sourceTree = "<group>"; };
		CE8DCAD8258D28F4007738EA /* FavoriteViewController.swift */ = {isa = PBXFileReference; fileEncoding = 4; lastKnownFileType = sourcecode.swift; path = FavoriteViewController.swift; sourceTree = "<group>"; };
		CE8DCAD9258D28F4007738EA /* DiaryListViewController.swift */ = {isa = PBXFileReference; fileEncoding = 4; lastKnownFileType = sourcecode.swift; path = DiaryListViewController.swift; sourceTree = "<group>"; };
		CE8DCADA258D28F4007738EA /* HomeViewController.swift */ = {isa = PBXFileReference; fileEncoding = 4; lastKnownFileType = sourcecode.swift; path = HomeViewController.swift; sourceTree = "<group>"; };
		CE8DCADC258D28F4007738EA /* HomeTabBarView.swift */ = {isa = PBXFileReference; fileEncoding = 4; lastKnownFileType = sourcecode.swift; path = HomeTabBarView.swift; sourceTree = "<group>"; };
		CE8DCADD258D28F4007738EA /* HomeEmptyView.swift */ = {isa = PBXFileReference; fileEncoding = 4; lastKnownFileType = sourcecode.swift; path = HomeEmptyView.swift; sourceTree = "<group>"; };
		CE8DCADE258D28F4007738EA /* HomeTabBarButton.swift */ = {isa = PBXFileReference; fileEncoding = 4; lastKnownFileType = sourcecode.swift; path = HomeTabBarButton.swift; sourceTree = "<group>"; };
		CE8DCAE7258D292A007738EA /* NSAttributedString+Extension.swift */ = {isa = PBXFileReference; fileEncoding = 4; lastKnownFileType = sourcecode.swift; path = "NSAttributedString+Extension.swift"; sourceTree = "<group>"; };
		CE8DCAE8258D292A007738EA /* UIFont+Extension.swift */ = {isa = PBXFileReference; fileEncoding = 4; lastKnownFileType = sourcecode.swift; path = "UIFont+Extension.swift"; sourceTree = "<group>"; };
		CE8DCAE9258D292A007738EA /* UIColor+Extension.swift */ = {isa = PBXFileReference; fileEncoding = 4; lastKnownFileType = sourcecode.swift; path = "UIColor+Extension.swift"; sourceTree = "<group>"; };
		CE8DCB10258FA502007738EA /* DiaryListViewModel.swift */ = {isa = PBXFileReference; lastKnownFileType = sourcecode.swift; path = DiaryListViewModel.swift; sourceTree = "<group>"; };
		CE8DCB15258FA5FD007738EA /* DiaryCoverModel.swift */ = {isa = PBXFileReference; lastKnownFileType = sourcecode.swift; path = DiaryCoverModel.swift; sourceTree = "<group>"; };
		CE8DCB24258FAE72007738EA /* Array+extension.swift */ = {isa = PBXFileReference; lastKnownFileType = sourcecode.swift; path = "Array+extension.swift"; sourceTree = "<group>"; };
		CE8DCB2C258FB1A0007738EA /* DiaryListViewController+bind.swift */ = {isa = PBXFileReference; lastKnownFileType = sourcecode.swift; path = "DiaryListViewController+bind.swift"; sourceTree = "<group>"; };
		CE8DCC902590E88F007738EA /* DiaryListViewController+CollectionView.swift */ = {isa = PBXFileReference; lastKnownFileType = sourcecode.swift; path = "DiaryListViewController+CollectionView.swift"; sourceTree = "<group>"; };
		CE8DCC932590ECE8007738EA /* DiaryListCell.swift */ = {isa = PBXFileReference; lastKnownFileType = sourcecode.swift; path = DiaryListCell.swift; sourceTree = "<group>"; };
		CE8DCC96259101B6007738EA /* DeviceInfo.swift */ = {isa = PBXFileReference; lastKnownFileType = sourcecode.swift; path = DeviceInfo.swift; sourceTree = "<group>"; };
		CEB9EE412583C94E005B66C9 /* DayolAlertViewController.swift */ = {isa = PBXFileReference; lastKnownFileType = sourcecode.swift; path = DayolAlertViewController.swift; sourceTree = "<group>"; };
		CEF135EE25811D130098BEC3 /* Common.xcassets */ = {isa = PBXFileReference; lastKnownFileType = folder.assetcatalog; path = Common.xcassets; sourceTree = "<group>"; };
		CEF135F125811DE30098BEC3 /* Assets.swift */ = {isa = PBXFileReference; lastKnownFileType = sourcecode.swift; path = Assets.swift; sourceTree = "<group>"; };
		DA1D67DC25C064CC004AEB0E /* MonthlyCalendarViewDayCell.swift */ = {isa = PBXFileReference; lastKnownFileType = sourcecode.swift; path = MonthlyCalendarViewDayCell.swift; sourceTree = "<group>"; };
		DA27AC5A25C6D6D400C71CDE /* WeeklyCalendarViewModel.swift */ = {isa = PBXFileReference; lastKnownFileType = sourcecode.swift; path = WeeklyCalendarViewModel.swift; sourceTree = "<group>"; };
		DA27AC5D25C81CB900C71CDE /* WeeklyCalendarHeaderView.swift */ = {isa = PBXFileReference; lastKnownFileType = sourcecode.swift; path = WeeklyCalendarHeaderView.swift; sourceTree = "<group>"; };
		DA27AC6525C81D2700C71CDE /* WeeklyCalendarView.swift */ = {isa = PBXFileReference; lastKnownFileType = sourcecode.swift; path = WeeklyCalendarView.swift; sourceTree = "<group>"; };
		DA27AC6925C8288B00C71CDE /* WeeklyCalendarViewCell.swift */ = {isa = PBXFileReference; lastKnownFileType = sourcecode.swift; path = WeeklyCalendarViewCell.swift; sourceTree = "<group>"; };
		DA27AC7425D16E6800C71CDE /* DiaryEditViewModel.swift */ = {isa = PBXFileReference; lastKnownFileType = sourcecode.swift; path = DiaryEditViewModel.swift; sourceTree = "<group>"; };
		DA27AC7A25D1751A00C71CDE /* DYTestData.swift */ = {isa = PBXFileReference; lastKnownFileType = sourcecode.swift; path = DYTestData.swift; sourceTree = "<group>"; };
		DA311426260CE2FC002F99F7 /* StickerModalHeaderViewCell.swift */ = {isa = PBXFileReference; lastKnownFileType = sourcecode.swift; path = StickerModalHeaderViewCell.swift; sourceTree = "<group>"; };
		DA31142A260CE313002F99F7 /* StickerModalCollectionViewCell.swift */ = {isa = PBXFileReference; lastKnownFileType = sourcecode.swift; path = StickerModalCollectionViewCell.swift; sourceTree = "<group>"; };
		DA3836BB258F2F2A0029464C /* PasswordViewModel.swift */ = {isa = PBXFileReference; lastKnownFileType = sourcecode.swift; path = PasswordViewModel.swift; sourceTree = "<group>"; };
		DA4899E3257A08A6005E39ED /* DAYOL Beta.app */ = {isa = PBXFileReference; explicitFileType = wrapper.application; includeInIndex = 0; path = "DAYOL Beta.app"; sourceTree = BUILT_PRODUCTS_DIR; };
		DA4899E6257A08A6005E39ED /* AppDelegate.swift */ = {isa = PBXFileReference; lastKnownFileType = sourcecode.swift; path = AppDelegate.swift; sourceTree = "<group>"; };
		DA4899EF257A08A8005E39ED /* Assets.xcassets */ = {isa = PBXFileReference; lastKnownFileType = folder.assetcatalog; path = Assets.xcassets; sourceTree = "<group>"; };
		DA4899F2257A08A8005E39ED /* Base */ = {isa = PBXFileReference; lastKnownFileType = file.storyboard; name = Base; path = Base.lproj/LaunchScreen.storyboard; sourceTree = "<group>"; };
		DA4899F4257A08A8005E39ED /* Info.plist */ = {isa = PBXFileReference; lastKnownFileType = text.plist.xml; path = Info.plist; sourceTree = "<group>"; };
		DA81DF3A25BEE49A00A4B2CE /* MonthlyCalendarView.swift */ = {isa = PBXFileReference; lastKnownFileType = sourcecode.swift; path = MonthlyCalendarView.swift; sourceTree = "<group>"; };
		DA81DF4525BEE5A400A4B2CE /* MonthlyCalendarHeaderView.swift */ = {isa = PBXFileReference; lastKnownFileType = sourcecode.swift; path = MonthlyCalendarHeaderView.swift; sourceTree = "<group>"; };
		DA81DF4A25BEE5B600A4B2CE /* MonthlyCalendarCollectionView.swift */ = {isa = PBXFileReference; lastKnownFileType = sourcecode.swift; path = MonthlyCalendarCollectionView.swift; sourceTree = "<group>"; };
		DA9A872E2610A93200ABCD07 /* DYStickerBaseView.swift */ = {isa = PBXFileReference; lastKnownFileType = sourcecode.swift; path = DYStickerBaseView.swift; sourceTree = "<group>"; };
		DA9A87312610A98100ABCD07 /* DYStickerWidthStretchableView.swift */ = {isa = PBXFileReference; lastKnownFileType = sourcecode.swift; path = DYStickerWidthStretchableView.swift; sourceTree = "<group>"; };
		DA9A87352610A9FB00ABCD07 /* DYStickerHeightStretchableView.swift */ = {isa = PBXFileReference; lastKnownFileType = sourcecode.swift; path = DYStickerHeightStretchableView.swift; sourceTree = "<group>"; };
		DA9A87382610AA3800ABCD07 /* DYStickerSizeStretchableView.swift */ = {isa = PBXFileReference; lastKnownFileType = sourcecode.swift; path = DYStickerSizeStretchableView.swift; sourceTree = "<group>"; };
		DAC04CC52592036F003A7BC8 /* DairyView.swift */ = {isa = PBXFileReference; lastKnownFileType = sourcecode.swift; path = DairyView.swift; sourceTree = "<group>"; };
		DAC04CC925920C16003A7BC8 /* DiaryCoverView.swift */ = {isa = PBXFileReference; lastKnownFileType = sourcecode.swift; path = DiaryCoverView.swift; sourceTree = "<group>"; };
		DAC04CCD25920C25003A7BC8 /* DiaryLockerView.swift */ = {isa = PBXFileReference; lastKnownFileType = sourcecode.swift; path = DiaryLockerView.swift; sourceTree = "<group>"; };
		DACE3B132587868B0067467B /* PasswordButtonsView.swift */ = {isa = PBXFileReference; lastKnownFileType = sourcecode.swift; path = PasswordButtonsView.swift; sourceTree = "<group>"; };
		DACE3B18258792180067467B /* PasswordTitleView.swift */ = {isa = PBXFileReference; lastKnownFileType = sourcecode.swift; path = PasswordTitleView.swift; sourceTree = "<group>"; };
		DACE3B1B25879EE20067467B /* PasswordDisplayedView.swift */ = {isa = PBXFileReference; lastKnownFileType = sourcecode.swift; path = PasswordDisplayedView.swift; sourceTree = "<group>"; };
		DACE3B1F2587AEB90067467B /* PasswordButton.swift */ = {isa = PBXFileReference; lastKnownFileType = sourcecode.swift; path = PasswordButton.swift; sourceTree = "<group>"; };
		DACE3B222587BD1A0067467B /* DXRMbxStd-B.otf */ = {isa = PBXFileReference; lastKnownFileType = file; path = "DXRMbxStd-B.otf"; sourceTree = "<group>"; };
		DAD489EE26026A33008B542E /* DrawingContentView.swift */ = {isa = PBXFileReference; lastKnownFileType = sourcecode.swift; path = DrawingContentView.swift; sourceTree = "<group>"; };
		DAD489F226026A41008B542E /* StickerContentView.swift */ = {isa = PBXFileReference; lastKnownFileType = sourcecode.swift; path = StickerContentView.swift; sourceTree = "<group>"; };
		DAD48A22260C9DF8008B542E /* DiaryPaperEditViewController.swift */ = {isa = PBXFileReference; lastKnownFileType = sourcecode.swift; name = DiaryPaperEditViewController.swift; path = "Dayol-iOS/UI/DiaryPaper/Papers/DiaryPaperEditViewController.swift"; sourceTree = SOURCE_ROOT; };
		DAD48A25260CC943008B542E /* DiaryPaperViewModel.swift */ = {isa = PBXFileReference; lastKnownFileType = sourcecode.swift; path = DiaryPaperViewModel.swift; sourceTree = "<group>"; };
		DAD48A28260CCAEC008B542E /* DiaryPaperEditViewModel.swift */ = {isa = PBXFileReference; lastKnownFileType = sourcecode.swift; path = DiaryPaperEditViewModel.swift; sourceTree = "<group>"; };
		DAD48A2D260CD329008B542E /* StickerModalViewController.swift */ = {isa = PBXFileReference; lastKnownFileType = sourcecode.swift; path = StickerModalViewController.swift; sourceTree = "<group>"; };
		DAD48A32260CD551008B542E /* StickerModalHeaderView.swift */ = {isa = PBXFileReference; lastKnownFileType = sourcecode.swift; path = StickerModalHeaderView.swift; sourceTree = "<group>"; };
		DAD48A35260CD563008B542E /* StickerModalCollectionView.swift */ = {isa = PBXFileReference; lastKnownFileType = sourcecode.swift; path = StickerModalCollectionView.swift; sourceTree = "<group>"; };
		DAD66733259B551600E8F59A /* DiaryEditViewController.swift */ = {isa = PBXFileReference; lastKnownFileType = sourcecode.swift; path = DiaryEditViewController.swift; sourceTree = "<group>"; };
		DAD66737259B570800E8F59A /* DYNavigationController.swift */ = {isa = PBXFileReference; lastKnownFileType = sourcecode.swift; path = DYNavigationController.swift; sourceTree = "<group>"; };
		DAD66745259C691300E8F59A /* DYNavigationItemCreator.swift */ = {isa = PBXFileReference; lastKnownFileType = sourcecode.swift; path = DYNavigationItemCreator.swift; sourceTree = "<group>"; };
		DAD6674A259C891D00E8F59A /* DYNavigationTitle.swift */ = {isa = PBXFileReference; lastKnownFileType = sourcecode.swift; path = DYNavigationTitle.swift; sourceTree = "<group>"; };
		DAD6674D259C8C5B00E8F59A /* DYNavigationEditableTitle.swift */ = {isa = PBXFileReference; lastKnownFileType = sourcecode.swift; path = DYNavigationEditableTitle.swift; sourceTree = "<group>"; };
		DAD66750259F44D300E8F59A /* DYNavigationDrawingToolbar.swift */ = {isa = PBXFileReference; lastKnownFileType = sourcecode.swift; path = DYNavigationDrawingToolbar.swift; sourceTree = "<group>"; };
		DAD6675325A18BAD00E8F59A /* DYNavigationFunctionToolBar.swift */ = {isa = PBXFileReference; lastKnownFileType = sourcecode.swift; path = DYNavigationFunctionToolBar.swift; sourceTree = "<group>"; };
		DADD09F625A335C2004D6CF0 /* DiaryEditToggleView.swift */ = {isa = PBXFileReference; lastKnownFileType = sourcecode.swift; path = DiaryEditToggleView.swift; sourceTree = "<group>"; };
		DADD09FA25A33674004D6CF0 /* DiaryEditCoverView.swift */ = {isa = PBXFileReference; lastKnownFileType = sourcecode.swift; path = DiaryEditCoverView.swift; sourceTree = "<group>"; };
		DADD09FD25A33695004D6CF0 /* DiaryEditColorPaletteView.swift */ = {isa = PBXFileReference; lastKnownFileType = sourcecode.swift; path = DiaryEditColorPaletteView.swift; sourceTree = "<group>"; };
		DADD0A0025A34ED6004D6CF0 /* DiaryCoverColor.swift */ = {isa = PBXFileReference; lastKnownFileType = sourcecode.swift; path = DiaryCoverColor.swift; sourceTree = "<group>"; };
		DADD0A0425A35445004D6CF0 /* DiaryEditColorPaletteCell.swift */ = {isa = PBXFileReference; lastKnownFileType = sourcecode.swift; path = DiaryEditColorPaletteCell.swift; sourceTree = "<group>"; };
		DADD0A1825A72907004D6CF0 /* DiaryPaperViewerViewController.swift */ = {isa = PBXFileReference; lastKnownFileType = sourcecode.swift; path = DiaryPaperViewerViewController.swift; sourceTree = "<group>"; };
		DADD0A1F25A72A6A004D6CF0 /* DiaryPaperEmptyView.swift */ = {isa = PBXFileReference; lastKnownFileType = sourcecode.swift; path = DiaryPaperEmptyView.swift; sourceTree = "<group>"; };
		DADD0AD325AF24FC004D6CF0 /* DYStickerView.swift */ = {isa = PBXFileReference; lastKnownFileType = sourcecode.swift; path = DYStickerView.swift; sourceTree = "<group>"; };
		DAE29CEA2584F2100028010B /* PasswordViewController.swift */ = {isa = PBXFileReference; lastKnownFileType = sourcecode.swift; path = PasswordViewController.swift; sourceTree = "<group>"; };
		DAEB92DD2596F72E00FA5551 /* DifferentEdgeSettableView.swift */ = {isa = PBXFileReference; lastKnownFileType = sourcecode.swift; path = DifferentEdgeSettableView.swift; sourceTree = "<group>"; };
		DAEF76A325F66EE7007CAA93 /* DiaryPaperViewerViewModel.swift */ = {isa = PBXFileReference; lastKnownFileType = sourcecode.swift; path = DiaryPaperViewerViewModel.swift; sourceTree = "<group>"; };
		DAEF76A625F66F15007CAA93 /* DiaryPaperViewerModel.swift */ = {isa = PBXFileReference; lastKnownFileType = sourcecode.swift; path = DiaryPaperViewerModel.swift; sourceTree = "<group>"; };
		DAEF76B125F90D6E007CAA93 /* DiaryPaperViewerViewController+UIPageViewController.swift */ = {isa = PBXFileReference; lastKnownFileType = sourcecode.swift; path = "DiaryPaperViewerViewController+UIPageViewController.swift"; sourceTree = "<group>"; };
		DAEF76BB25F90ED6007CAA93 /* DiaryPaperViewController.swift */ = {isa = PBXFileReference; lastKnownFileType = sourcecode.swift; path = DiaryPaperViewController.swift; sourceTree = "<group>"; };
		DAF18E8125B6FB21007ACFAC /* VolteW03Semibold.otf */ = {isa = PBXFileReference; lastKnownFileType = file; path = VolteW03Semibold.otf; sourceTree = "<group>"; };
		DAF18E9325B70C26007ACFAC /* Date+Calendar.swift */ = {isa = PBXFileReference; lastKnownFileType = sourcecode.swift; path = "Date+Calendar.swift"; sourceTree = "<group>"; };
		DAF18EA725B70FFD007ACFAC /* MonthlyCalendarViewModel.swift */ = {isa = PBXFileReference; lastKnownFileType = sourcecode.swift; path = MonthlyCalendarViewModel.swift; sourceTree = "<group>"; };
		F9B784880CAEBCC10F25DE99 /* Pods_Dayol_iOS.framework */ = {isa = PBXFileReference; explicitFileType = wrapper.framework; includeInIndex = 0; path = Pods_Dayol_iOS.framework; sourceTree = BUILT_PRODUCTS_DIR; };
/* End PBXFileReference section */

/* Begin PBXFrameworksBuildPhase section */
		DA4899E0257A08A6005E39ED /* Frameworks */ = {
			isa = PBXFrameworksBuildPhase;
			buildActionMask = 2147483647;
			files = (
				CC7CC488D36CE71AEE14FCCC /* Pods_Dayol_iOS.framework in Frameworks */,
			);
			runOnlyForDeploymentPostprocessing = 0;
		};
/* End PBXFrameworksBuildPhase section */

/* Begin PBXGroup section */
		340E569F25C2DC4E007F2EF7 /* Toast */ = {
			isa = PBXGroup;
			children = (
				340E56A025C2DC73007F2EF7 /* DYToastView.swift */,
			);
			path = Toast;
			sourceTree = "<group>";
		};
		340E56A825C831BB007F2EF7 /* View */ = {
			isa = PBXGroup;
			children = (
				34BB085C261217690000377E /* ToolBarContent */,
				340E56A925C831E2007F2EF7 /* InfoView.swift */,
			);
			path = View;
			sourceTree = "<group>";
		};
		340E56AE25C859D1007F2EF7 /* PaperAdd */ = {
			isa = PBXGroup;
			children = (
				34A11A4925ADC8D400678F98 /* View */,
				3449D2C225ADDB3C0050C02A /* ViewModel */,
			);
			path = PaperAdd;
			sourceTree = "<group>";
		};
		340E56AF25C859DE007F2EF7 /* PaperList */ = {
			isa = PBXGroup;
			children = (
				340E56B625C86837007F2EF7 /* View */,
				340E56BE25C975C6007F2EF7 /* ViewModel */,
			);
			path = PaperList;
			sourceTree = "<group>";
		};
		340E56B625C86837007F2EF7 /* View */ = {
			isa = PBXGroup;
			children = (
				340E56B725C8684A007F2EF7 /* PaperListHeaderView.swift */,
				340E56BB25C9748D007F2EF7 /* PaperListContentView.swift */,
				34AD5A7625C97C3F00D9E29C /* PaperListContentView+CollectionView.swift */,
				34AD5A7925C97D0900D9E29C /* PaperListCell.swift */,
				34AD5A8325C9A87600D9E29C /* PaperListAddCell.swift */,
			);
			path = View;
			sourceTree = "<group>";
		};
		340E56BE25C975C6007F2EF7 /* ViewModel */ = {
			isa = PBXGroup;
			children = (
				340E56BF25C975DE007F2EF7 /* PaperListContentViewModel.swift */,
			);
			path = ViewModel;
			sourceTree = "<group>";
		};
		3416446525D96C4400A81FD2 /* DeletedPageList */ = {
			isa = PBXGroup;
			children = (
				3416445225D8C0A900A81FD2 /* DeletedPageListView.swift */,
				3416446125D96C3100A81FD2 /* DeletedPageCell.swift */,
			);
			path = DeletedPageList;
			sourceTree = "<group>";
		};
		3434B76925A4795400506152 /* DYModalViewController */ = {
			isa = PBXGroup;
			children = (
				3434B76A25A4797B00506152 /* DYModalViewController.swift */,
				3434B76E25A479D800506152 /* DYModalConfiguration.swift */,
			);
			path = DYModalViewController;
			sourceTree = "<group>";
		};
		3449D2C225ADDB3C0050C02A /* ViewModel */ = {
			isa = PBXGroup;
			children = (
				3449D2C325ADDB510050C02A /* AddPaperContentViewModel.swift */,
			);
			path = ViewModel;
			sourceTree = "<group>";
		};
		3449D2C825ADF63D0050C02A /* Model */ = {
			isa = PBXGroup;
			children = (
				3449D2C925ADF6520050C02A /* AddPaperModel.swift */,
			);
			path = Model;
			sourceTree = "<group>";
		};
		3452670925DD63D600EC6F9D /* DataBackup */ = {
			isa = PBXGroup;
			children = (
				3452670625DD63AF00EC6F9D /* DataBackupView.swift */,
				3452670F25DD64AD00EC6F9D /* DataBackupCloudContentView.swift */,
				3452671225DD66F400EC6F9D /* DataBackupExportContentView.swift */,
			);
			path = DataBackup;
			sourceTree = "<group>";
		};
		34788854261E0B1F00692ED7 /* Lasso */ = {
			isa = PBXGroup;
			children = (
				34788855261E0B4B00692ED7 /* LassoInfoView.swift */,
			);
			path = Lasso;
			sourceTree = "<group>";
		};
		34A11A4425ADC35500678F98 /* DiaryPaperModal */ = {
			isa = PBXGroup;
			children = (
				3449D2C825ADF63D0050C02A /* Model */,
				34A11A4525ADC37800678F98 /* ViewController */,
				340E56AF25C859DE007F2EF7 /* PaperList */,
				340E56AE25C859D1007F2EF7 /* PaperAdd */,
			);
			path = DiaryPaperModal;
			sourceTree = "<group>";
		};
		34A11A4525ADC37800678F98 /* ViewController */ = {
			isa = PBXGroup;
			children = (
				34A11A4625ADC3CA00678F98 /* PaperModalViewController.swift */,
			);
			path = ViewController;
			sourceTree = "<group>";
		};
		34A11A4925ADC8D400678F98 /* View */ = {
			isa = PBXGroup;
			children = (
				340E56B225C85B5F007F2EF7 /* AddPaperHeaderView.swift */,
				34A11A4E25ADC93300678F98 /* AddPaperContentView.swift */,
				3449D2D625AF24DA0050C02A /* AddPaperContentView+UICollectionView.swift */,
				3449D2DA25B0B9630050C02A /* AddPaperHeaderReusableView.swift */,
				3449D2D225AF23AE0050C02A /* AddPaperCell.swift */,
			);
			path = View;
			sourceTree = "<group>";
		};
		34A11A4D25ADC91100678F98 /* Button */ = {
			isa = PBXGroup;
			children = (
				34A11A4A25ADC8F700678F98 /* UnderLineButton.swift */,
			);
			path = Button;
			sourceTree = "<group>";
		};
		34A2EDC025B85647008DB98D /* Model */ = {
			isa = PBXGroup;
			children = (
				34A2EDC125B856D1008DB98D /* PaperModel.swift */,
			);
			path = Model;
			sourceTree = "<group>";
		};
		34A2EDCA25B861DC008DB98D /* ViewModel */ = {
			isa = PBXGroup;
			children = (
				34A2EDCB25B86210008DB98D /* PaperViewModel.swift */,
			);
			path = ViewModel;
			sourceTree = "<group>";
		};
		34B6C13325BB4F7A00C2596F /* Papers */ = {
			isa = PBXGroup;
			children = (
				DAD489ED26026A03008B542E /* PaperPresenterView */,
				34A2EDD325B88DB0008DB98D /* BasePaper.swift */,
				34A2EDC425B85EDA008DB98D /* MujiPaper.swift */,
				34A2EDC725B86082008DB98D /* DailyPaper.swift */,
				34A2EDCE25B87953008DB98D /* GridPaper.swift */,
				3446621E25C1A07A00656775 /* CornellPaper.swift */,
				3416448825DC05A900A81FD2 /* FourPaper.swift */,
				DA27AC5725C6D68600C71CDE /* WeeklyCalendarView */,
				DAF18EA025B70FAB007ACFAC /* MonthlyCalendarView */,
			);
			path = Papers;
			sourceTree = "<group>";
		};
		34B6C13C25BDB24F00C2596F /* InputAccessaryView */ = {
			isa = PBXGroup;
			children = (
				34B6C14025BDB28400C2596F /* DYKeyboardInputAccessoryView.swift */,
			);
			path = InputAccessaryView;
			sourceTree = "<group>";
		};
		34BB085C261217690000377E /* ToolBarContent */ = {
			isa = PBXGroup;
			children = (
				34788854261E0B1F00692ED7 /* Lasso */,
				34C7B3662619748C00BC6A28 /* Erase */,
				34C7B3672619749B00BC6A28 /* TextStyle */,
			);
			path = ToolBarContent;
			sourceTree = "<group>";
		};
		34C6A3812594F4F900658499 /* Util */ = {
			isa = PBXGroup;
			children = (
				CE8DCC96259101B6007738EA /* DeviceInfo.swift */,
			);
			path = Util;
			sourceTree = "<group>";
		};
		34C7B3662619748C00BC6A28 /* Erase */ = {
			isa = PBXGroup;
			children = (
				34BB086126135E030000377E /* EraseOptionButton.swift */,
				34BB085D2612178F0000377E /* EraseSettingView.swift */,
			);
			path = Erase;
			sourceTree = "<group>";
		};
		34C7B3672619749B00BC6A28 /* TextStyle */ = {
			isa = PBXGroup;
			children = (
				34C7B36B2619765500BC6A28 /* TextStyleModel.swift */,
				34C7B36E26197C4600BC6A28 /* TextStyleViewModel.swift */,
				34C7B3682619763300BC6A28 /* TextStyleView.swift */,
				34C7B3712619818F00BC6A28 /* TextStyleOptionView.swift */,
				34C7B37826199DA600BC6A28 /* TextStyleTextSizeOptionView.swift */,
				34C7B37D2619E2C800BC6A28 /* TextStyleAdditionalOptionView.swift */,
				34C7B3812619EA9200BC6A28 /* TextStyleLineSpaceOptionView.swift */,
				34C7B3742619819D00BC6A28 /* TextStyleFontView.swift */,
			);
			path = TextStyle;
			sourceTree = "<group>";
		};
		34CA253625A612DF0057404D /* Localization */ = {
			isa = PBXGroup;
			children = (
				34CA253C25A613220057404D /* Localizable.strings */,
			);
			path = Localization;
			sourceTree = "<group>";
		};
		34CA254425A618E40057404D /* Settings */ = {
			isa = PBXGroup;
			children = (
				34CA254A25A619420057404D /* Model */,
				34CA254925A6192A0057404D /* ViewController */,
				34CA255125A61BC30057404D /* View */,
				34CA255625A74A560057404D /* ViewModel */,
			);
			path = Settings;
			sourceTree = "<group>";
		};
		34CA254925A6192A0057404D /* ViewController */ = {
			isa = PBXGroup;
			children = (
				34CA254525A6190D0057404D /* SettingsViewController.swift */,
				34733DC025D189F500C3A997 /* DetailSettingsViewController.swift */,
			);
			path = ViewController;
			sourceTree = "<group>";
		};
		34CA254A25A619420057404D /* Model */ = {
			isa = PBXGroup;
			children = (
				34CA254B25A619B20057404D /* SettingsModel.swift */,
				34CA255A25A75A340057404D /* SettingCellProtocol.swift */,
			);
			path = Model;
			sourceTree = "<group>";
		};
		34CA255125A61BC30057404D /* View */ = {
			isa = PBXGroup;
			children = (
				3452670925DD63D600EC6F9D /* DataBackup */,
				3416446525D96C4400A81FD2 /* DeletedPageList */,
				34CA254E25A61BBE0057404D /* InAppSettingCell.swift */,
				34CA255D25A761060057404D /* OutAppSettingCell.swift */,
			);
			path = View;
			sourceTree = "<group>";
		};
		34CA255625A74A560057404D /* ViewModel */ = {
			isa = PBXGroup;
			children = (
				3452670B25DD644B00EC6F9D /* DataBackupViewModel.swift */,
				3416445625D8C20600A81FD2 /* DeletedPageViewModel.swift */,
				34CA255725A74A7A0057404D /* SettingsViewModel.swift */,
			);
			path = ViewModel;
			sourceTree = "<group>";
		};
		84E9977FFA5A77108057AB68 /* Frameworks */ = {
			isa = PBXGroup;
			children = (
				F9B784880CAEBCC10F25DE99 /* Pods_Dayol_iOS.framework */,
			);
			name = Frameworks;
			sourceTree = "<group>";
		};
		97879934D128660B8AD5B126 /* Pods */ = {
			isa = PBXGroup;
			children = (
				2D2405592E98948CDE582F1F /* Pods-Dayol-iOS.debug.xcconfig */,
				972D81BFA99D271110503E85 /* Pods-Dayol-iOS.release.xcconfig */,
			);
			path = Pods;
			sourceTree = "<group>";
		};
		CE0603522588EDA100FBBEF0 /* Protocol */ = {
			isa = PBXGroup;
			children = (
				CE0603532588EDB600FBBEF0 /* PopupPresentDelegate.swift */,
			);
			path = Protocol;
			sourceTree = "<group>";
		};
		CE8DCAE6258D292A007738EA /* Extension */ = {
			isa = PBXGroup;
			children = (
				CE8DCAE7258D292A007738EA /* NSAttributedString+Extension.swift */,
				CE8DCAE8258D292A007738EA /* UIFont+Extension.swift */,
				CE8DCAE9258D292A007738EA /* UIColor+Extension.swift */,
				CE8DCB24258FAE72007738EA /* Array+extension.swift */,
				34CA254125A613CE0057404D /* String+Extension.swift */,
				34CA255325A61DD10057404D /* NSObject+Extension.swift */,
				DAF18E9325B70C26007ACFAC /* Date+Calendar.swift */,
				340E56A325C2E2A7007F2EF7 /* UIView+Extension.swift */,
				3416447E25DAB62100A81FD2 /* CALayer+Extension.swift */,
			);
			path = Extension;
			sourceTree = "<group>";
		};
		CE8DCAF9258FA181007738EA /* Main */ = {
			isa = PBXGroup;
			children = (
				CE8DCB30258FB1B2007738EA /* ViewController */,
				CE8DCAFA258FA18B007738EA /* View */,
			);
			path = Main;
			sourceTree = "<group>";
		};
		CE8DCAFA258FA18B007738EA /* View */ = {
			isa = PBXGroup;
			children = (
				CE8DCADC258D28F4007738EA /* HomeTabBarView.swift */,
				CE8DCADE258D28F4007738EA /* HomeTabBarButton.swift */,
			);
			path = View;
			sourceTree = "<group>";
		};
		CE8DCAFB258FA1A9007738EA /* DiaryList */ = {
			isa = PBXGroup;
			children = (
				CE8DCB31258FB1C0007738EA /* ViewController */,
				CE8DCAFC258FA1B1007738EA /* View */,
				CE8DCB0F258FA4F3007738EA /* ViewModel */,
			);
			path = DiaryList;
			sourceTree = "<group>";
		};
		CE8DCAFC258FA1B1007738EA /* View */ = {
			isa = PBXGroup;
			children = (
				CE8DCC932590ECE8007738EA /* DiaryListCell.swift */,
			);
			path = View;
			sourceTree = "<group>";
		};
		CE8DCAFD258FA1D0007738EA /* Common */ = {
			isa = PBXGroup;
			children = (
				CE8DCADD258D28F4007738EA /* HomeEmptyView.swift */,
			);
			path = Common;
			sourceTree = "<group>";
		};
		CE8DCAFE258FA1D9007738EA /* Favorite */ = {
			isa = PBXGroup;
			children = (
				CE8DCAD8258D28F4007738EA /* FavoriteViewController.swift */,
			);
			path = Favorite;
			sourceTree = "<group>";
		};
		CE8DCB0F258FA4F3007738EA /* ViewModel */ = {
			isa = PBXGroup;
			children = (
				CE8DCB10258FA502007738EA /* DiaryListViewModel.swift */,
			);
			path = ViewModel;
			sourceTree = "<group>";
		};
		CE8DCB14258FA5EB007738EA /* Model */ = {
			isa = PBXGroup;
			children = (
				CE8DCB15258FA5FD007738EA /* DiaryCoverModel.swift */,
			);
			path = Model;
			sourceTree = "<group>";
		};
		CE8DCB30258FB1B2007738EA /* ViewController */ = {
			isa = PBXGroup;
			children = (
				CE8DCADA258D28F4007738EA /* HomeViewController.swift */,
			);
			path = ViewController;
			sourceTree = "<group>";
		};
		CE8DCB31258FB1C0007738EA /* ViewController */ = {
			isa = PBXGroup;
			children = (
				CE8DCAD9258D28F4007738EA /* DiaryListViewController.swift */,
				CE8DCB2C258FB1A0007738EA /* DiaryListViewController+bind.swift */,
				CE8DCC902590E88F007738EA /* DiaryListViewController+CollectionView.swift */,
			);
			path = ViewController;
			sourceTree = "<group>";
		};
		CEB9EE402583C7AF005B66C9 /* Common */ = {
			isa = PBXGroup;
			children = (
				DADD0AD125AF24E6004D6CF0 /* DYStickerView */,
				34A11A4D25ADC91100678F98 /* Button */,
				3434B76925A4795400506152 /* DYModalViewController */,
				DAD66736259B56E700E8F59A /* DYNavigationController */,
				DAC04CC42592035C003A7BC8 /* DiaryCover */,
				CE0603522588EDA100FBBEF0 /* Protocol */,
				CEB9EE442583C953005B66C9 /* Alert */,
				340E569F25C2DC4E007F2EF7 /* Toast */,
				340E56A825C831BB007F2EF7 /* View */,
			);
			path = Common;
			sourceTree = "<group>";
		};
		CEB9EE442583C953005B66C9 /* Alert */ = {
			isa = PBXGroup;
			children = (
				CEB9EE412583C94E005B66C9 /* DayolAlertViewController.swift */,
				CE06035A25890B1700FBBEF0 /* DayolAlertAction.swift */,
			);
			path = Alert;
			sourceTree = "<group>";
		};
		CEF135E5258115740098BEC3 /* Resource */ = {
			isa = PBXGroup;
			children = (
				DA4899EF257A08A8005E39ED /* Assets.xcassets */,
				CEF135EE25811D130098BEC3 /* Common.xcassets */,
				DACE3B222587BD1A0067467B /* DXRMbxStd-B.otf */,
				DAF18E8125B6FB21007ACFAC /* VolteW03Semibold.otf */,
				CEF135F125811DE30098BEC3 /* Assets.swift */,
			);
			path = Resource;
			sourceTree = "<group>";
		};
		CEF135E7258115C60098BEC3 /* UI */ = {
			isa = PBXGroup;
			children = (
				CEB9EE402583C7AF005B66C9 /* Common */,
				CEF135E8258115E30098BEC3 /* Home */,
				DAE29CE92584F1F80028010B /* Password */,
				DAD66732259B54FD00E8F59A /* DiaryEdit */,
				DADD0A1625A728C9004D6CF0 /* DiaryPaper */,
				34A11A4425ADC35500678F98 /* DiaryPaperModal */,
				DAD48A2B260CD2F7008B542E /* StickerModal */,
				34CA254425A618E40057404D /* Settings */,
			);
			path = UI;
			sourceTree = "<group>";
		};
		CEF135E8258115E30098BEC3 /* Home */ = {
			isa = PBXGroup;
			children = (
				CE8DCB14258FA5EB007738EA /* Model */,
				CE8DCAF9258FA181007738EA /* Main */,
				CE8DCAFB258FA1A9007738EA /* DiaryList */,
				CE8DCAFE258FA1D9007738EA /* Favorite */,
				CE8DCAFD258FA1D0007738EA /* Common */,
			);
			path = Home;
			sourceTree = "<group>";
		};
		DA1D67DB25C064A6004AEB0E /* Cell */ = {
			isa = PBXGroup;
			children = (
				DA1D67DC25C064CC004AEB0E /* MonthlyCalendarViewDayCell.swift */,
			);
			path = Cell;
			sourceTree = "<group>";
		};
		DA27AC5725C6D68600C71CDE /* WeeklyCalendarView */ = {
			isa = PBXGroup;
			children = (
				DA27AC5825C6D6BA00C71CDE /* View */,
				DA27AC5925C6D6BE00C71CDE /* ViewModel */,
			);
			path = WeeklyCalendarView;
			sourceTree = "<group>";
		};
		DA27AC5825C6D6BA00C71CDE /* View */ = {
			isa = PBXGroup;
			children = (
				DA27AC6825C8287D00C71CDE /* Cell */,
				DA27AC6525C81D2700C71CDE /* WeeklyCalendarView.swift */,
				DA27AC5D25C81CB900C71CDE /* WeeklyCalendarHeaderView.swift */,
			);
			path = View;
			sourceTree = "<group>";
		};
		DA27AC5925C6D6BE00C71CDE /* ViewModel */ = {
			isa = PBXGroup;
			children = (
				DA27AC5A25C6D6D400C71CDE /* WeeklyCalendarViewModel.swift */,
			);
			path = ViewModel;
			sourceTree = "<group>";
		};
		DA27AC6825C8287D00C71CDE /* Cell */ = {
			isa = PBXGroup;
			children = (
				DA27AC6925C8288B00C71CDE /* WeeklyCalendarViewCell.swift */,
			);
			path = Cell;
			sourceTree = "<group>";
		};
		DA27AC7325D16E5800C71CDE /* ViewModel */ = {
			isa = PBXGroup;
			children = (
				DA27AC7425D16E6800C71CDE /* DiaryEditViewModel.swift */,
			);
			path = ViewModel;
			sourceTree = "<group>";
		};
		DA27AC7925D1750500C71CDE /* TestData */ = {
			isa = PBXGroup;
			children = (
				DA27AC7A25D1751A00C71CDE /* DYTestData.swift */,
			);
			path = TestData;
			sourceTree = "<group>";
		};
		DA311425260CE2D8002F99F7 /* Cell */ = {
			isa = PBXGroup;
			children = (
				DA311426260CE2FC002F99F7 /* StickerModalHeaderViewCell.swift */,
				DA31142A260CE313002F99F7 /* StickerModalCollectionViewCell.swift */,
			);
			path = Cell;
			sourceTree = "<group>";
		};
		DA3836BA258F2F070029464C /* ViewModel */ = {
			isa = PBXGroup;
			children = (
				DA3836BB258F2F2A0029464C /* PasswordViewModel.swift */,
			);
			path = ViewModel;
			sourceTree = "<group>";
		};
		DA4899DA257A08A6005E39ED = {
			isa = PBXGroup;
			children = (
				DA4899E5257A08A6005E39ED /* Dayol-iOS */,
				DA4899E4257A08A6005E39ED /* Products */,
				97879934D128660B8AD5B126 /* Pods */,
				84E9977FFA5A77108057AB68 /* Frameworks */,
			);
			sourceTree = "<group>";
		};
		DA4899E4257A08A6005E39ED /* Products */ = {
			isa = PBXGroup;
			children = (
				DA4899E3257A08A6005E39ED /* DAYOL Beta.app */,
			);
			name = Products;
			sourceTree = "<group>";
		};
		DA4899E5257A08A6005E39ED /* Dayol-iOS */ = {
			isa = PBXGroup;
			children = (
				DA27AC7925D1750500C71CDE /* TestData */,
				34CA253625A612DF0057404D /* Localization */,
				34C6A3812594F4F900658499 /* Util */,
				CE8DCAE6258D292A007738EA /* Extension */,
				CEF135E7258115C60098BEC3 /* UI */,
				CEF135E5258115740098BEC3 /* Resource */,
				DA4899E6257A08A6005E39ED /* AppDelegate.swift */,
				DA4899F1257A08A8005E39ED /* LaunchScreen.storyboard */,
				DA4899F4257A08A8005E39ED /* Info.plist */,
			);
			path = "Dayol-iOS";
			sourceTree = "<group>";
		};
		DA81DF3925BEE48B00A4B2CE /* View */ = {
			isa = PBXGroup;
			children = (
				DA1D67DB25C064A6004AEB0E /* Cell */,
				DA81DF3A25BEE49A00A4B2CE /* MonthlyCalendarView.swift */,
				DA81DF4525BEE5A400A4B2CE /* MonthlyCalendarHeaderView.swift */,
				DA81DF4A25BEE5B600A4B2CE /* MonthlyCalendarCollectionView.swift */,
			);
			path = View;
			sourceTree = "<group>";
		};
		DAC04CC42592035C003A7BC8 /* DiaryCover */ = {
			isa = PBXGroup;
			children = (
				DAC04CC52592036F003A7BC8 /* DairyView.swift */,
				DAC04CC925920C16003A7BC8 /* DiaryCoverView.swift */,
				DAC04CCD25920C25003A7BC8 /* DiaryLockerView.swift */,
				DAEB92DD2596F72E00FA5551 /* DifferentEdgeSettableView.swift */,
				DADD0A0025A34ED6004D6CF0 /* DiaryCoverColor.swift */,
			);
			path = DiaryCover;
			sourceTree = "<group>";
		};
		DACE3B16258786E40067467B /* View */ = {
			isa = PBXGroup;
			children = (
				DAE29CEA2584F2100028010B /* PasswordViewController.swift */,
				DACE3B18258792180067467B /* PasswordTitleView.swift */,
				DACE3B1B25879EE20067467B /* PasswordDisplayedView.swift */,
				DACE3B132587868B0067467B /* PasswordButtonsView.swift */,
				DACE3B1F2587AEB90067467B /* PasswordButton.swift */,
			);
			path = View;
			sourceTree = "<group>";
		};
		DAD489ED26026A03008B542E /* PaperPresenterView */ = {
			isa = PBXGroup;
			children = (
				3446621025C0480700656775 /* PaperPresentView.swift */,
				DAD489EE26026A33008B542E /* DrawingContentView.swift */,
				DAD489F226026A41008B542E /* StickerContentView.swift */,
			);
			path = PaperPresenterView;
			sourceTree = "<group>";
		};
		DAD48A20260C9DC1008B542E /* Edit */ = {
			isa = PBXGroup;
			children = (
				DAD48A22260C9DF8008B542E /* DiaryPaperEditViewController.swift */,
				DAD48A28260CCAEC008B542E /* DiaryPaperEditViewModel.swift */,
			);
			path = Edit;
			sourceTree = "<group>";
		};
		DAD48A21260C9DD1008B542E /* ViewController */ = {
			isa = PBXGroup;
			children = (
				DADD0A1725A728F2004D6CF0 /* Viewer */,
				DAD48A20260C9DC1008B542E /* Edit */,
			);
			path = ViewController;
			sourceTree = "<group>";
		};
		DAD48A2B260CD2F7008B542E /* StickerModal */ = {
			isa = PBXGroup;
			children = (
				DAD48A31260CD51F008B542E /* View */,
				DAD48A2C260CD317008B542E /* ViewController */,
			);
			path = StickerModal;
			sourceTree = "<group>";
		};
		DAD48A2C260CD317008B542E /* ViewController */ = {
			isa = PBXGroup;
			children = (
				DAD48A2D260CD329008B542E /* StickerModalViewController.swift */,
			);
			path = ViewController;
			sourceTree = "<group>";
		};
		DAD48A31260CD51F008B542E /* View */ = {
			isa = PBXGroup;
			children = (
				DA311425260CE2D8002F99F7 /* Cell */,
				DAD48A32260CD551008B542E /* StickerModalHeaderView.swift */,
				DAD48A35260CD563008B542E /* StickerModalCollectionView.swift */,
			);
			path = View;
			sourceTree = "<group>";
		};
		DAD66732259B54FD00E8F59A /* DiaryEdit */ = {
			isa = PBXGroup;
			children = (
				DA27AC7325D16E5800C71CDE /* ViewModel */,
				DADD09F525A33367004D6CF0 /* View */,
			);
			path = DiaryEdit;
			sourceTree = "<group>";
		};
		DAD66736259B56E700E8F59A /* DYNavigationController */ = {
			isa = PBXGroup;
			children = (
				DAD66737259B570800E8F59A /* DYNavigationController.swift */,
				DAD66745259C691300E8F59A /* DYNavigationItemCreator.swift */,
				DAD6674A259C891D00E8F59A /* DYNavigationTitle.swift */,
				DAD6674D259C8C5B00E8F59A /* DYNavigationEditableTitle.swift */,
				DAD66750259F44D300E8F59A /* DYNavigationDrawingToolbar.swift */,
				DAD6675325A18BAD00E8F59A /* DYNavigationFunctionToolBar.swift */,
			);
			path = DYNavigationController;
			sourceTree = "<group>";
		};
		DADD09F525A33367004D6CF0 /* View */ = {
			isa = PBXGroup;
			children = (
				DADD0A0325A3542F004D6CF0 /* Cell */,
				DAD66733259B551600E8F59A /* DiaryEditViewController.swift */,
				346779C325B47C6F001427F8 /* DiaryEditViewController+PhotoPicker.swift */,
				34BB085526120C2F0000377E /* DiaryEditViewController+ToolBar.swift */,
				DADD09F625A335C2004D6CF0 /* DiaryEditToggleView.swift */,
				DADD09FA25A33674004D6CF0 /* DiaryEditCoverView.swift */,
				DADD09FD25A33695004D6CF0 /* DiaryEditColorPaletteView.swift */,
			);
			path = View;
			sourceTree = "<group>";
		};
		DADD0A0325A3542F004D6CF0 /* Cell */ = {
			isa = PBXGroup;
			children = (
				DADD0A0425A35445004D6CF0 /* DiaryEditColorPaletteCell.swift */,
			);
			path = Cell;
			sourceTree = "<group>";
		};
		DADD0A1625A728C9004D6CF0 /* DiaryPaper */ = {
			isa = PBXGroup;
			children = (
				DAD48A21260C9DD1008B542E /* ViewController */,
				34B6C13C25BDB24F00C2596F /* InputAccessaryView */,
				34A2EDC025B85647008DB98D /* Model */,
				DADD0A1E25A72A59004D6CF0 /* View */,
				34B6C13325BB4F7A00C2596F /* Papers */,
				34A2EDCA25B861DC008DB98D /* ViewModel */,
			);
			path = DiaryPaper;
			sourceTree = "<group>";
		};
		DADD0A1725A728F2004D6CF0 /* Viewer */ = {
			isa = PBXGroup;
			children = (
				DADD0A1825A72907004D6CF0 /* DiaryPaperViewerViewController.swift */,
				DAEF76B125F90D6E007CAA93 /* DiaryPaperViewerViewController+UIPageViewController.swift */,
				DAEF76A625F66F15007CAA93 /* DiaryPaperViewerModel.swift */,
				DAEF76A325F66EE7007CAA93 /* DiaryPaperViewerViewModel.swift */,
				DAEF76BB25F90ED6007CAA93 /* DiaryPaperViewController.swift */,
				DAD48A25260CC943008B542E /* DiaryPaperViewModel.swift */,
			);
			path = Viewer;
			sourceTree = "<group>";
		};
		DADD0A1E25A72A59004D6CF0 /* View */ = {
			isa = PBXGroup;
			children = (
				DADD0A1F25A72A6A004D6CF0 /* DiaryPaperEmptyView.swift */,
			);
			path = View;
			sourceTree = "<group>";
		};
		DADD0AD125AF24E6004D6CF0 /* DYStickerView */ = {
			isa = PBXGroup;
			children = (
				DADD0AD325AF24FC004D6CF0 /* DYStickerView.swift */,
				DA9A872E2610A93200ABCD07 /* DYStickerBaseView.swift */,
				DA9A87312610A98100ABCD07 /* DYStickerWidthStretchableView.swift */,
				DA9A87352610A9FB00ABCD07 /* DYStickerHeightStretchableView.swift */,
				DA9A87382610AA3800ABCD07 /* DYStickerSizeStretchableView.swift */,
			);
			path = DYStickerView;
			sourceTree = "<group>";
		};
		DAE29CE92584F1F80028010B /* Password */ = {
			isa = PBXGroup;
			children = (
				DA3836BA258F2F070029464C /* ViewModel */,
				DACE3B16258786E40067467B /* View */,
			);
			path = Password;
			sourceTree = "<group>";
		};
		DAF18EA025B70FAB007ACFAC /* MonthlyCalendarView */ = {
			isa = PBXGroup;
			children = (
				DA81DF3925BEE48B00A4B2CE /* View */,
				DAF18EA625B70FE7007ACFAC /* ViewModel */,
			);
			path = MonthlyCalendarView;
			sourceTree = "<group>";
		};
		DAF18EA625B70FE7007ACFAC /* ViewModel */ = {
			isa = PBXGroup;
			children = (
				DAF18EA725B70FFD007ACFAC /* MonthlyCalendarViewModel.swift */,
			);
			path = ViewModel;
			sourceTree = "<group>";
		};
/* End PBXGroup section */

/* Begin PBXNativeTarget section */
		DA4899E2257A08A6005E39ED /* Dayol-iOS */ = {
			isa = PBXNativeTarget;
			buildConfigurationList = DA4899F7257A08A8005E39ED /* Build configuration list for PBXNativeTarget "Dayol-iOS" */;
			buildPhases = (
				EF634B6C55F174AA3DD90320 /* [CP] Check Pods Manifest.lock */,
				DA4899DF257A08A6005E39ED /* Sources */,
				DA4899E0257A08A6005E39ED /* Frameworks */,
				DA4899E1257A08A6005E39ED /* Resources */,
				2BFF8567F230B761710FA6CC /* [CP] Embed Pods Frameworks */,
			);
			buildRules = (
			);
			dependencies = (
			);
			name = "Dayol-iOS";
			productName = Dayol;
			productReference = DA4899E3257A08A6005E39ED /* DAYOL Beta.app */;
			productType = "com.apple.product-type.application";
		};
/* End PBXNativeTarget section */

/* Begin PBXProject section */
		DA4899DB257A08A6005E39ED /* Project object */ = {
			isa = PBXProject;
			attributes = {
				LastSwiftUpdateCheck = 1220;
				LastUpgradeCheck = 1220;
				TargetAttributes = {
					DA4899E2257A08A6005E39ED = {
						CreatedOnToolsVersion = 12.2;
					};
				};
			};
			buildConfigurationList = DA4899DE257A08A6005E39ED /* Build configuration list for PBXProject "Dayol-iOS" */;
			compatibilityVersion = "Xcode 9.3";
			developmentRegion = en;
			hasScannedForEncodings = 0;
			knownRegions = (
				en,
				Base,
				ko,
			);
			mainGroup = DA4899DA257A08A6005E39ED;
			productRefGroup = DA4899E4257A08A6005E39ED /* Products */;
			projectDirPath = "";
			projectRoot = "";
			targets = (
				DA4899E2257A08A6005E39ED /* Dayol-iOS */,
			);
		};
/* End PBXProject section */

/* Begin PBXResourcesBuildPhase section */
		DA4899E1257A08A6005E39ED /* Resources */ = {
			isa = PBXResourcesBuildPhase;
			buildActionMask = 2147483647;
			files = (
				34CA253A25A613220057404D /* Localizable.strings in Resources */,
				DA4899F3257A08A8005E39ED /* LaunchScreen.storyboard in Resources */,
				DACE3B232587BD1A0067467B /* DXRMbxStd-B.otf in Resources */,
				DA4899F0257A08A8005E39ED /* Assets.xcassets in Resources */,
				DAF18E8225B6FB21007ACFAC /* VolteW03Semibold.otf in Resources */,
				CEF135EF25811D130098BEC3 /* Common.xcassets in Resources */,
			);
			runOnlyForDeploymentPostprocessing = 0;
		};
/* End PBXResourcesBuildPhase section */

/* Begin PBXShellScriptBuildPhase section */
		2BFF8567F230B761710FA6CC /* [CP] Embed Pods Frameworks */ = {
			isa = PBXShellScriptBuildPhase;
			buildActionMask = 2147483647;
			files = (
			);
			inputFileListPaths = (
				"${PODS_ROOT}/Target Support Files/Pods-Dayol-iOS/Pods-Dayol-iOS-frameworks-${CONFIGURATION}-input-files.xcfilelist",
			);
			name = "[CP] Embed Pods Frameworks";
			outputFileListPaths = (
				"${PODS_ROOT}/Target Support Files/Pods-Dayol-iOS/Pods-Dayol-iOS-frameworks-${CONFIGURATION}-output-files.xcfilelist",
			);
			runOnlyForDeploymentPostprocessing = 0;
			shellPath = /bin/sh;
			shellScript = "\"${PODS_ROOT}/Target Support Files/Pods-Dayol-iOS/Pods-Dayol-iOS-frameworks.sh\"\n";
			showEnvVarsInLog = 0;
		};
		EF634B6C55F174AA3DD90320 /* [CP] Check Pods Manifest.lock */ = {
			isa = PBXShellScriptBuildPhase;
			buildActionMask = 2147483647;
			files = (
			);
			inputFileListPaths = (
			);
			inputPaths = (
				"${PODS_PODFILE_DIR_PATH}/Podfile.lock",
				"${PODS_ROOT}/Manifest.lock",
			);
			name = "[CP] Check Pods Manifest.lock";
			outputFileListPaths = (
			);
			outputPaths = (
				"$(DERIVED_FILE_DIR)/Pods-Dayol-iOS-checkManifestLockResult.txt",
			);
			runOnlyForDeploymentPostprocessing = 0;
			shellPath = /bin/sh;
			shellScript = "diff \"${PODS_PODFILE_DIR_PATH}/Podfile.lock\" \"${PODS_ROOT}/Manifest.lock\" > /dev/null\nif [ $? != 0 ] ; then\n    # print error to STDERR\n    echo \"error: The sandbox is not in sync with the Podfile.lock. Run 'pod install' or update your CocoaPods installation.\" >&2\n    exit 1\nfi\n# This output is used by Xcode 'outputs' to avoid re-running this script phase.\necho \"SUCCESS\" > \"${SCRIPT_OUTPUT_FILE_0}\"\n";
			showEnvVarsInLog = 0;
		};
/* End PBXShellScriptBuildPhase section */

/* Begin PBXSourcesBuildPhase section */
		DA4899DF257A08A6005E39ED /* Sources */ = {
			isa = PBXSourcesBuildPhase;
			buildActionMask = 2147483647;
			files = (
				CE8DCADF258D28F4007738EA /* FavoriteViewController.swift in Sources */,
				DA9A87392610AA3800ABCD07 /* DYStickerSizeStretchableView.swift in Sources */,
				DAC04CCA25920C16003A7BC8 /* DiaryCoverView.swift in Sources */,
				DADD09FB25A33674004D6CF0 /* DiaryEditCoverView.swift in Sources */,
				3452670C25DD644B00EC6F9D /* DataBackupViewModel.swift in Sources */,
				DAD66751259F44D300E8F59A /* DYNavigationDrawingToolbar.swift in Sources */,
				340E56B325C85B5F007F2EF7 /* AddPaperHeaderView.swift in Sources */,
				DAD66751259F44D300E8F59A /* DYNavigationDrawingToolbar.swift in Sources */,
				DAEF76B225F90D6E007CAA93 /* DiaryPaperViewerViewController+UIPageViewController.swift in Sources */,
				DADD0AD425AF24FC004D6CF0 /* DYStickerView.swift in Sources */,
				DAD6674E259C8C5B00E8F59A /* DYNavigationEditableTitle.swift in Sources */,
				34CA254C25A619B20057404D /* SettingsModel.swift in Sources */,
				34A2EDCC25B86210008DB98D /* PaperViewModel.swift in Sources */,
				34CA255425A61DD10057404D /* NSObject+Extension.swift in Sources */,
				34A2EDC525B85EDA008DB98D /* MujiPaper.swift in Sources */,
				DA27AC6625C81D2700C71CDE /* WeeklyCalendarView.swift in Sources */,
				CE8DCAEC258D292A007738EA /* UIColor+Extension.swift in Sources */,
				DADD0A2025A72A6A004D6CF0 /* DiaryPaperEmptyView.swift in Sources */,
				340E56BC25C9748D007F2EF7 /* PaperListContentView.swift in Sources */,
				3452671025DD64AE00EC6F9D /* DataBackupCloudContentView.swift in Sources */,
				CEF135F225811DE30098BEC3 /* Assets.swift in Sources */,
				3416445325D8C0A900A81FD2 /* DeletedPageListView.swift in Sources */,
				DAEB92DE2596F72E00FA5551 /* DifferentEdgeSettableView.swift in Sources */,
				DAD489F326026A41008B542E /* StickerContentView.swift in Sources */,
				3452671325DD66F400EC6F9D /* DataBackupExportContentView.swift in Sources */,
				DA27AC7525D16E6800C71CDE /* DiaryEditViewModel.swift in Sources */,
				3434B76B25A4797B00506152 /* DYModalViewController.swift in Sources */,
				DADD0A0125A34ED6004D6CF0 /* DiaryCoverColor.swift in Sources */,
				3449D2D325AF23AE0050C02A /* AddPaperCell.swift in Sources */,
				34BB086226135E030000377E /* EraseOptionButton.swift in Sources */,
				DAC04CCE25920C25003A7BC8 /* DiaryLockerView.swift in Sources */,
				CE8DCC97259101B6007738EA /* DeviceInfo.swift in Sources */,
				3446621125C0480700656775 /* PaperPresentView.swift in Sources */,
				DAD48A2E260CD329008B542E /* StickerModalViewController.swift in Sources */,
				DA3836BC258F2F2A0029464C /* PasswordViewModel.swift in Sources */,
				DAD6674B259C891D00E8F59A /* DYNavigationTitle.swift in Sources */,
				3449D2C425ADDB510050C02A /* AddPaperContentViewModel.swift in Sources */,
				34A2EDCF25B87953008DB98D /* GridPaper.swift in Sources */,
				34CA254F25A61BBE0057404D /* InAppSettingCell.swift in Sources */,
				340E56C025C975DE007F2EF7 /* PaperListContentViewModel.swift in Sources */,
				3416445725D8C20600A81FD2 /* DeletedPageViewModel.swift in Sources */,
				34CA254225A613CE0057404D /* String+Extension.swift in Sources */,
				DA81DF4625BEE5A400A4B2CE /* MonthlyCalendarHeaderView.swift in Sources */,
				CE8DCAE4258D28F4007738EA /* HomeTabBarButton.swift in Sources */,
				DAD48A29260CCAEC008B542E /* DiaryPaperEditViewModel.swift in Sources */,
				34A2EDC225B856D1008DB98D /* PaperModel.swift in Sources */,
				DAD48A36260CD563008B542E /* StickerModalCollectionView.swift in Sources */,
				34AD5A8425C9A87600D9E29C /* PaperListAddCell.swift in Sources */,
				34BB085626120C2F0000377E /* DiaryEditViewController+ToolBar.swift in Sources */,
				CEB9EE422583C94E005B66C9 /* DayolAlertViewController.swift in Sources */,
				34A2EDD425B88DB0008DB98D /* BasePaper.swift in Sources */,
				CE8DCAE2258D28F4007738EA /* HomeTabBarView.swift in Sources */,
				34CA255E25A761060057404D /* OutAppSettingCell.swift in Sources */,
				CE8DCAE3258D28F4007738EA /* HomeEmptyView.swift in Sources */,
				CE8DCAEB258D292A007738EA /* UIFont+Extension.swift in Sources */,
				DAD48A26260CC943008B542E /* DiaryPaperViewModel.swift in Sources */,
				DAC04CC62592036F003A7BC8 /* DairyView.swift in Sources */,
				DA81DF4B25BEE5B600A4B2CE /* MonthlyCalendarCollectionView.swift in Sources */,
				CE8DCC912590E890007738EA /* DiaryListViewController+CollectionView.swift in Sources */,
				DAD66738259B570800E8F59A /* DYNavigationController.swift in Sources */,
				34A2EDC825B86082008DB98D /* DailyPaper.swift in Sources */,
				DA27AC5E25C81CB900C71CDE /* WeeklyCalendarHeaderView.swift in Sources */,
				3452670725DD63AF00EC6F9D /* DataBackupView.swift in Sources */,
				3449D2DB25B0B9630050C02A /* AddPaperHeaderReusableView.swift in Sources */,
				CE8DCB16258FA5FD007738EA /* DiaryCoverModel.swift in Sources */,
				DA9A87362610A9FB00ABCD07 /* DYStickerHeightStretchableView.swift in Sources */,
				340E56A125C2DC73007F2EF7 /* DYToastView.swift in Sources */,
				3449D2CA25ADF6520050C02A /* AddPaperModel.swift in Sources */,
				DAD48A23260C9DF8008B542E /* DiaryPaperEditViewController.swift in Sources */,
				DA81DF3B25BEE49A00A4B2CE /* MonthlyCalendarView.swift in Sources */,
				3416446225D96C3100A81FD2 /* DeletedPageCell.swift in Sources */,
				CE06035B25890B1700FBBEF0 /* DayolAlertAction.swift in Sources */,
				DAD6675425A18BAE00E8F59A /* DYNavigationFunctionToolBar.swift in Sources */,
				CE8DCAEA258D292A007738EA /* NSAttributedString+Extension.swift in Sources */,
				DAD66734259B551600E8F59A /* DiaryEditViewController.swift in Sources */,
				34CA254625A6190D0057404D /* SettingsViewController.swift in Sources */,
				DA27AC7B25D1751A00C71CDE /* DYTestData.swift in Sources */,
				CE8DCAE0258D28F4007738EA /* DiaryListViewController.swift in Sources */,
				DAF18EA825B70FFD007ACFAC /* MonthlyCalendarViewModel.swift in Sources */,
				CE8DCB2D258FB1A0007738EA /* DiaryListViewController+bind.swift in Sources */,
				340E56A425C2E2A7007F2EF7 /* UIView+Extension.swift in Sources */,
				34C7B36F26197C4600BC6A28 /* TextStyleViewModel.swift in Sources */,
				DADD09FE25A33695004D6CF0 /* DiaryEditColorPaletteView.swift in Sources */,
				34A11A4725ADC3CA00678F98 /* PaperModalViewController.swift in Sources */,
				346779C425B47C6F001427F8 /* DiaryEditViewController+PhotoPicker.swift in Sources */,
				34C7B37926199DA600BC6A28 /* TextStyleTextSizeOptionView.swift in Sources */,
				DA27AC6A25C8288B00C71CDE /* WeeklyCalendarViewCell.swift in Sources */,
				34C7B3822619EA9200BC6A28 /* TextStyleLineSpaceOptionView.swift in Sources */,
				34B6C14125BDB28400C2596F /* DYKeyboardInputAccessoryView.swift in Sources */,
				DAE29CEB2584F2100028010B /* PasswordViewController.swift in Sources */,
				34C7B3752619819D00BC6A28 /* TextStyleFontView.swift in Sources */,
				34CA255825A74A7A0057404D /* SettingsViewModel.swift in Sources */,
				DA4899E7257A08A6005E39ED /* AppDelegate.swift in Sources */,
				CE0603542588EDB600FBBEF0 /* PopupPresentDelegate.swift in Sources */,
				340E56B825C8684A007F2EF7 /* PaperListHeaderView.swift in Sources */,
				34A11A4B25ADC8F700678F98 /* UnderLineButton.swift in Sources */,
				DA311427260CE2FC002F99F7 /* StickerModalHeaderViewCell.swift in Sources */,
				DACE3B19258792180067467B /* PasswordTitleView.swift in Sources */,
				DACE3B142587868B0067467B /* PasswordButtonsView.swift in Sources */,
				34733DC125D189F500C3A997 /* DetailSettingsViewController.swift in Sources */,
				DADD09F725A335C2004D6CF0 /* DiaryEditToggleView.swift in Sources */,
				DAEF76A425F66EE7007CAA93 /* DiaryPaperViewerViewModel.swift in Sources */,
				DADD0A1925A72907004D6CF0 /* DiaryPaperViewerViewController.swift in Sources */,
				DAD66746259C691300E8F59A /* DYNavigationItemCreator.swift in Sources */,
				DACE3B202587AEB90067467B /* PasswordButton.swift in Sources */,
				34788856261E0B4B00692ED7 /* LassoInfoView.swift in Sources */,
				3446621F25C1A07A00656775 /* CornellPaper.swift in Sources */,
				CE8DCC942590ECE8007738EA /* DiaryListCell.swift in Sources */,
				CE8DCB11258FA502007738EA /* DiaryListViewModel.swift in Sources */,
				DAF18E9425B70C26007ACFAC /* Date+Calendar.swift in Sources */,
				DAEF76BC25F90ED6007CAA93 /* DiaryPaperViewController.swift in Sources */,
				34BB085E2612178F0000377E /* EraseSettingView.swift in Sources */,
				3449D2D725AF24DA0050C02A /* AddPaperContentView+UICollectionView.swift in Sources */,
				34AD5A7725C97C3F00D9E29C /* PaperListContentView+CollectionView.swift in Sources */,
				34C7B3722619818F00BC6A28 /* TextStyleOptionView.swift in Sources */,
				340E56AA25C831E2007F2EF7 /* InfoView.swift in Sources */,
				CE8DCB25258FAE72007738EA /* Array+extension.swift in Sources */,
				DA27AC5B25C6D6D400C71CDE /* WeeklyCalendarViewModel.swift in Sources */,
				3416448925DC05A900A81FD2 /* FourPaper.swift in Sources */,
				CE8DCAE1258D28F4007738EA /* HomeViewController.swift in Sources */,
				DAD489EF26026A33008B542E /* DrawingContentView.swift in Sources */,
				DA9A872F2610A93200ABCD07 /* DYStickerBaseView.swift in Sources */,
				DA9A87322610A98100ABCD07 /* DYStickerWidthStretchableView.swift in Sources */,
				34CA255B25A75A340057404D /* SettingCellProtocol.swift in Sources */,
				3416447F25DAB62100A81FD2 /* CALayer+Extension.swift in Sources */,
				DAD48A33260CD551008B542E /* StickerModalHeaderView.swift in Sources */,
				DA31142B260CE313002F99F7 /* StickerModalCollectionViewCell.swift in Sources */,
				DACE3B1C25879EE20067467B /* PasswordDisplayedView.swift in Sources */,
				DAEF76A725F66F15007CAA93 /* DiaryPaperViewerModel.swift in Sources */,
				3434B76F25A479D800506152 /* DYModalConfiguration.swift in Sources */,
				DADD0A0525A35445004D6CF0 /* DiaryEditColorPaletteCell.swift in Sources */,
				34AD5A7A25C97D0900D9E29C /* PaperListCell.swift in Sources */,
				34C7B3692619763300BC6A28 /* TextStyleView.swift in Sources */,
				DA1D67DD25C064CC004AEB0E /* MonthlyCalendarViewDayCell.swift in Sources */,
				34C7B36C2619765500BC6A28 /* TextStyleModel.swift in Sources */,
				34A11A4F25ADC93300678F98 /* AddPaperContentView.swift in Sources */,
				34C7B37E2619E2C800BC6A28 /* TextStyleAdditionalOptionView.swift in Sources */,
			);
			runOnlyForDeploymentPostprocessing = 0;
		};
/* End PBXSourcesBuildPhase section */

/* Begin PBXVariantGroup section */
		34CA253C25A613220057404D /* Localizable.strings */ = {
			isa = PBXVariantGroup;
			children = (
				34CA253B25A613220057404D /* en */,
				34CA253F25A613540057404D /* ko */,
			);
			name = Localizable.strings;
			sourceTree = "<group>";
		};
		DA4899F1257A08A8005E39ED /* LaunchScreen.storyboard */ = {
			isa = PBXVariantGroup;
			children = (
				DA4899F2257A08A8005E39ED /* Base */,
				34CA253E25A613540057404D /* ko */,
			);
			name = LaunchScreen.storyboard;
			sourceTree = "<group>";
		};
/* End PBXVariantGroup section */

/* Begin XCBuildConfiguration section */
		DA4899F5257A08A8005E39ED /* Debug */ = {
			isa = XCBuildConfiguration;
			buildSettings = {
				ALWAYS_SEARCH_USER_PATHS = NO;
				CLANG_ANALYZER_LOCALIZABILITY_NONLOCALIZED = YES;
				CLANG_ANALYZER_NONNULL = YES;
				CLANG_ANALYZER_NUMBER_OBJECT_CONVERSION = YES_AGGRESSIVE;
				CLANG_CXX_LANGUAGE_STANDARD = "gnu++14";
				CLANG_CXX_LIBRARY = "libc++";
				CLANG_ENABLE_MODULES = YES;
				CLANG_ENABLE_OBJC_ARC = YES;
				CLANG_ENABLE_OBJC_WEAK = YES;
				CLANG_WARN_BLOCK_CAPTURE_AUTORELEASING = YES;
				CLANG_WARN_BOOL_CONVERSION = YES;
				CLANG_WARN_COMMA = YES;
				CLANG_WARN_CONSTANT_CONVERSION = YES;
				CLANG_WARN_DEPRECATED_OBJC_IMPLEMENTATIONS = YES;
				CLANG_WARN_DIRECT_OBJC_ISA_USAGE = YES_ERROR;
				CLANG_WARN_DOCUMENTATION_COMMENTS = YES;
				CLANG_WARN_EMPTY_BODY = YES;
				CLANG_WARN_ENUM_CONVERSION = YES;
				CLANG_WARN_INFINITE_RECURSION = YES;
				CLANG_WARN_INT_CONVERSION = YES;
				CLANG_WARN_NON_LITERAL_NULL_CONVERSION = YES;
				CLANG_WARN_OBJC_IMPLICIT_RETAIN_SELF = YES;
				CLANG_WARN_OBJC_LITERAL_CONVERSION = YES;
				CLANG_WARN_OBJC_ROOT_CLASS = YES_ERROR;
				CLANG_WARN_QUOTED_INCLUDE_IN_FRAMEWORK_HEADER = YES;
				CLANG_WARN_RANGE_LOOP_ANALYSIS = YES;
				CLANG_WARN_STRICT_PROTOTYPES = YES;
				CLANG_WARN_SUSPICIOUS_MOVE = YES;
				CLANG_WARN_UNGUARDED_AVAILABILITY = YES_AGGRESSIVE;
				CLANG_WARN_UNREACHABLE_CODE = YES;
				CLANG_WARN__DUPLICATE_METHOD_MATCH = YES;
				COPY_PHASE_STRIP = NO;
				DEBUG_INFORMATION_FORMAT = dwarf;
				ENABLE_STRICT_OBJC_MSGSEND = YES;
				ENABLE_TESTABILITY = YES;
				GCC_C_LANGUAGE_STANDARD = gnu11;
				GCC_DYNAMIC_NO_PIC = NO;
				GCC_NO_COMMON_BLOCKS = YES;
				GCC_OPTIMIZATION_LEVEL = 0;
				GCC_PREPROCESSOR_DEFINITIONS = (
					"DEBUG=1",
					"$(inherited)",
				);
				GCC_WARN_64_TO_32_BIT_CONVERSION = YES;
				GCC_WARN_ABOUT_RETURN_TYPE = YES_ERROR;
				GCC_WARN_UNDECLARED_SELECTOR = YES;
				GCC_WARN_UNINITIALIZED_AUTOS = YES_AGGRESSIVE;
				GCC_WARN_UNUSED_FUNCTION = YES;
				GCC_WARN_UNUSED_VARIABLE = YES;
				IPHONEOS_DEPLOYMENT_TARGET = 13.0;
				MTL_ENABLE_DEBUG_INFO = INCLUDE_SOURCE;
				MTL_FAST_MATH = YES;
				ONLY_ACTIVE_ARCH = YES;
				SDKROOT = iphoneos;
				SWIFT_ACTIVE_COMPILATION_CONDITIONS = DEBUG;
				SWIFT_OPTIMIZATION_LEVEL = "-Onone";
			};
			name = Debug;
		};
		DA4899F6257A08A8005E39ED /* Release */ = {
			isa = XCBuildConfiguration;
			buildSettings = {
				ALWAYS_SEARCH_USER_PATHS = NO;
				CLANG_ANALYZER_LOCALIZABILITY_NONLOCALIZED = YES;
				CLANG_ANALYZER_NONNULL = YES;
				CLANG_ANALYZER_NUMBER_OBJECT_CONVERSION = YES_AGGRESSIVE;
				CLANG_CXX_LANGUAGE_STANDARD = "gnu++14";
				CLANG_CXX_LIBRARY = "libc++";
				CLANG_ENABLE_MODULES = YES;
				CLANG_ENABLE_OBJC_ARC = YES;
				CLANG_ENABLE_OBJC_WEAK = YES;
				CLANG_WARN_BLOCK_CAPTURE_AUTORELEASING = YES;
				CLANG_WARN_BOOL_CONVERSION = YES;
				CLANG_WARN_COMMA = YES;
				CLANG_WARN_CONSTANT_CONVERSION = YES;
				CLANG_WARN_DEPRECATED_OBJC_IMPLEMENTATIONS = YES;
				CLANG_WARN_DIRECT_OBJC_ISA_USAGE = YES_ERROR;
				CLANG_WARN_DOCUMENTATION_COMMENTS = YES;
				CLANG_WARN_EMPTY_BODY = YES;
				CLANG_WARN_ENUM_CONVERSION = YES;
				CLANG_WARN_INFINITE_RECURSION = YES;
				CLANG_WARN_INT_CONVERSION = YES;
				CLANG_WARN_NON_LITERAL_NULL_CONVERSION = YES;
				CLANG_WARN_OBJC_IMPLICIT_RETAIN_SELF = YES;
				CLANG_WARN_OBJC_LITERAL_CONVERSION = YES;
				CLANG_WARN_OBJC_ROOT_CLASS = YES_ERROR;
				CLANG_WARN_QUOTED_INCLUDE_IN_FRAMEWORK_HEADER = YES;
				CLANG_WARN_RANGE_LOOP_ANALYSIS = YES;
				CLANG_WARN_STRICT_PROTOTYPES = YES;
				CLANG_WARN_SUSPICIOUS_MOVE = YES;
				CLANG_WARN_UNGUARDED_AVAILABILITY = YES_AGGRESSIVE;
				CLANG_WARN_UNREACHABLE_CODE = YES;
				CLANG_WARN__DUPLICATE_METHOD_MATCH = YES;
				COPY_PHASE_STRIP = NO;
				DEBUG_INFORMATION_FORMAT = "dwarf-with-dsym";
				ENABLE_NS_ASSERTIONS = NO;
				ENABLE_STRICT_OBJC_MSGSEND = YES;
				GCC_C_LANGUAGE_STANDARD = gnu11;
				GCC_NO_COMMON_BLOCKS = YES;
				GCC_WARN_64_TO_32_BIT_CONVERSION = YES;
				GCC_WARN_ABOUT_RETURN_TYPE = YES_ERROR;
				GCC_WARN_UNDECLARED_SELECTOR = YES;
				GCC_WARN_UNINITIALIZED_AUTOS = YES_AGGRESSIVE;
				GCC_WARN_UNUSED_FUNCTION = YES;
				GCC_WARN_UNUSED_VARIABLE = YES;
				IPHONEOS_DEPLOYMENT_TARGET = 13.0;
				MTL_ENABLE_DEBUG_INFO = NO;
				MTL_FAST_MATH = YES;
				SDKROOT = iphoneos;
				SWIFT_COMPILATION_MODE = wholemodule;
				SWIFT_OPTIMIZATION_LEVEL = "-O";
				VALIDATE_PRODUCT = YES;
			};
			name = Release;
		};
		DA4899F8257A08A8005E39ED /* Debug */ = {
			isa = XCBuildConfiguration;
			baseConfigurationReference = 2D2405592E98948CDE582F1F /* Pods-Dayol-iOS.debug.xcconfig */;
			buildSettings = {
				ASSETCATALOG_COMPILER_APPICON_NAME = AppIcon;
				ASSETCATALOG_COMPILER_GLOBAL_ACCENT_COLOR_NAME = AccentColor;
				CODE_SIGN_STYLE = Automatic;
				DAYOL_Bundle_Identifier = com.dayolstudio.Dayol.beta;
				DAYOL_Name = "DAYOL Beta\n";
				DEBUG_INFORMATION_FORMAT = "dwarf-with-dsym";
				DEVELOPMENT_TEAM = 9X869773GM;
				ENABLE_BITCODE = NO;
				INFOPLIST_FILE = "Dayol-iOS/Info.plist";
				LD_RUNPATH_SEARCH_PATHS = (
					"$(inherited)",
					"@executable_path/Frameworks",
				);
				PRODUCT_BUNDLE_IDENTIFIER = com.dayolstudio.Dayol.beta;
				PRODUCT_NAME = "DAYOL Beta";
				SWIFT_VERSION = 5.0;
				TARGETED_DEVICE_FAMILY = "1,2";
				VERSIONING_SYSTEM = "apple-generic";
			};
			name = Debug;
		};
		DA4899F9257A08A8005E39ED /* Release */ = {
			isa = XCBuildConfiguration;
			baseConfigurationReference = 972D81BFA99D271110503E85 /* Pods-Dayol-iOS.release.xcconfig */;
			buildSettings = {
				ASSETCATALOG_COMPILER_APPICON_NAME = AppIcon;
				ASSETCATALOG_COMPILER_GLOBAL_ACCENT_COLOR_NAME = AccentColor;
				CODE_SIGN_STYLE = Automatic;
				DAYOL_Bundle_Identifier = com.dayolstudio.Dayol;
				DAYOL_Name = DAYOL;
				DEBUG_INFORMATION_FORMAT = "dwarf-with-dsym";
				ENABLE_BITCODE = NO;
				INFOPLIST_FILE = "Dayol-iOS/Info.plist";
				LD_RUNPATH_SEARCH_PATHS = (
					"$(inherited)",
					"@executable_path/Frameworks",
				);
				PRODUCT_BUNDLE_IDENTIFIER = com.dayolstudio.Dayol;
				PRODUCT_NAME = DAYOL;
				SWIFT_VERSION = 5.0;
				TARGETED_DEVICE_FAMILY = "1,2";
				VERSIONING_SYSTEM = "apple-generic";
			};
			name = Release;
		};
/* End XCBuildConfiguration section */

/* Begin XCConfigurationList section */
		DA4899DE257A08A6005E39ED /* Build configuration list for PBXProject "Dayol-iOS" */ = {
			isa = XCConfigurationList;
			buildConfigurations = (
				DA4899F5257A08A8005E39ED /* Debug */,
				DA4899F6257A08A8005E39ED /* Release */,
			);
			defaultConfigurationIsVisible = 0;
			defaultConfigurationName = Release;
		};
		DA4899F7257A08A8005E39ED /* Build configuration list for PBXNativeTarget "Dayol-iOS" */ = {
			isa = XCConfigurationList;
			buildConfigurations = (
				DA4899F8257A08A8005E39ED /* Debug */,
				DA4899F9257A08A8005E39ED /* Release */,
			);
			defaultConfigurationIsVisible = 0;
			defaultConfigurationName = Release;
		};
/* End XCConfigurationList section */
	};
	rootObject = DA4899DB257A08A6005E39ED /* Project object */;
}
